{
  "version": 4,
  "terraform_version": "1.10.0",
  "serial": 393,
  "lineage": "d8907bee-52ae-534e-3c25-320366a06dea",
  "outputs": {
    "api_service_irsa_role_arn": {
      "value": "arn:aws:iam::962765734677:role/eks-gitops-platform-api-service",
      "type": "string"
    },
    "cluster_certificate_authority_data": {
      "value": "LS0tLS1CRUdJTiBDRVJUSUZJQ0FURS0tLS0tCk1JSURCVENDQWUyZ0F3SUJBZ0lJYnd4R3hOWDcyWFF3RFFZSktvWklodmNOQVFFTEJRQXdGVEVUTUJFR0ExVUUKQXhNS2EzVmlaWEp1WlhSbGN6QWVGdzB5TmpBME16QXdOVFF4TWpsYUZ3MHpOakEwTWpjd05UUTJNamxhTUJVeApFekFSQmdOVkJBTVRDbXQxWW1WeWJtVjBaWE13Z2dFaU1BMEdDU3FHU0liM0RRRUJBUVVBQTRJQkR3QXdnZ0VLCkFvSUJBUURCSUNyYVFUUnQybGhGTEI2ZlBkWStHeEZmeTgwVzdkQm93U29OTDk1dTVvWWxnN1M3ak5waFVwT20Kd01JSTFuUjFIUHZ1Ym01c3VmOTB5NnJPaS9YakcwMktZMC82alhRdHJ2Y1k0NExmTUszSEhqTmJtMmZPR3QwUApPd0FwLzdBQUQzc3MzUHp4U3BpVGI0MldOL091cmU3WXJOTVRyMk5EdlY2aXQrVHRrOFM0RGlxOUpMd1dtZ052CllXQU5oMEljeDB4U0VGRVdXTzRiT0tNNWh1LzBhdGRrSDhqZytiQlh1OVQrSGE0YlBLcDAzWjRUdllzeitaaEEKa3JUWUVQRXdVd2F0N2FCemJWZUhjN1prS2FldHhaaDBFV1V2U2RBWVFaZnJjKzIyOXdpcWQ1TXArR1I1UU04TwoyNjM4S2w4eVloa1pBSFJySldYeEJmSmgzK29mQWdNQkFBR2pXVEJYTUE0R0ExVWREd0VCL3dRRUF3SUNwREFQCkJnTlZIUk1CQWY4RUJUQURBUUgvTUIwR0ExVWREZ1FXQkJUUmNtWEJycFU5U2hUS2hWdVlmZTZ3NFk1ZE56QVYKQmdOVkhSRUVEakFNZ2dwcmRXSmxjbTVsZEdWek1BMEdDU3FHU0liM0RRRUJDd1VBQTRJQkFRQk5wWmI4elF5awo4Tm80VHNnV0J5V20xeVhXOHdpa3p5RE9nYnZGVzlFVWRWNTJOczVoYThGaW5QQnhaWENCM1o4U2FERStUTlcwCjE0V1cyUmMvM0dwRFhzdjczZjc3eG14eXZ6OGRLK3poaXV5ZDRRakp3L3VBUEp5U2FQeFhUWDdlUU1Ua20rSDEKbDFQbkZVMkpEcExyQzVNT3VRbEJ5dldNVklKdE13eUZQSGdXMHpWSkpFSkZERlhJLy80NUNXNnZCd3dCVDRxbwp0bFo1WHNEOUtSQmNCTEdUMjJ4TzNXNzdIQkVxOCtWTnRqdGxyWGYzOFp1WlJ2OU1YSHp0MXcvNFN6VzN0ODIzCmR1OUhsVjJmTVYwMjhkKzZ4NlFzSG8wRXhjelNaMUZ4Ynlvd0FRQmxmdUVjVGxyUmI0NHcvbVlEa09yS3ZTREoKS3VXOE11dkE2akZOCi0tLS0tRU5EIENFUlRJRklDQVRFLS0tLS0K",
      "type": "string",
      "sensitive": true
    },
    "cluster_endpoint": {
      "value": "https://0E3DE1EE9358A89189759D9F4C041D42.gr7.us-east-1.eks.amazonaws.com",
      "type": "string",
      "sensitive": true
    },
    "cluster_name": {
      "value": "eks-gitops-platform",
      "type": "string"
    },
    "cluster_oidc_issuer_url": {
      "value": "https://oidc.eks.us-east-1.amazonaws.com/id/0E3DE1EE9358A89189759D9F4C041D42",
      "type": "string"
    },
    "configure_kubectl": {
      "value": "aws eks update-kubeconfig --region us-east-1 --name eks-gitops-platform",
      "type": "string"
    },
    "dynamodb_table_name": {
      "value": "order-storage-table",
      "type": "string"
    },
    "ecr_api_service_url": {
      "value": "962765734677.dkr.ecr.us-east-1.amazonaws.com/eks-gitops/api-service",
      "type": "string"
    },
    "ecr_push_role_arn": {
      "value": "arn:aws:iam::962765734677:role/github-actions-eks-gitops",
      "type": "string"
    },
    "ecr_worker_service_url": {
      "value": "962765734677.dkr.ecr.us-east-1.amazonaws.com/eks-gitops/worker-service",
      "type": "string"
    },
    "oidc_provider_arn": {
      "value": "arn:aws:iam::962765734677:oidc-provider/oidc.eks.us-east-1.amazonaws.com/id/0E3DE1EE9358A89189759D9F4C041D42",
      "type": "string"
    },
    "private_subnet_ids": {
      "value": [
        "subnet-0bf826c6f391c2d83",
        "subnet-0ac0ff3b820ea423b",
        "subnet-03cce689a7da348f5"
      ],
      "type": [
        "tuple",
        [
          "string",
          "string",
          "string"
        ]
      ]
    },
    "public_subnet_ids": {
      "value": [
        "subnet-03dc9931f39eb678b",
        "subnet-02296bfc02d7c9d8b",
        "subnet-016a206c0cf23b3b4"
      ],
      "type": [
        "tuple",
        [
          "string",
          "string",
          "string"
        ]
      ]
    },
    "sqs_queue_arn": {
      "value": "arn:aws:sqs:us-east-1:962765734677:order-processing-queue",
      "type": "string"
    },
    "sqs_queue_url": {
      "value": "https://sqs.us-east-1.amazonaws.com/962765734677/order-processing-queue",
      "type": "string"
    },
    "terraform_role_arn": {
      "value": "arn:aws:iam::962765734677:role/github-actions-terraform",
      "type": "string"
    },
    "vpc_id": {
      "value": "vpc-04ac29ba194629fa3",
      "type": "string"
    },
    "worker_service_irsa_role_arn": {
      "value": "arn:aws:iam::962765734677:role/eks-gitops-platform-worker-service",
      "type": "string"
    }
  },
  "resources": [
    {
      "mode": "data",
      "type": "aws_availability_zones",
      "name": "available",
      "provider": "provider[\"registry.terraform.io/hashicorp/aws\"]",
      "instances": [
        {
          "schema_version": 0,
          "attributes": {
            "all_availability_zones": null,
            "exclude_names": null,
            "exclude_zone_ids": null,
            "filter": null,
            "group_names": [
              "us-east-1-zg-1"
            ],
            "id": "us-east-1",
            "names": [
              "us-east-1a",
              "us-east-1b",
              "us-east-1c",
              "us-east-1d",
              "us-east-1e",
              "us-east-1f"
            ],
            "state": "available",
            "timeouts": null,
            "zone_ids": [
              "use1-az1",
              "use1-az2",
              "use1-az4",
              "use1-az6",
              "use1-az3",
              "use1-az5"
            ]
          },
          "sensitive_attributes": []
        }
      ]
    },
    {
      "mode": "data",
      "type": "aws_caller_identity",
      "name": "current",
      "provider": "provider[\"registry.terraform.io/hashicorp/aws\"]",
      "instances": [
        {
          "schema_version": 0,
          "attributes": {
            "account_id": "962765734677",
            "arn": "arn:aws:iam::962765734677:user/terraform-deployer",
            "id": "962765734677",
            "user_id": "AIDA6AKKPIMK74WYU4GFB"
          },
          "sensitive_attributes": []
        }
      ]
    },
    {
      "mode": "data",
      "type": "aws_eks_cluster_auth",
      "name": "this",
      "provider": "provider[\"registry.terraform.io/hashicorp/aws\"]",
      "instances": [
        {
          "schema_version": 0,
          "attributes": {
            "id": "eks-gitops-platform",
            "name": "eks-gitops-platform",
            "token": "k8s-aws-v1.aHR0cHM6Ly9zdHMudXMtZWFzdC0xLmFtYXpvbmF3cy5jb20vP0FjdGlvbj1HZXRDYWxsZXJJZGVudGl0eSZWZXJzaW9uPTIwMTEtMDYtMTUmWC1BbXotQWxnb3JpdGhtPUFXUzQtSE1BQy1TSEEyNTYmWC1BbXotQ3JlZGVudGlhbD1BS0lBNkFLS1BJTUtTS0tYWlY2QiUyRjIwMjYwNTA3JTJGdXMtZWFzdC0xJTJGc3RzJTJGYXdzNF9yZXF1ZXN0JlgtQW16LURhdGU9MjAyNjA1MDdUMDg1OTIyWiZYLUFtei1FeHBpcmVzPTAmWC1BbXotU2lnbmVkSGVhZGVycz1ob3N0JTNCeC1rOHMtYXdzLWlkJlgtQW16LVNpZ25hdHVyZT01OTUzNGEyMWM0MWIyNWFiZGVhYmUzMDMwYjc3ZTUwYWM3ZjJmMzFhZGRlZTlmODUxMTYzMDU4NGU5MTE0ZmQ0"
          },
          "sensitive_attributes": [
            [
              {
                "type": "get_attr",
                "value": "token"
              }
            ]
          ]
        }
      ]
    },
    {
      "mode": "data",
      "type": "aws_iam_policy_document",
      "name": "ecr_push_assume",
      "provider": "provider[\"registry.terraform.io/hashicorp/aws\"]",
      "instances": [
        {
          "schema_version": 0,
          "attributes": {
            "id": "3483845108",
            "json": "{\n  \"Version\": \"2012-10-17\",\n  \"Statement\": [\n    {\n      \"Effect\": \"Allow\",\n      \"Action\": \"sts:AssumeRoleWithWebIdentity\",\n      \"Principal\": {\n        \"Federated\": \"arn:aws:iam::962765734677:oidc-provider/token.actions.githubusercontent.com\"\n      },\n      \"Condition\": {\n        \"StringEquals\": {\n          \"token.actions.githubusercontent.com:aud\": \"sts.amazonaws.com\",\n          \"token.actions.githubusercontent.com:sub\": \"repo:Lumbenlengo/eks-gitops-platform:ref:refs/heads/main\"\n        }\n      }\n    }\n  ]\n}",
            "minified_json": "{\"Version\":\"2012-10-17\",\"Statement\":[{\"Effect\":\"Allow\",\"Action\":\"sts:AssumeRoleWithWebIdentity\",\"Principal\":{\"Federated\":\"arn:aws:iam::962765734677:oidc-provider/token.actions.githubusercontent.com\"},\"Condition\":{\"StringEquals\":{\"token.actions.githubusercontent.com:aud\":\"sts.amazonaws.com\",\"token.actions.githubusercontent.com:sub\":\"repo:Lumbenlengo/eks-gitops-platform:ref:refs/heads/main\"}}}]}",
            "override_json": null,
            "override_policy_documents": null,
            "policy_id": null,
            "source_json": null,
            "source_policy_documents": null,
            "statement": [
              {
                "actions": [
                  "sts:AssumeRoleWithWebIdentity"
                ],
                "condition": [
                  {
                    "test": "StringEquals",
                    "values": [
                      "repo:Lumbenlengo/eks-gitops-platform:ref:refs/heads/main"
                    ],
                    "variable": "token.actions.githubusercontent.com:sub"
                  },
                  {
                    "test": "StringEquals",
                    "values": [
                      "sts.amazonaws.com"
                    ],
                    "variable": "token.actions.githubusercontent.com:aud"
                  }
                ],
                "effect": "Allow",
                "not_actions": [],
                "not_principals": [],
                "not_resources": [],
                "principals": [
                  {
                    "identifiers": [
                      "arn:aws:iam::962765734677:oidc-provider/token.actions.githubusercontent.com"
                    ],
                    "type": "Federated"
                  }
                ],
                "resources": [],
                "sid": ""
              }
            ],
            "version": "2012-10-17"
          },
          "sensitive_attributes": []
        }
      ]
    },
    {
      "mode": "data",
      "type": "aws_iam_policy_document",
      "name": "terraform_assume",
      "provider": "provider[\"registry.terraform.io/hashicorp/aws\"]",
      "instances": [
        {
          "schema_version": 0,
          "attributes": {
            "id": "4137104357",
            "json": "{\n  \"Version\": \"2012-10-17\",\n  \"Statement\": [\n    {\n      \"Effect\": \"Allow\",\n      \"Action\": \"sts:AssumeRoleWithWebIdentity\",\n      \"Principal\": {\n        \"Federated\": \"arn:aws:iam::962765734677:oidc-provider/token.actions.githubusercontent.com\"\n      },\n      \"Condition\": {\n        \"StringEquals\": {\n          \"token.actions.githubusercontent.com:aud\": \"sts.amazonaws.com\"\n        },\n        \"StringLike\": {\n          \"token.actions.githubusercontent.com:sub\": \"repo:Lumbenlengo/eks-gitops-platform:*\"\n        }\n      }\n    }\n  ]\n}",
            "minified_json": "{\"Version\":\"2012-10-17\",\"Statement\":[{\"Effect\":\"Allow\",\"Action\":\"sts:AssumeRoleWithWebIdentity\",\"Principal\":{\"Federated\":\"arn:aws:iam::962765734677:oidc-provider/token.actions.githubusercontent.com\"},\"Condition\":{\"StringEquals\":{\"token.actions.githubusercontent.com:aud\":\"sts.amazonaws.com\"},\"StringLike\":{\"token.actions.githubusercontent.com:sub\":\"repo:Lumbenlengo/eks-gitops-platform:*\"}}}]}",
            "override_json": null,
            "override_policy_documents": null,
            "policy_id": null,
            "source_json": null,
            "source_policy_documents": null,
            "statement": [
              {
                "actions": [
                  "sts:AssumeRoleWithWebIdentity"
                ],
                "condition": [
                  {
                    "test": "StringEquals",
                    "values": [
                      "sts.amazonaws.com"
                    ],
                    "variable": "token.actions.githubusercontent.com:aud"
                  },
                  {
                    "test": "StringLike",
                    "values": [
                      "repo:Lumbenlengo/eks-gitops-platform:*"
                    ],
                    "variable": "token.actions.githubusercontent.com:sub"
                  }
                ],
                "effect": "Allow",
                "not_actions": [],
                "not_principals": [],
                "not_resources": [],
                "principals": [
                  {
                    "identifiers": [
                      "arn:aws:iam::962765734677:oidc-provider/token.actions.githubusercontent.com"
                    ],
                    "type": "Federated"
                  }
                ],
                "resources": [],
                "sid": ""
              }
            ],
            "version": "2012-10-17"
          },
          "sensitive_attributes": []
        }
      ]
    },
    {
      "mode": "managed",
      "type": "aws_iam_openid_connect_provider",
      "name": "github",
      "provider": "provider[\"registry.terraform.io/hashicorp/aws\"]",
      "instances": [
        {
          "schema_version": 0,
          "attributes": {
            "arn": "arn:aws:iam::962765734677:oidc-provider/token.actions.githubusercontent.com",
            "client_id_list": [
              "sts.amazonaws.com"
            ],
            "id": "arn:aws:iam::962765734677:oidc-provider/token.actions.githubusercontent.com",
            "tags": {},
            "tags_all": {
              "Environment": "prod",
              "ManagedBy": "terraform",
              "Mission": "Retail-Order-Processor",
              "Owner": "Patricio-Lumbenlengo",
              "Project": "eks-gitops-platform"
            },
            "thumbprint_list": [
              "6938fd4d98bab03faadb97b34396831e3780aea1"
            ],
            "url": "token.actions.githubusercontent.com"
          },
          "sensitive_attributes": [],
          "private": "bnVsbA=="
        }
      ]
    },
    {
      "mode": "managed",
      "type": "aws_iam_role",
      "name": "github_ecr_push",
      "provider": "provider[\"registry.terraform.io/hashicorp/aws\"]",
      "instances": [
        {
          "schema_version": 0,
          "attributes": {
            "arn": "arn:aws:iam::962765734677:role/github-actions-eks-gitops",
            "assume_role_policy": "{\"Statement\":[{\"Action\":\"sts:AssumeRoleWithWebIdentity\",\"Condition\":{\"StringEquals\":{\"token.actions.githubusercontent.com:aud\":\"sts.amazonaws.com\",\"token.actions.githubusercontent.com:sub\":\"repo:Lumbenlengo/eks-gitops-platform:ref:refs/heads/main\"}},\"Effect\":\"Allow\",\"Principal\":{\"Federated\":\"arn:aws:iam::962765734677:oidc-provider/token.actions.githubusercontent.com\"}}],\"Version\":\"2012-10-17\"}",
            "create_date": "2026-05-07T08:48:06Z",
            "description": "",
            "force_detach_policies": false,
            "id": "github-actions-eks-gitops",
            "inline_policy": [
              {
                "name": "ecr-push-policy",
                "policy": "{\"Version\":\"2012-10-17\",\"Statement\":[{\"Action\":[\"ecr:GetAuthorizationToken\"],\"Effect\":\"Allow\",\"Resource\":\"*\",\"Sid\":\"ECRAuth\"},{\"Action\":[\"ecr:BatchCheckLayerAvailability\",\"ecr:CompleteLayerUpload\",\"ecr:InitiateLayerUpload\",\"ecr:PutImage\",\"ecr:UploadLayerPart\",\"ecr:DescribeImages\",\"ecr:DescribeRepositories\",\"ecr:BatchGetImage\"],\"Effect\":\"Allow\",\"Resource\":[\"arn:aws:ecr:us-east-1:*:repository/eks-gitops/*\"],\"Sid\":\"ECRPush\"}]}"
              }
            ],
            "managed_policy_arns": [],
            "max_session_duration": 3600,
            "name": "github-actions-eks-gitops",
            "name_prefix": "",
            "path": "/",
            "permissions_boundary": "",
            "tags": {},
            "tags_all": {
              "Environment": "prod",
              "ManagedBy": "terraform",
              "Mission": "Retail-Order-Processor",
              "Owner": "Patricio-Lumbenlengo",
              "Project": "eks-gitops-platform"
            },
            "unique_id": "AROA6AKKPIMKZL6WYDTET"
          },
          "sensitive_attributes": [],
          "private": "bnVsbA==",
          "dependencies": [
            "aws_iam_openid_connect_provider.github",
            "data.aws_iam_policy_document.ecr_push_assume"
          ]
        }
      ]
    },
    {
      "mode": "managed",
      "type": "aws_iam_role",
      "name": "github_terraform",
      "provider": "provider[\"registry.terraform.io/hashicorp/aws\"]",
      "instances": [
        {
          "schema_version": 0,
          "attributes": {
            "arn": "arn:aws:iam::962765734677:role/github-actions-terraform",
            "assume_role_policy": "{\"Statement\":[{\"Action\":\"sts:AssumeRoleWithWebIdentity\",\"Condition\":{\"StringEquals\":{\"token.actions.githubusercontent.com:aud\":\"sts.amazonaws.com\"},\"StringLike\":{\"token.actions.githubusercontent.com:sub\":\"repo:Lumbenlengo/eks-gitops-platform:*\"}},\"Effect\":\"Allow\",\"Principal\":{\"Federated\":\"arn:aws:iam::962765734677:oidc-provider/token.actions.githubusercontent.com\"}}],\"Version\":\"2012-10-17\"}",
            "create_date": "2026-05-07T08:48:06Z",
            "description": "",
            "force_detach_policies": false,
            "id": "github-actions-terraform",
            "inline_policy": [],
            "managed_policy_arns": [
              "arn:aws:iam::aws:policy/AdministratorAccess"
            ],
            "max_session_duration": 3600,
            "name": "github-actions-terraform",
            "name_prefix": "",
            "path": "/",
            "permissions_boundary": "",
            "tags": {},
            "tags_all": {
              "Environment": "prod",
              "ManagedBy": "terraform",
              "Mission": "Retail-Order-Processor",
              "Owner": "Patricio-Lumbenlengo",
              "Project": "eks-gitops-platform"
            },
            "unique_id": "AROA6AKKPIMKRBIH54UHB"
          },
          "sensitive_attributes": [],
          "private": "bnVsbA==",
          "dependencies": [
            "aws_iam_openid_connect_provider.github",
            "data.aws_iam_policy_document.terraform_assume"
          ]
        }
      ]
    },
    {
      "mode": "managed",
      "type": "aws_iam_role_policy",
      "name": "github_ecr_push",
      "provider": "provider[\"registry.terraform.io/hashicorp/aws\"]",
      "instances": [
        {
          "schema_version": 0,
          "attributes": {
            "id": "github-actions-eks-gitops:ecr-push-policy",
            "name": "ecr-push-policy",
            "name_prefix": "",
            "policy": "{\"Version\":\"2012-10-17\",\"Statement\":[{\"Action\":[\"ecr:GetAuthorizationToken\"],\"Effect\":\"Allow\",\"Resource\":\"*\",\"Sid\":\"ECRAuth\"},{\"Action\":[\"ecr:BatchCheckLayerAvailability\",\"ecr:CompleteLayerUpload\",\"ecr:InitiateLayerUpload\",\"ecr:PutImage\",\"ecr:UploadLayerPart\",\"ecr:DescribeImages\",\"ecr:DescribeRepositories\",\"ecr:BatchGetImage\"],\"Effect\":\"Allow\",\"Resource\":[\"arn:aws:ecr:us-east-1:*:repository/eks-gitops/*\"],\"Sid\":\"ECRPush\"}]}",
            "role": "github-actions-eks-gitops"
          },
          "sensitive_attributes": [],
          "private": "bnVsbA==",
          "dependencies": [
            "aws_iam_openid_connect_provider.github",
            "aws_iam_role.github_ecr_push",
            "data.aws_iam_policy_document.ecr_push_assume"
          ]
        }
      ]
    },
    {
      "mode": "managed",
      "type": "aws_iam_role_policy_attachment",
      "name": "github_terraform_admin",
      "provider": "provider[\"registry.terraform.io/hashicorp/aws\"]",
      "instances": [
        {
          "schema_version": 0,
          "attributes": {
            "id": "github-actions-terraform-20260507084807093300000003",
            "policy_arn": "arn:aws:iam::aws:policy/AdministratorAccess",
            "role": "github-actions-terraform"
          },
          "sensitive_attributes": [],
          "private": "bnVsbA==",
          "dependencies": [
            "aws_iam_openid_connect_provider.github",
            "aws_iam_role.github_terraform",
            "data.aws_iam_policy_document.terraform_assume"
          ]
        }
      ]
    },
    {
      "mode": "managed",
      "type": "helm_release",
      "name": "argocd",
      "provider": "provider[\"registry.terraform.io/hashicorp/helm\"]",
      "instances": [
        {
          "schema_version": 1,
          "attributes": {
            "atomic": false,
            "chart": "argo-cd",
            "cleanup_on_fail": false,
            "create_namespace": false,
            "dependency_update": false,
            "description": null,
            "devel": null,
            "disable_crd_hooks": false,
            "disable_openapi_validation": false,
            "disable_webhooks": false,
            "force_update": false,
            "id": "argocd",
            "keyring": null,
            "lint": false,
            "manifest": null,
            "max_history": 0,
            "metadata": [
              {
                "app_version": "v2.10.4",
                "chart": "argo-cd",
                "first_deployed": 1778144497,
                "last_deployed": 1778144497,
                "name": "argocd",
                "namespace": "argocd",
                "notes": "In order to access the server UI you have the following options:\n\n1. kubectl port-forward service/argocd-server -n argocd 8080:443\n\n    and then open the browser on http://localhost:8080 and accept the certificate\n\n2. enable ingress in the values file `server.ingress.enabled` and either\n      - Add the annotation for ssl passthrough: https://argo-cd.readthedocs.io/en/stable/operator-manual/ingress/#option-1-ssl-passthrough\n      - Set the `configs.params.\"server.insecure\"` in the values file and terminate SSL at your ingress: https://argo-cd.readthedocs.io/en/stable/operator-manual/ingress/#option-2-multiple-ingress-objects-and-hosts\n\n\nAfter reaching the UI the first time you can login with username: admin and the random password generated during the installation. You can find the password by running:\n\nkubectl -n argocd get secret argocd-initial-admin-secret -o jsonpath=\"{.data.password}\" | base64 -d\n\n(You should delete the initial secret afterwards as suggested by the Getting Started Guide: https://argo-cd.readthedocs.io/en/stable/getting_started/#4-login-using-the-cli)\n",
                "revision": 1,
                "values": "{\"applicationSet\":{\"enabled\":true},\"configs\":{\"params\":{\"server.enable.gzip\":true},\"secret\":{\"argocdServerAdminPassword\":\"$2a$10$rRyBsGSHK6.uc8fntPwVIuLVHgsAhAX7TcdrqW/9mu9dS5Pf5CMHK\"}},\"global\":{\"logging\":{\"format\":\"json\",\"level\":\"info\"}},\"notifications\":{\"enabled\":true},\"repoServer\":{\"resources\":{\"limits\":{\"cpu\":\"500m\",\"memory\":\"512Mi\"},\"requests\":{\"cpu\":\"100m\",\"memory\":\"256Mi\"}}},\"server\":{\"ingress\":{\"annotations\":{\"alb.ingress.kubernetes.io/listen-ports\":\"[{\\\"HTTPS\\\":443}]\",\"alb.ingress.kubernetes.io/scheme\":\"internet-facing\",\"alb.ingress.kubernetes.io/target-type\":\"ip\",\"kubernetes.io/ingress.class\":\"alb\"},\"enabled\":true,\"ingressClassName\":\"alb\"},\"insecure\":true,\"service\":{\"type\":\"ClusterIP\"}}}",
                "version": "6.7.3"
              }
            ],
            "name": "argocd",
            "namespace": "argocd",
            "pass_credentials": false,
            "postrender": [],
            "recreate_pods": false,
            "render_subchart_notes": true,
            "replace": false,
            "repository": "https://argoproj.github.io/argo-helm",
            "repository_ca_file": null,
            "repository_cert_file": null,
            "repository_key_file": null,
            "repository_password": null,
            "repository_username": null,
            "reset_values": false,
            "reuse_values": false,
            "set": [
              {
                "name": "configs.params.server\\.enable\\.gzip",
                "type": "",
                "value": "true"
              },
              {
                "name": "configs.secret.argocdServerAdminPassword",
                "type": "",
                "value": "$2a$10$rRyBsGSHK6.uc8fntPwVIuLVHgsAhAX7TcdrqW/9mu9dS5Pf5CMHK"
              },
              {
                "name": "server.ingress.annotations.alb\\.ingress\\.kubernetes\\.io/listen-ports",
                "type": "",
                "value": "[{\"HTTPS\":443}]"
              },
              {
                "name": "server.ingress.annotations.alb\\.ingress\\.kubernetes\\.io/scheme",
                "type": "",
                "value": "internet-facing"
              },
              {
                "name": "server.ingress.annotations.alb\\.ingress\\.kubernetes\\.io/target-type",
                "type": "",
                "value": "ip"
              },
              {
                "name": "server.ingress.annotations.kubernetes\\.io/ingress\\.class",
                "type": "",
                "value": "alb"
              },
              {
                "name": "server.ingress.enabled",
                "type": "",
                "value": "true"
              },
              {
                "name": "server.ingress.ingressClassName",
                "type": "",
                "value": "alb"
              },
              {
                "name": "server.insecure",
                "type": "",
                "value": "true"
              },
              {
                "name": "server.service.type",
                "type": "",
                "value": "ClusterIP"
              }
            ],
            "set_list": [],
            "set_sensitive": [],
            "skip_crds": false,
            "status": "deployed",
            "timeout": 300,
            "upgrade_install": null,
            "values": [
              "\"applicationSet\":\n  \"enabled\": true\n\"global\":\n  \"logging\":\n    \"format\": \"json\"\n    \"level\": \"info\"\n\"notifications\":\n  \"enabled\": true\n\"repoServer\":\n  \"resources\":\n    \"limits\":\n      \"cpu\": \"500m\"\n      \"memory\": \"512Mi\"\n    \"requests\":\n      \"cpu\": \"100m\"\n      \"memory\": \"256Mi\"\n"
            ],
            "verify": false,
            "version": "6.7.3",
            "wait": true,
            "wait_for_jobs": false
          },
          "sensitive_attributes": [
            [
              {
                "type": "get_attr",
                "value": "repository_password"
              }
            ]
          ],
          "private": "eyJzY2hlbWFfdmVyc2lvbiI6IjEifQ==",
          "dependencies": [
            "data.aws_availability_zones.available",
            "data.aws_caller_identity.current",
            "data.aws_eks_cluster_auth.this",
            "kubernetes_namespace.argocd",
            "module.addons.aws_ecr_lifecycle_policy.api_service",
            "module.addons.aws_ecr_lifecycle_policy.worker_service",
            "module.addons.aws_ecr_repository.api_service",
            "module.addons.aws_ecr_repository.worker_service",
            "module.addons.aws_iam_policy.alb_controller",
            "module.addons.aws_iam_role.alb_controller",
            "module.addons.aws_iam_role.external_secrets",
            "module.addons.aws_iam_role.keda",
            "module.addons.aws_iam_role_policy.external_secrets",
            "module.addons.aws_iam_role_policy.keda",
            "module.addons.aws_iam_role_policy_attachment.alb_controller",
            "module.addons.data.aws_iam_policy_document.alb_controller_assume",
            "module.addons.data.aws_iam_policy_document.external_secrets_assume",
            "module.addons.data.aws_iam_policy_document.keda_assume",
            "module.addons.helm_release.alb_controller",
            "module.addons.helm_release.cluster_autoscaler",
            "module.addons.helm_release.external_secrets",
            "module.addons.helm_release.keda",
            "module.addons.kubernetes_namespace.external_secrets",
            "module.addons.kubernetes_namespace.keda",
            "module.addons.kubernetes_service_account.alb_controller",
            "module.addons.kubernetes_service_account.external_secrets",
            "module.eks.aws_cloudwatch_log_group.eks",
            "module.eks.aws_eks_addon.aws_ebs_csi_driver",
            "module.eks.aws_eks_addon.coredns",
            "module.eks.aws_eks_addon.kube_proxy",
            "module.eks.aws_eks_addon.vpc_cni",
            "module.eks.aws_eks_cluster.this",
            "module.eks.aws_eks_node_group.general",
            "module.eks.aws_iam_openid_connect_provider.eks",
            "module.eks.aws_iam_role.cluster",
            "module.eks.aws_iam_role.ebs_csi",
            "module.eks.aws_iam_role.node",
            "module.eks.aws_iam_role_policy_attachment.cluster_policy",
            "module.eks.aws_iam_role_policy_attachment.cluster_vpc_resource_controller",
            "module.eks.aws_iam_role_policy_attachment.ebs_csi",
            "module.eks.aws_iam_role_policy_attachment.node_cni",
            "module.eks.aws_iam_role_policy_attachment.node_ecr",
            "module.eks.aws_iam_role_policy_attachment.node_ssm",
            "module.eks.aws_iam_role_policy_attachment.node_worker",
            "module.eks.aws_kms_alias.eks",
            "module.eks.aws_kms_key.eks",
            "module.eks.aws_launch_template.node",
            "module.eks.aws_security_group.cluster",
            "module.eks.aws_security_group.node",
            "module.eks.aws_security_group_rule.cluster_ingress_node_https",
            "module.eks.data.aws_iam_policy_document.cluster_assume_role",
            "module.eks.data.aws_iam_policy_document.ebs_csi_assume",
            "module.eks.data.aws_iam_policy_document.node_assume_role",
            "module.eks.data.tls_certificate.eks",
            "module.networking.aws_subnet.private",
            "module.networking.aws_subnet.public",
            "module.networking.aws_vpc.this"
          ]
        }
      ]
    },
    {
      "mode": "managed",
      "type": "helm_release",
      "name": "kube_prometheus_stack",
      "provider": "provider[\"registry.terraform.io/hashicorp/helm\"]",
      "instances": [
        {
          "schema_version": 1,
          "attributes": {
            "atomic": false,
            "chart": "kube-prometheus-stack",
            "cleanup_on_fail": false,
            "create_namespace": false,
            "dependency_update": false,
            "description": null,
            "devel": null,
            "disable_crd_hooks": false,
            "disable_openapi_validation": false,
            "disable_webhooks": false,
            "force_update": false,
            "id": "prometheus",
            "keyring": null,
            "lint": false,
            "manifest": null,
            "max_history": 0,
            "metadata": [
              {
                "app_version": "v0.73.1",
                "chart": "kube-prometheus-stack",
                "first_deployed": 1778144523,
                "last_deployed": 1778144523,
                "name": "prometheus",
                "namespace": "monitoring",
                "notes": "kube-prometheus-stack has been installed. Check its status by running:\n  kubectl --namespace monitoring get pods -l \"release=prometheus\"\n\nVisit https://github.com/prometheus-operator/kube-prometheus for instructions on how to create \u0026 configure Alertmanager and Prometheus instances using the Operator.\n\nkube-state-metrics is a simple service that listens to the Kubernetes API server and generates metrics about the state of the objects.\nThe exposed metrics can be found here:\nhttps://github.com/kubernetes/kube-state-metrics/blob/master/docs/README.md#exposed-metrics\n\nThe metrics are exported on the HTTP endpoint /metrics on the listening port.\nIn your case, prometheus-kube-state-metrics.monitoring.svc.cluster.local:8080/metrics\n\nThey are served either as plaintext or protobuf depending on the Accept header.\nThey are designed to be consumed either by Prometheus itself or by a scraper that is compatible with scraping a Prometheus client endpoint.\n\n1. Get your 'admin' user password by running:\n\n   kubectl get secret --namespace monitoring prometheus-grafana -o jsonpath=\"{.data.admin-password}\" | base64 --decode ; echo\n\n\n2. The Grafana server can be accessed via port 80 on the following DNS name from within your cluster:\n\n   prometheus-grafana.monitoring.svc.cluster.local\n\n   If you bind grafana to 80, please update values in values.yaml and reinstall:\n   ```\n   securityContext:\n     runAsUser: 0\n     runAsGroup: 0\n     fsGroup: 0\n\n   command:\n   - \"setcap\"\n   - \"'cap_net_bind_service=+ep'\"\n   - \"/usr/sbin/grafana-server \u0026\u0026\"\n   - \"sh\"\n   - \"/run.sh\"\n   ```\n   Details refer to https://grafana.com/docs/installation/configuration/#http-port.\n   Or grafana would always crash.\n\n   From outside the cluster, the server URL(s) are:\n\n3. Login with the password from step 1 and the username: admin\n#################################################################################\n######   WARNING: Persistence is disabled!!! You will lose your data when   #####\n######            the Grafana pod is terminated.                            #####\n#################################################################################\n\n1. Get the application URL by running these commands:\n  export POD_NAME=$(kubectl get pods --namespace monitoring -l \"app.kubernetes.io/name=prometheus-node-exporter,app.kubernetes.io/instance=prometheus\" -o jsonpath=\"{.items[0].metadata.name}\")\n  echo \"Visit http://127.0.0.1:9100 to use your application\"\n  kubectl port-forward --namespace monitoring $POD_NAME 9100",
                "revision": 1,
                "values": "{\"alertmanager\":{\"config\":{\"global\":{\"resolve_timeout\":\"5m\"},\"receivers\":[{\"name\":\"slack-notifications\",\"slack_configs\":[{\"api_url\":\"https://hooks.slack.com/services/REPLACE_WITH_WEBHOOK\",\"channel\":\"#alerts\",\"send_resolved\":true,\"text\":\"{{ range .Alerts }}{{ .Annotations.description }}{{ end }}\",\"title\":\"{{ range .Alerts }}{{ .Annotations.summary }}{{ end }}\"}]}],\"route\":{\"receiver\":\"slack-notifications\",\"routes\":[{\"match\":{\"severity\":\"critical\"},\"receiver\":\"slack-notifications\"}]}}},\"grafana\":{\"adminPassword\":\"Gr4fana!ChangeMeNow\",\"ingress\":{\"annotations\":{\"alb.ingress.kubernetes.io/scheme\":\"internet-facing\",\"alb.ingress.kubernetes.io/target-type\":\"ip\"},\"enabled\":true,\"ingressClassName\":\"alb\"},\"service\":{\"type\":\"ClusterIP\"}},\"prometheus\":{\"prometheusSpec\":{\"resources\":{\"limits\":{\"cpu\":\"1000m\",\"memory\":\"2Gi\"},\"requests\":{\"cpu\":\"200m\",\"memory\":\"400Mi\"}},\"retention\":\"15d\",\"serviceMonitorSelectorNilUsesHelmValues\":false}}}",
                "version": "58.1.3"
              }
            ],
            "name": "prometheus",
            "namespace": "monitoring",
            "pass_credentials": false,
            "postrender": [],
            "recreate_pods": false,
            "render_subchart_notes": true,
            "replace": false,
            "repository": "https://prometheus-community.github.io/helm-charts",
            "repository_ca_file": null,
            "repository_cert_file": null,
            "repository_key_file": null,
            "repository_password": null,
            "repository_username": null,
            "reset_values": false,
            "reuse_values": false,
            "set": [
              {
                "name": "grafana.adminPassword",
                "type": "",
                "value": "Gr4fana!ChangeMeNow"
              },
              {
                "name": "grafana.ingress.annotations.alb\\.ingress\\.kubernetes\\.io/scheme",
                "type": "",
                "value": "internet-facing"
              },
              {
                "name": "grafana.ingress.annotations.alb\\.ingress\\.kubernetes\\.io/target-type",
                "type": "",
                "value": "ip"
              },
              {
                "name": "grafana.ingress.enabled",
                "type": "",
                "value": "true"
              },
              {
                "name": "grafana.ingress.ingressClassName",
                "type": "",
                "value": "alb"
              },
              {
                "name": "grafana.service.type",
                "type": "",
                "value": "ClusterIP"
              },
              {
                "name": "prometheus.prometheusSpec.retention",
                "type": "",
                "value": "15d"
              },
              {
                "name": "prometheus.prometheusSpec.serviceMonitorSelectorNilUsesHelmValues",
                "type": "",
                "value": "false"
              }
            ],
            "set_list": [],
            "set_sensitive": [],
            "skip_crds": false,
            "status": "deployed",
            "timeout": 300,
            "upgrade_install": null,
            "values": [
              "\"alertmanager\":\n  \"config\":\n    \"global\":\n      \"resolve_timeout\": \"5m\"\n    \"receivers\":\n    - \"name\": \"slack-notifications\"\n      \"slack_configs\":\n      - \"api_url\": \"https://hooks.slack.com/services/REPLACE_WITH_WEBHOOK\"\n        \"channel\": \"#alerts\"\n        \"send_resolved\": true\n        \"text\": \"{{ range .Alerts }}{{ .Annotations.description }}{{ end }}\"\n        \"title\": \"{{ range .Alerts }}{{ .Annotations.summary }}{{ end }}\"\n    \"route\":\n      \"receiver\": \"slack-notifications\"\n      \"routes\":\n      - \"match\":\n          \"severity\": \"critical\"\n        \"receiver\": \"slack-notifications\"\n\"prometheus\":\n  \"prometheusSpec\":\n    \"resources\":\n      \"limits\":\n        \"cpu\": \"1000m\"\n        \"memory\": \"2Gi\"\n      \"requests\":\n        \"cpu\": \"200m\"\n        \"memory\": \"400Mi\"\n"
            ],
            "verify": false,
            "version": "58.1.3",
            "wait": true,
            "wait_for_jobs": false
          },
          "sensitive_attributes": [
            [
              {
                "type": "get_attr",
                "value": "repository_password"
              }
            ]
          ],
          "private": "eyJzY2hlbWFfdmVyc2lvbiI6IjEifQ==",
          "dependencies": [
            "data.aws_availability_zones.available",
            "data.aws_caller_identity.current",
            "data.aws_eks_cluster_auth.this",
            "kubernetes_namespace.monitoring",
            "module.addons.aws_ecr_lifecycle_policy.api_service",
            "module.addons.aws_ecr_lifecycle_policy.worker_service",
            "module.addons.aws_ecr_repository.api_service",
            "module.addons.aws_ecr_repository.worker_service",
            "module.addons.aws_iam_policy.alb_controller",
            "module.addons.aws_iam_role.alb_controller",
            "module.addons.aws_iam_role.external_secrets",
            "module.addons.aws_iam_role.keda",
            "module.addons.aws_iam_role_policy.external_secrets",
            "module.addons.aws_iam_role_policy.keda",
            "module.addons.aws_iam_role_policy_attachment.alb_controller",
            "module.addons.data.aws_iam_policy_document.alb_controller_assume",
            "module.addons.data.aws_iam_policy_document.external_secrets_assume",
            "module.addons.data.aws_iam_policy_document.keda_assume",
            "module.addons.helm_release.alb_controller",
            "module.addons.helm_release.cluster_autoscaler",
            "module.addons.helm_release.external_secrets",
            "module.addons.helm_release.keda",
            "module.addons.kubernetes_namespace.external_secrets",
            "module.addons.kubernetes_namespace.keda",
            "module.addons.kubernetes_service_account.alb_controller",
            "module.addons.kubernetes_service_account.external_secrets",
            "module.eks.aws_cloudwatch_log_group.eks",
            "module.eks.aws_eks_addon.aws_ebs_csi_driver",
            "module.eks.aws_eks_addon.coredns",
            "module.eks.aws_eks_addon.kube_proxy",
            "module.eks.aws_eks_addon.vpc_cni",
            "module.eks.aws_eks_cluster.this",
            "module.eks.aws_eks_node_group.general",
            "module.eks.aws_iam_openid_connect_provider.eks",
            "module.eks.aws_iam_role.cluster",
            "module.eks.aws_iam_role.ebs_csi",
            "module.eks.aws_iam_role.node",
            "module.eks.aws_iam_role_policy_attachment.cluster_policy",
            "module.eks.aws_iam_role_policy_attachment.cluster_vpc_resource_controller",
            "module.eks.aws_iam_role_policy_attachment.ebs_csi",
            "module.eks.aws_iam_role_policy_attachment.node_cni",
            "module.eks.aws_iam_role_policy_attachment.node_ecr",
            "module.eks.aws_iam_role_policy_attachment.node_ssm",
            "module.eks.aws_iam_role_policy_attachment.node_worker",
            "module.eks.aws_kms_alias.eks",
            "module.eks.aws_kms_key.eks",
            "module.eks.aws_launch_template.node",
            "module.eks.aws_security_group.cluster",
            "module.eks.aws_security_group.node",
            "module.eks.aws_security_group_rule.cluster_ingress_node_https",
            "module.eks.data.aws_iam_policy_document.cluster_assume_role",
            "module.eks.data.aws_iam_policy_document.ebs_csi_assume",
            "module.eks.data.aws_iam_policy_document.node_assume_role",
            "module.eks.data.tls_certificate.eks",
            "module.networking.aws_subnet.private",
            "module.networking.aws_subnet.public",
            "module.networking.aws_vpc.this"
          ]
        }
      ]
    },
    {
      "mode": "managed",
      "type": "kubernetes_namespace",
      "name": "api_service",
      "provider": "provider[\"registry.terraform.io/hashicorp/kubernetes\"]",
      "instances": [
        {
          "schema_version": 0,
          "attributes": {
            "id": "api-service",
            "metadata": [
              {
                "annotations": {},
                "generate_name": "",
                "generation": 0,
                "labels": {
                  "app.kubernetes.io/managed-by": "argocd",
                  "environment": "prod"
                },
                "name": "api-service",
                "resource_version": "2290664",
                "uid": "ca4e7412-7bfa-4b17-bbab-a8422cbe5f67"
              }
            ],
            "timeouts": null,
            "wait_for_default_service_account": false
          },
          "sensitive_attributes": [],
          "private": "eyJlMmJmYjczMC1lY2FhLTExZTYtOGY4OC0zNDM2M2JjN2M0YzAiOnsiZGVsZXRlIjozMDAwMDAwMDAwMDB9fQ==",
          "dependencies": [
            "data.aws_availability_zones.available",
            "data.aws_caller_identity.current",
            "data.aws_eks_cluster_auth.this",
            "module.eks.aws_cloudwatch_log_group.eks",
            "module.eks.aws_eks_addon.aws_ebs_csi_driver",
            "module.eks.aws_eks_addon.coredns",
            "module.eks.aws_eks_addon.kube_proxy",
            "module.eks.aws_eks_addon.vpc_cni",
            "module.eks.aws_eks_cluster.this",
            "module.eks.aws_eks_node_group.general",
            "module.eks.aws_iam_openid_connect_provider.eks",
            "module.eks.aws_iam_role.cluster",
            "module.eks.aws_iam_role.ebs_csi",
            "module.eks.aws_iam_role.node",
            "module.eks.aws_iam_role_policy_attachment.cluster_policy",
            "module.eks.aws_iam_role_policy_attachment.cluster_vpc_resource_controller",
            "module.eks.aws_iam_role_policy_attachment.ebs_csi",
            "module.eks.aws_iam_role_policy_attachment.node_cni",
            "module.eks.aws_iam_role_policy_attachment.node_ecr",
            "module.eks.aws_iam_role_policy_attachment.node_ssm",
            "module.eks.aws_iam_role_policy_attachment.node_worker",
            "module.eks.aws_kms_alias.eks",
            "module.eks.aws_kms_key.eks",
            "module.eks.aws_launch_template.node",
            "module.eks.aws_security_group.cluster",
            "module.eks.aws_security_group.node",
            "module.eks.aws_security_group_rule.cluster_ingress_node_https",
            "module.eks.data.aws_iam_policy_document.cluster_assume_role",
            "module.eks.data.aws_iam_policy_document.ebs_csi_assume",
            "module.eks.data.aws_iam_policy_document.node_assume_role",
            "module.eks.data.tls_certificate.eks",
            "module.networking.aws_subnet.private",
            "module.networking.aws_subnet.public",
            "module.networking.aws_vpc.this"
          ]
        }
      ]
    },
    {
      "mode": "managed",
      "type": "kubernetes_namespace",
      "name": "argocd",
      "provider": "provider[\"registry.terraform.io/hashicorp/kubernetes\"]",
      "instances": [
        {
          "schema_version": 0,
          "attributes": {
            "id": "argocd",
            "metadata": [
              {
                "annotations": null,
                "generate_name": "",
                "generation": 0,
                "labels": {
                  "app.kubernetes.io/managed-by": "terraform"
                },
                "name": "argocd",
                "resource_version": "2292957",
                "uid": "6a10de41-9f92-4f29-bdd4-c69ef038dedc"
              }
            ],
            "timeouts": null,
            "wait_for_default_service_account": false
          },
          "sensitive_attributes": [],
          "private": "eyJlMmJmYjczMC1lY2FhLTExZTYtOGY4OC0zNDM2M2JjN2M0YzAiOnsiZGVsZXRlIjozMDAwMDAwMDAwMDB9fQ==",
          "dependencies": [
            "data.aws_availability_zones.available",
            "data.aws_caller_identity.current",
            "data.aws_eks_cluster_auth.this",
            "module.eks.aws_cloudwatch_log_group.eks",
            "module.eks.aws_eks_addon.aws_ebs_csi_driver",
            "module.eks.aws_eks_addon.coredns",
            "module.eks.aws_eks_addon.kube_proxy",
            "module.eks.aws_eks_addon.vpc_cni",
            "module.eks.aws_eks_cluster.this",
            "module.eks.aws_eks_node_group.general",
            "module.eks.aws_iam_openid_connect_provider.eks",
            "module.eks.aws_iam_role.cluster",
            "module.eks.aws_iam_role.ebs_csi",
            "module.eks.aws_iam_role.node",
            "module.eks.aws_iam_role_policy_attachment.cluster_policy",
            "module.eks.aws_iam_role_policy_attachment.cluster_vpc_resource_controller",
            "module.eks.aws_iam_role_policy_attachment.ebs_csi",
            "module.eks.aws_iam_role_policy_attachment.node_cni",
            "module.eks.aws_iam_role_policy_attachment.node_ecr",
            "module.eks.aws_iam_role_policy_attachment.node_ssm",
            "module.eks.aws_iam_role_policy_attachment.node_worker",
            "module.eks.aws_kms_alias.eks",
            "module.eks.aws_kms_key.eks",
            "module.eks.aws_launch_template.node",
            "module.eks.aws_security_group.cluster",
            "module.eks.aws_security_group.node",
            "module.eks.aws_security_group_rule.cluster_ingress_node_https",
            "module.eks.data.aws_iam_policy_document.cluster_assume_role",
            "module.eks.data.aws_iam_policy_document.ebs_csi_assume",
            "module.eks.data.aws_iam_policy_document.node_assume_role",
            "module.eks.data.tls_certificate.eks",
            "module.networking.aws_subnet.private",
            "module.networking.aws_subnet.public",
            "module.networking.aws_vpc.this"
          ]
        }
      ]
    },
    {
      "mode": "managed",
      "type": "kubernetes_namespace",
      "name": "monitoring",
      "provider": "provider[\"registry.terraform.io/hashicorp/kubernetes\"]",
      "instances": [
        {
          "schema_version": 0,
          "attributes": {
            "id": "monitoring",
            "metadata": [
              {
                "annotations": null,
                "generate_name": "",
                "generation": 0,
                "labels": {
                  "app.kubernetes.io/managed-by": "terraform"
                },
                "name": "monitoring",
                "resource_version": "2292956",
                "uid": "b880b216-fcec-4c46-bf28-0f5fef0909a5"
              }
            ],
            "timeouts": null,
            "wait_for_default_service_account": false
          },
          "sensitive_attributes": [],
          "private": "eyJlMmJmYjczMC1lY2FhLTExZTYtOGY4OC0zNDM2M2JjN2M0YzAiOnsiZGVsZXRlIjozMDAwMDAwMDAwMDB9fQ==",
          "dependencies": [
            "data.aws_availability_zones.available",
            "data.aws_caller_identity.current",
            "data.aws_eks_cluster_auth.this",
            "module.eks.aws_cloudwatch_log_group.eks",
            "module.eks.aws_eks_addon.aws_ebs_csi_driver",
            "module.eks.aws_eks_addon.coredns",
            "module.eks.aws_eks_addon.kube_proxy",
            "module.eks.aws_eks_addon.vpc_cni",
            "module.eks.aws_eks_cluster.this",
            "module.eks.aws_eks_node_group.general",
            "module.eks.aws_iam_openid_connect_provider.eks",
            "module.eks.aws_iam_role.cluster",
            "module.eks.aws_iam_role.ebs_csi",
            "module.eks.aws_iam_role.node",
            "module.eks.aws_iam_role_policy_attachment.cluster_policy",
            "module.eks.aws_iam_role_policy_attachment.cluster_vpc_resource_controller",
            "module.eks.aws_iam_role_policy_attachment.ebs_csi",
            "module.eks.aws_iam_role_policy_attachment.node_cni",
            "module.eks.aws_iam_role_policy_attachment.node_ecr",
            "module.eks.aws_iam_role_policy_attachment.node_ssm",
            "module.eks.aws_iam_role_policy_attachment.node_worker",
            "module.eks.aws_kms_alias.eks",
            "module.eks.aws_kms_key.eks",
            "module.eks.aws_launch_template.node",
            "module.eks.aws_security_group.cluster",
            "module.eks.aws_security_group.node",
            "module.eks.aws_security_group_rule.cluster_ingress_node_https",
            "module.eks.data.aws_iam_policy_document.cluster_assume_role",
            "module.eks.data.aws_iam_policy_document.ebs_csi_assume",
            "module.eks.data.aws_iam_policy_document.node_assume_role",
            "module.eks.data.tls_certificate.eks",
            "module.networking.aws_subnet.private",
            "module.networking.aws_subnet.public",
            "module.networking.aws_vpc.this"
          ]
        }
      ]
    },
    {
      "mode": "managed",
      "type": "kubernetes_namespace",
      "name": "worker_service",
      "provider": "provider[\"registry.terraform.io/hashicorp/kubernetes\"]",
      "instances": [
        {
          "schema_version": 0,
          "attributes": {
            "id": "worker-service",
            "metadata": [
              {
                "annotations": {},
                "generate_name": "",
                "generation": 0,
                "labels": {
                  "app.kubernetes.io/managed-by": "argocd",
                  "environment": "prod"
                },
                "name": "worker-service",
                "resource_version": "2290663",
                "uid": "33ffab7a-ee96-4e99-8a81-e106003fd848"
              }
            ],
            "timeouts": null,
            "wait_for_default_service_account": false
          },
          "sensitive_attributes": [],
          "private": "eyJlMmJmYjczMC1lY2FhLTExZTYtOGY4OC0zNDM2M2JjN2M0YzAiOnsiZGVsZXRlIjozMDAwMDAwMDAwMDB9fQ==",
          "dependencies": [
            "data.aws_availability_zones.available",
            "data.aws_caller_identity.current",
            "data.aws_eks_cluster_auth.this",
            "module.eks.aws_cloudwatch_log_group.eks",
            "module.eks.aws_eks_addon.aws_ebs_csi_driver",
            "module.eks.aws_eks_addon.coredns",
            "module.eks.aws_eks_addon.kube_proxy",
            "module.eks.aws_eks_addon.vpc_cni",
            "module.eks.aws_eks_cluster.this",
            "module.eks.aws_eks_node_group.general",
            "module.eks.aws_iam_openid_connect_provider.eks",
            "module.eks.aws_iam_role.cluster",
            "module.eks.aws_iam_role.ebs_csi",
            "module.eks.aws_iam_role.node",
            "module.eks.aws_iam_role_policy_attachment.cluster_policy",
            "module.eks.aws_iam_role_policy_attachment.cluster_vpc_resource_controller",
            "module.eks.aws_iam_role_policy_attachment.ebs_csi",
            "module.eks.aws_iam_role_policy_attachment.node_cni",
            "module.eks.aws_iam_role_policy_attachment.node_ecr",
            "module.eks.aws_iam_role_policy_attachment.node_ssm",
            "module.eks.aws_iam_role_policy_attachment.node_worker",
            "module.eks.aws_kms_alias.eks",
            "module.eks.aws_kms_key.eks",
            "module.eks.aws_launch_template.node",
            "module.eks.aws_security_group.cluster",
            "module.eks.aws_security_group.node",
            "module.eks.aws_security_group_rule.cluster_ingress_node_https",
            "module.eks.data.aws_iam_policy_document.cluster_assume_role",
            "module.eks.data.aws_iam_policy_document.ebs_csi_assume",
            "module.eks.data.aws_iam_policy_document.node_assume_role",
            "module.eks.data.tls_certificate.eks",
            "module.networking.aws_subnet.private",
            "module.networking.aws_subnet.public",
            "module.networking.aws_vpc.this"
          ]
        }
      ]
    },
    {
      "module": "module.addons",
      "mode": "data",
      "type": "aws_iam_policy_document",
      "name": "alb_controller_assume",
      "provider": "provider[\"registry.terraform.io/hashicorp/aws\"]",
      "instances": [
        {
          "schema_version": 0,
          "attributes": {
            "id": "225485694",
            "json": "{\n  \"Version\": \"2012-10-17\",\n  \"Statement\": [\n    {\n      \"Effect\": \"Allow\",\n      \"Action\": \"sts:AssumeRoleWithWebIdentity\",\n      \"Principal\": {\n        \"Federated\": \"arn:aws:iam::962765734677:oidc-provider/oidc.eks.us-east-1.amazonaws.com/id/0E3DE1EE9358A89189759D9F4C041D42\"\n      },\n      \"Condition\": {\n        \"StringEquals\": {\n          \"oidc.eks.us-east-1.amazonaws.com/id/0E3DE1EE9358A89189759D9F4C041D42:aud\": \"sts.amazonaws.com\",\n          \"oidc.eks.us-east-1.amazonaws.com/id/0E3DE1EE9358A89189759D9F4C041D42:sub\": \"system:serviceaccount:kube-system:aws-load-balancer-controller\"\n        }\n      }\n    }\n  ]\n}",
            "minified_json": "{\"Version\":\"2012-10-17\",\"Statement\":[{\"Effect\":\"Allow\",\"Action\":\"sts:AssumeRoleWithWebIdentity\",\"Principal\":{\"Federated\":\"arn:aws:iam::962765734677:oidc-provider/oidc.eks.us-east-1.amazonaws.com/id/0E3DE1EE9358A89189759D9F4C041D42\"},\"Condition\":{\"StringEquals\":{\"oidc.eks.us-east-1.amazonaws.com/id/0E3DE1EE9358A89189759D9F4C041D42:aud\":\"sts.amazonaws.com\",\"oidc.eks.us-east-1.amazonaws.com/id/0E3DE1EE9358A89189759D9F4C041D42:sub\":\"system:serviceaccount:kube-system:aws-load-balancer-controller\"}}}]}",
            "override_json": null,
            "override_policy_documents": null,
            "policy_id": null,
            "source_json": null,
            "source_policy_documents": null,
            "statement": [
              {
                "actions": [
                  "sts:AssumeRoleWithWebIdentity"
                ],
                "condition": [
                  {
                    "test": "StringEquals",
                    "values": [
                      "sts.amazonaws.com"
                    ],
                    "variable": "oidc.eks.us-east-1.amazonaws.com/id/0E3DE1EE9358A89189759D9F4C041D42:aud"
                  },
                  {
                    "test": "StringEquals",
                    "values": [
                      "system:serviceaccount:kube-system:aws-load-balancer-controller"
                    ],
                    "variable": "oidc.eks.us-east-1.amazonaws.com/id/0E3DE1EE9358A89189759D9F4C041D42:sub"
                  }
                ],
                "effect": "Allow",
                "not_actions": [],
                "not_principals": [],
                "not_resources": [],
                "principals": [
                  {
                    "identifiers": [
                      "arn:aws:iam::962765734677:oidc-provider/oidc.eks.us-east-1.amazonaws.com/id/0E3DE1EE9358A89189759D9F4C041D42"
                    ],
                    "type": "Federated"
                  }
                ],
                "resources": [],
                "sid": ""
              }
            ],
            "version": "2012-10-17"
          },
          "sensitive_attributes": []
        }
      ]
    },
    {
      "module": "module.addons",
      "mode": "data",
      "type": "aws_iam_policy_document",
      "name": "external_secrets_assume",
      "provider": "provider[\"registry.terraform.io/hashicorp/aws\"]",
      "instances": [
        {
          "schema_version": 0,
          "attributes": {
            "id": "2081055287",
            "json": "{\n  \"Version\": \"2012-10-17\",\n  \"Statement\": [\n    {\n      \"Effect\": \"Allow\",\n      \"Action\": \"sts:AssumeRoleWithWebIdentity\",\n      \"Principal\": {\n        \"Federated\": \"arn:aws:iam::962765734677:oidc-provider/oidc.eks.us-east-1.amazonaws.com/id/0E3DE1EE9358A89189759D9F4C041D42\"\n      },\n      \"Condition\": {\n        \"StringEquals\": {\n          \"oidc.eks.us-east-1.amazonaws.com/id/0E3DE1EE9358A89189759D9F4C041D42:aud\": \"sts.amazonaws.com\",\n          \"oidc.eks.us-east-1.amazonaws.com/id/0E3DE1EE9358A89189759D9F4C041D42:sub\": \"system:serviceaccount:external-secrets:external-secrets-sa\"\n        }\n      }\n    }\n  ]\n}",
            "minified_json": "{\"Version\":\"2012-10-17\",\"Statement\":[{\"Effect\":\"Allow\",\"Action\":\"sts:AssumeRoleWithWebIdentity\",\"Principal\":{\"Federated\":\"arn:aws:iam::962765734677:oidc-provider/oidc.eks.us-east-1.amazonaws.com/id/0E3DE1EE9358A89189759D9F4C041D42\"},\"Condition\":{\"StringEquals\":{\"oidc.eks.us-east-1.amazonaws.com/id/0E3DE1EE9358A89189759D9F4C041D42:aud\":\"sts.amazonaws.com\",\"oidc.eks.us-east-1.amazonaws.com/id/0E3DE1EE9358A89189759D9F4C041D42:sub\":\"system:serviceaccount:external-secrets:external-secrets-sa\"}}}]}",
            "override_json": null,
            "override_policy_documents": null,
            "policy_id": null,
            "source_json": null,
            "source_policy_documents": null,
            "statement": [
              {
                "actions": [
                  "sts:AssumeRoleWithWebIdentity"
                ],
                "condition": [
                  {
                    "test": "StringEquals",
                    "values": [
                      "sts.amazonaws.com"
                    ],
                    "variable": "oidc.eks.us-east-1.amazonaws.com/id/0E3DE1EE9358A89189759D9F4C041D42:aud"
                  },
                  {
                    "test": "StringEquals",
                    "values": [
                      "system:serviceaccount:external-secrets:external-secrets-sa"
                    ],
                    "variable": "oidc.eks.us-east-1.amazonaws.com/id/0E3DE1EE9358A89189759D9F4C041D42:sub"
                  }
                ],
                "effect": "Allow",
                "not_actions": [],
                "not_principals": [],
                "not_resources": [],
                "principals": [
                  {
                    "identifiers": [
                      "arn:aws:iam::962765734677:oidc-provider/oidc.eks.us-east-1.amazonaws.com/id/0E3DE1EE9358A89189759D9F4C041D42"
                    ],
                    "type": "Federated"
                  }
                ],
                "resources": [],
                "sid": ""
              }
            ],
            "version": "2012-10-17"
          },
          "sensitive_attributes": []
        }
      ]
    },
    {
      "module": "module.addons",
      "mode": "data",
      "type": "aws_iam_policy_document",
      "name": "keda_assume",
      "provider": "provider[\"registry.terraform.io/hashicorp/aws\"]",
      "instances": [
        {
          "schema_version": 0,
          "attributes": {
            "id": "3423938818",
            "json": "{\n  \"Version\": \"2012-10-17\",\n  \"Statement\": [\n    {\n      \"Effect\": \"Allow\",\n      \"Action\": \"sts:AssumeRoleWithWebIdentity\",\n      \"Principal\": {\n        \"Federated\": \"arn:aws:iam::962765734677:oidc-provider/oidc.eks.us-east-1.amazonaws.com/id/0E3DE1EE9358A89189759D9F4C041D42\"\n      },\n      \"Condition\": {\n        \"StringEquals\": {\n          \"oidc.eks.us-east-1.amazonaws.com/id/0E3DE1EE9358A89189759D9F4C041D42:aud\": \"sts.amazonaws.com\",\n          \"oidc.eks.us-east-1.amazonaws.com/id/0E3DE1EE9358A89189759D9F4C041D42:sub\": \"system:serviceaccount:keda:keda-operator\"\n        }\n      }\n    }\n  ]\n}",
            "minified_json": "{\"Version\":\"2012-10-17\",\"Statement\":[{\"Effect\":\"Allow\",\"Action\":\"sts:AssumeRoleWithWebIdentity\",\"Principal\":{\"Federated\":\"arn:aws:iam::962765734677:oidc-provider/oidc.eks.us-east-1.amazonaws.com/id/0E3DE1EE9358A89189759D9F4C041D42\"},\"Condition\":{\"StringEquals\":{\"oidc.eks.us-east-1.amazonaws.com/id/0E3DE1EE9358A89189759D9F4C041D42:aud\":\"sts.amazonaws.com\",\"oidc.eks.us-east-1.amazonaws.com/id/0E3DE1EE9358A89189759D9F4C041D42:sub\":\"system:serviceaccount:keda:keda-operator\"}}}]}",
            "override_json": null,
            "override_policy_documents": null,
            "policy_id": null,
            "source_json": null,
            "source_policy_documents": null,
            "statement": [
              {
                "actions": [
                  "sts:AssumeRoleWithWebIdentity"
                ],
                "condition": [
                  {
                    "test": "StringEquals",
                    "values": [
                      "sts.amazonaws.com"
                    ],
                    "variable": "oidc.eks.us-east-1.amazonaws.com/id/0E3DE1EE9358A89189759D9F4C041D42:aud"
                  },
                  {
                    "test": "StringEquals",
                    "values": [
                      "system:serviceaccount:keda:keda-operator"
                    ],
                    "variable": "oidc.eks.us-east-1.amazonaws.com/id/0E3DE1EE9358A89189759D9F4C041D42:sub"
                  }
                ],
                "effect": "Allow",
                "not_actions": [],
                "not_principals": [],
                "not_resources": [],
                "principals": [
                  {
                    "identifiers": [
                      "arn:aws:iam::962765734677:oidc-provider/oidc.eks.us-east-1.amazonaws.com/id/0E3DE1EE9358A89189759D9F4C041D42"
                    ],
                    "type": "Federated"
                  }
                ],
                "resources": [],
                "sid": ""
              }
            ],
            "version": "2012-10-17"
          },
          "sensitive_attributes": []
        }
      ]
    },
    {
      "module": "module.addons",
      "mode": "managed",
      "type": "aws_ecr_lifecycle_policy",
      "name": "api_service",
      "provider": "provider[\"registry.terraform.io/hashicorp/aws\"]",
      "instances": [
        {
          "schema_version": 0,
          "attributes": {
            "id": "eks-gitops/api-service",
            "policy": "{\"rules\":[{\"action\":{\"type\":\"expire\"},\"description\":\"Keep last 10 production images\",\"rulePriority\":1,\"selection\":{\"countNumber\":10,\"countType\":\"imageCountMoreThan\",\"tagPrefixList\":[\"prod-\"],\"tagStatus\":\"tagged\"}},{\"action\":{\"type\":\"expire\"},\"description\":\"Remove untagged images after 1 day\",\"rulePriority\":2,\"selection\":{\"countNumber\":1,\"countType\":\"sinceImagePushed\",\"countUnit\":\"days\",\"tagStatus\":\"untagged\"}}]}",
            "registry_id": "962765734677",
            "repository": "eks-gitops/api-service"
          },
          "sensitive_attributes": [],
          "private": "bnVsbA==",
          "dependencies": [
            "data.aws_availability_zones.available",
            "data.aws_caller_identity.current",
            "module.addons.aws_ecr_repository.api_service",
            "module.eks.aws_cloudwatch_log_group.eks",
            "module.eks.aws_eks_addon.aws_ebs_csi_driver",
            "module.eks.aws_eks_addon.coredns",
            "module.eks.aws_eks_addon.kube_proxy",
            "module.eks.aws_eks_addon.vpc_cni",
            "module.eks.aws_eks_cluster.this",
            "module.eks.aws_eks_node_group.general",
            "module.eks.aws_iam_openid_connect_provider.eks",
            "module.eks.aws_iam_role.cluster",
            "module.eks.aws_iam_role.ebs_csi",
            "module.eks.aws_iam_role.node",
            "module.eks.aws_iam_role_policy_attachment.cluster_policy",
            "module.eks.aws_iam_role_policy_attachment.cluster_vpc_resource_controller",
            "module.eks.aws_iam_role_policy_attachment.ebs_csi",
            "module.eks.aws_iam_role_policy_attachment.node_cni",
            "module.eks.aws_iam_role_policy_attachment.node_ecr",
            "module.eks.aws_iam_role_policy_attachment.node_ssm",
            "module.eks.aws_iam_role_policy_attachment.node_worker",
            "module.eks.aws_kms_alias.eks",
            "module.eks.aws_kms_key.eks",
            "module.eks.aws_launch_template.node",
            "module.eks.aws_security_group.cluster",
            "module.eks.aws_security_group.node",
            "module.eks.aws_security_group_rule.cluster_ingress_node_https",
            "module.eks.data.aws_iam_policy_document.cluster_assume_role",
            "module.eks.data.aws_iam_policy_document.ebs_csi_assume",
            "module.eks.data.aws_iam_policy_document.node_assume_role",
            "module.eks.data.tls_certificate.eks",
            "module.networking.aws_subnet.private",
            "module.networking.aws_subnet.public",
            "module.networking.aws_vpc.this"
          ]
        }
      ]
    },
    {
      "module": "module.addons",
      "mode": "managed",
      "type": "aws_ecr_lifecycle_policy",
      "name": "worker_service",
      "provider": "provider[\"registry.terraform.io/hashicorp/aws\"]",
      "instances": [
        {
          "schema_version": 0,
          "attributes": {
            "id": "eks-gitops/worker-service",
            "policy": "{\"rules\":[{\"action\":{\"type\":\"expire\"},\"description\":\"Keep last 10 production images\",\"rulePriority\":1,\"selection\":{\"countNumber\":10,\"countType\":\"imageCountMoreThan\",\"tagPrefixList\":[\"prod-\"],\"tagStatus\":\"tagged\"}},{\"action\":{\"type\":\"expire\"},\"description\":\"Remove untagged images after 1 day\",\"rulePriority\":2,\"selection\":{\"countNumber\":1,\"countType\":\"sinceImagePushed\",\"countUnit\":\"days\",\"tagStatus\":\"untagged\"}}]}",
            "registry_id": "962765734677",
            "repository": "eks-gitops/worker-service"
          },
          "sensitive_attributes": [],
          "private": "bnVsbA==",
          "dependencies": [
            "data.aws_availability_zones.available",
            "data.aws_caller_identity.current",
            "module.addons.aws_ecr_repository.worker_service",
            "module.eks.aws_cloudwatch_log_group.eks",
            "module.eks.aws_eks_addon.aws_ebs_csi_driver",
            "module.eks.aws_eks_addon.coredns",
            "module.eks.aws_eks_addon.kube_proxy",
            "module.eks.aws_eks_addon.vpc_cni",
            "module.eks.aws_eks_cluster.this",
            "module.eks.aws_eks_node_group.general",
            "module.eks.aws_iam_openid_connect_provider.eks",
            "module.eks.aws_iam_role.cluster",
            "module.eks.aws_iam_role.ebs_csi",
            "module.eks.aws_iam_role.node",
            "module.eks.aws_iam_role_policy_attachment.cluster_policy",
            "module.eks.aws_iam_role_policy_attachment.cluster_vpc_resource_controller",
            "module.eks.aws_iam_role_policy_attachment.ebs_csi",
            "module.eks.aws_iam_role_policy_attachment.node_cni",
            "module.eks.aws_iam_role_policy_attachment.node_ecr",
            "module.eks.aws_iam_role_policy_attachment.node_ssm",
            "module.eks.aws_iam_role_policy_attachment.node_worker",
            "module.eks.aws_kms_alias.eks",
            "module.eks.aws_kms_key.eks",
            "module.eks.aws_launch_template.node",
            "module.eks.aws_security_group.cluster",
            "module.eks.aws_security_group.node",
            "module.eks.aws_security_group_rule.cluster_ingress_node_https",
            "module.eks.data.aws_iam_policy_document.cluster_assume_role",
            "module.eks.data.aws_iam_policy_document.ebs_csi_assume",
            "module.eks.data.aws_iam_policy_document.node_assume_role",
            "module.eks.data.tls_certificate.eks",
            "module.networking.aws_subnet.private",
            "module.networking.aws_subnet.public",
            "module.networking.aws_vpc.this"
          ]
        }
      ]
    },
    {
      "module": "module.addons",
      "mode": "managed",
      "type": "aws_ecr_repository",
      "name": "api_service",
      "provider": "provider[\"registry.terraform.io/hashicorp/aws\"]",
      "instances": [
        {
          "schema_version": 0,
          "attributes": {
            "arn": "arn:aws:ecr:us-east-1:962765734677:repository/eks-gitops/api-service",
            "encryption_configuration": [
              {
                "encryption_type": "AES256",
                "kms_key": ""
              }
            ],
            "force_delete": null,
            "id": "eks-gitops/api-service",
            "image_scanning_configuration": [
              {
                "scan_on_push": true
              }
            ],
            "image_tag_mutability": "MUTABLE",
            "name": "eks-gitops/api-service",
            "registry_id": "962765734677",
            "repository_url": "962765734677.dkr.ecr.us-east-1.amazonaws.com/eks-gitops/api-service",
            "tags": {
              "Name": "eks-gitops/api-service"
            },
            "tags_all": {
              "Environment": "prod",
              "ManagedBy": "terraform",
              "Mission": "Retail-Order-Processor",
              "Name": "eks-gitops/api-service",
              "Owner": "Patricio-Lumbenlengo",
              "Project": "eks-gitops-platform"
            },
            "timeouts": null
          },
          "sensitive_attributes": [],
          "private": "eyJlMmJmYjczMC1lY2FhLTExZTYtOGY4OC0zNDM2M2JjN2M0YzAiOnsiZGVsZXRlIjoxMjAwMDAwMDAwMDAwfX0=",
          "dependencies": [
            "data.aws_availability_zones.available",
            "data.aws_caller_identity.current",
            "module.eks.aws_cloudwatch_log_group.eks",
            "module.eks.aws_eks_addon.aws_ebs_csi_driver",
            "module.eks.aws_eks_addon.coredns",
            "module.eks.aws_eks_addon.kube_proxy",
            "module.eks.aws_eks_addon.vpc_cni",
            "module.eks.aws_eks_cluster.this",
            "module.eks.aws_eks_node_group.general",
            "module.eks.aws_iam_openid_connect_provider.eks",
            "module.eks.aws_iam_role.cluster",
            "module.eks.aws_iam_role.ebs_csi",
            "module.eks.aws_iam_role.node",
            "module.eks.aws_iam_role_policy_attachment.cluster_policy",
            "module.eks.aws_iam_role_policy_attachment.cluster_vpc_resource_controller",
            "module.eks.aws_iam_role_policy_attachment.ebs_csi",
            "module.eks.aws_iam_role_policy_attachment.node_cni",
            "module.eks.aws_iam_role_policy_attachment.node_ecr",
            "module.eks.aws_iam_role_policy_attachment.node_ssm",
            "module.eks.aws_iam_role_policy_attachment.node_worker",
            "module.eks.aws_kms_alias.eks",
            "module.eks.aws_kms_key.eks",
            "module.eks.aws_launch_template.node",
            "module.eks.aws_security_group.cluster",
            "module.eks.aws_security_group.node",
            "module.eks.aws_security_group_rule.cluster_ingress_node_https",
            "module.eks.data.aws_iam_policy_document.cluster_assume_role",
            "module.eks.data.aws_iam_policy_document.ebs_csi_assume",
            "module.eks.data.aws_iam_policy_document.node_assume_role",
            "module.eks.data.tls_certificate.eks",
            "module.networking.aws_subnet.private",
            "module.networking.aws_subnet.public",
            "module.networking.aws_vpc.this"
          ]
        }
      ]
    },
    {
      "module": "module.addons",
      "mode": "managed",
      "type": "aws_ecr_repository",
      "name": "worker_service",
      "provider": "provider[\"registry.terraform.io/hashicorp/aws\"]",
      "instances": [
        {
          "schema_version": 0,
          "attributes": {
            "arn": "arn:aws:ecr:us-east-1:962765734677:repository/eks-gitops/worker-service",
            "encryption_configuration": [
              {
                "encryption_type": "AES256",
                "kms_key": ""
              }
            ],
            "force_delete": null,
            "id": "eks-gitops/worker-service",
            "image_scanning_configuration": [
              {
                "scan_on_push": true
              }
            ],
            "image_tag_mutability": "MUTABLE",
            "name": "eks-gitops/worker-service",
            "registry_id": "962765734677",
            "repository_url": "962765734677.dkr.ecr.us-east-1.amazonaws.com/eks-gitops/worker-service",
            "tags": {
              "Name": "eks-gitops/worker-service"
            },
            "tags_all": {
              "Environment": "prod",
              "ManagedBy": "terraform",
              "Mission": "Retail-Order-Processor",
              "Name": "eks-gitops/worker-service",
              "Owner": "Patricio-Lumbenlengo",
              "Project": "eks-gitops-platform"
            },
            "timeouts": null
          },
          "sensitive_attributes": [],
          "private": "eyJlMmJmYjczMC1lY2FhLTExZTYtOGY4OC0zNDM2M2JjN2M0YzAiOnsiZGVsZXRlIjoxMjAwMDAwMDAwMDAwfX0=",
          "dependencies": [
            "data.aws_availability_zones.available",
            "data.aws_caller_identity.current",
            "module.eks.aws_cloudwatch_log_group.eks",
            "module.eks.aws_eks_addon.aws_ebs_csi_driver",
            "module.eks.aws_eks_addon.coredns",
            "module.eks.aws_eks_addon.kube_proxy",
            "module.eks.aws_eks_addon.vpc_cni",
            "module.eks.aws_eks_cluster.this",
            "module.eks.aws_eks_node_group.general",
            "module.eks.aws_iam_openid_connect_provider.eks",
            "module.eks.aws_iam_role.cluster",
            "module.eks.aws_iam_role.ebs_csi",
            "module.eks.aws_iam_role.node",
            "module.eks.aws_iam_role_policy_attachment.cluster_policy",
            "module.eks.aws_iam_role_policy_attachment.cluster_vpc_resource_controller",
            "module.eks.aws_iam_role_policy_attachment.ebs_csi",
            "module.eks.aws_iam_role_policy_attachment.node_cni",
            "module.eks.aws_iam_role_policy_attachment.node_ecr",
            "module.eks.aws_iam_role_policy_attachment.node_ssm",
            "module.eks.aws_iam_role_policy_attachment.node_worker",
            "module.eks.aws_kms_alias.eks",
            "module.eks.aws_kms_key.eks",
            "module.eks.aws_launch_template.node",
            "module.eks.aws_security_group.cluster",
            "module.eks.aws_security_group.node",
            "module.eks.aws_security_group_rule.cluster_ingress_node_https",
            "module.eks.data.aws_iam_policy_document.cluster_assume_role",
            "module.eks.data.aws_iam_policy_document.ebs_csi_assume",
            "module.eks.data.aws_iam_policy_document.node_assume_role",
            "module.eks.data.tls_certificate.eks",
            "module.networking.aws_subnet.private",
            "module.networking.aws_subnet.public",
            "module.networking.aws_vpc.this"
          ]
        }
      ]
    },
    {
      "module": "module.addons",
      "mode": "managed",
      "type": "aws_iam_policy",
      "name": "alb_controller",
      "provider": "provider[\"registry.terraform.io/hashicorp/aws\"]",
      "instances": [
        {
          "schema_version": 0,
          "attributes": {
            "arn": "arn:aws:iam::962765734677:policy/eks-gitops-platform-alb-controller-policy",
            "attachment_count": 1,
            "description": "",
            "id": "arn:aws:iam::962765734677:policy/eks-gitops-platform-alb-controller-policy",
            "name": "eks-gitops-platform-alb-controller-policy",
            "name_prefix": "",
            "path": "/",
            "policy": "{\"Statement\":[{\"Action\":[\"iam:CreateServiceLinkedRole\"],\"Condition\":{\"StringEquals\":{\"iam:AWSServiceName\":\"elasticloadbalancing.amazonaws.com\"}},\"Effect\":\"Allow\",\"Resource\":\"*\"},{\"Action\":[\"ec2:DescribeAccountAttributes\",\"ec2:DescribeAddresses\",\"ec2:DescribeAvailabilityZones\",\"ec2:DescribeInternetGateways\",\"ec2:DescribeVpcs\",\"ec2:DescribeVpcPeeringConnections\",\"ec2:DescribeSubnets\",\"ec2:DescribeSecurityGroups\",\"ec2:DescribeInstances\",\"ec2:DescribeNetworkInterfaces\",\"ec2:DescribeTags\",\"ec2:GetCoipPoolUsage\",\"ec2:DescribeCoipPools\",\"elasticloadbalancing:DescribeLoadBalancers\",\"elasticloadbalancing:DescribeLoadBalancerAttributes\",\"elasticloadbalancing:DescribeListeners\",\"elasticloadbalancing:DescribeListenerCertificates\",\"elasticloadbalancing:DescribeSSLPolicies\",\"elasticloadbalancing:DescribeRules\",\"elasticloadbalancing:DescribeTargetGroups\",\"elasticloadbalancing:DescribeTargetGroupAttributes\",\"elasticloadbalancing:DescribeTargetHealth\",\"elasticloadbalancing:DescribeTags\"],\"Effect\":\"Allow\",\"Resource\":\"*\"},{\"Action\":[\"cognito-idp:DescribeUserPoolClient\",\"acm:ListCertificates\",\"acm:DescribeCertificate\",\"iam:ListServerCertificates\",\"iam:GetServerCertificate\",\"waf-regional:GetWebACL\",\"waf-regional:GetWebACLForResource\",\"waf-regional:AssociateWebACL\",\"waf-regional:DisassociateWebACL\",\"wafv2:GetWebACL\",\"wafv2:GetWebACLForResource\",\"wafv2:AssociateWebACL\",\"wafv2:DisassociateWebACL\",\"shield:GetSubscriptionState\",\"shield:DescribeProtection\",\"shield:CreateProtection\",\"shield:DeleteProtection\"],\"Effect\":\"Allow\",\"Resource\":\"*\"},{\"Action\":[\"ec2:AuthorizeSecurityGroupIngress\",\"ec2:RevokeSecurityGroupIngress\"],\"Effect\":\"Allow\",\"Resource\":\"*\"},{\"Action\":[\"ec2:CreateSecurityGroup\"],\"Effect\":\"Allow\",\"Resource\":\"*\"},{\"Action\":[\"ec2:CreateTags\"],\"Condition\":{\"Null\":{\"aws:RequestedRegion\":\"false\"},\"StringEquals\":{\"ec2:CreateAction\":\"CreateSecurityGroup\"}},\"Effect\":\"Allow\",\"Resource\":\"arn:aws:ec2:*:*:security-group/*\"},{\"Action\":[\"ec2:CreateTags\",\"ec2:DeleteTags\"],\"Condition\":{\"Null\":{\"aws:RequestTag/elbv2.k8s.aws/cluster\":\"false\",\"aws:ResourceTag/elbv2.k8s.aws/cluster\":\"false\"}},\"Effect\":\"Allow\",\"Resource\":\"arn:aws:ec2:*:*:security-group/*\"},{\"Action\":[\"ec2:AuthorizeSecurityGroupIngress\",\"ec2:RevokeSecurityGroupIngress\",\"ec2:DeleteSecurityGroup\"],\"Condition\":{\"Null\":{\"aws:ResourceTag/elbv2.k8s.aws/cluster\":\"false\"}},\"Effect\":\"Allow\",\"Resource\":\"*\"},{\"Action\":[\"elasticloadbalancing:CreateLoadBalancer\",\"elasticloadbalancing:CreateTargetGroup\"],\"Condition\":{\"Null\":{\"aws:RequestTag/elbv2.k8s.aws/cluster\":\"false\"}},\"Effect\":\"Allow\",\"Resource\":\"*\"},{\"Action\":[\"elasticloadbalancing:CreateListener\",\"elasticloadbalancing:DeleteListener\",\"elasticloadbalancing:CreateRule\",\"elasticloadbalancing:DeleteRule\"],\"Effect\":\"Allow\",\"Resource\":\"*\"},{\"Action\":[\"elasticloadbalancing:AddTags\",\"elasticloadbalancing:RemoveTags\"],\"Condition\":{\"Null\":{\"aws:RequestTag/elbv2.k8s.aws/cluster\":\"true\",\"aws:ResourceTag/elbv2.k8s.aws/cluster\":\"false\"}},\"Effect\":\"Allow\",\"Resource\":[\"arn:aws:elasticloadbalancing:*:*:targetgroup/*/*\",\"arn:aws:elasticloadbalancing:*:*:loadbalancer/net/*/*\",\"arn:aws:elasticloadbalancing:*:*:loadbalancer/app/*/*\"]},{\"Action\":[\"elasticloadbalancing:AddTags\",\"elasticloadbalancing:RemoveTags\"],\"Effect\":\"Allow\",\"Resource\":[\"arn:aws:elasticloadbalancing:*:*:listener/net/*/*/*\",\"arn:aws:elasticloadbalancing:*:*:listener/app/*/*/*\",\"arn:aws:elasticloadbalancing:*:*:listener-rule/net/*/*/*\",\"arn:aws:elasticloadbalancing:*:*:listener-rule/app/*/*/*\"]},{\"Action\":[\"elasticloadbalancing:ModifyLoadBalancerAttributes\",\"elasticloadbalancing:SetIpAddressType\",\"elasticloadbalancing:SetSecurityGroups\",\"elasticloadbalancing:SetSubnets\",\"elasticloadbalancing:DeleteLoadBalancer\",\"elasticloadbalancing:ModifyTargetGroup\",\"elasticloadbalancing:ModifyTargetGroupAttributes\",\"elasticloadbalancing:DeleteTargetGroup\"],\"Condition\":{\"Null\":{\"aws:ResourceTag/elbv2.k8s.aws/cluster\":\"false\"}},\"Effect\":\"Allow\",\"Resource\":\"*\"},{\"Action\":[\"elasticloadbalancing:AddTags\"],\"Condition\":{\"Null\":{\"aws:RequestTag/elbv2.k8s.aws/cluster\":\"false\"},\"StringEquals\":{\"elasticloadbalancing:CreateAction\":[\"CreateTargetGroup\",\"CreateLoadBalancer\"]}},\"Effect\":\"Allow\",\"Resource\":[\"arn:aws:elasticloadbalancing:*:*:targetgroup/*/*\",\"arn:aws:elasticloadbalancing:*:*:loadbalancer/net/*/*\",\"arn:aws:elasticloadbalancing:*:*:loadbalancer/app/*/*\"]},{\"Action\":[\"elasticloadbalancing:RegisterTargets\",\"elasticloadbalancing:DeregisterTargets\"],\"Effect\":\"Allow\",\"Resource\":\"arn:aws:elasticloadbalancing:*:*:targetgroup/*/*\"},{\"Action\":[\"elasticloadbalancing:SetWebAcl\",\"elasticloadbalancing:ModifyListener\",\"elasticloadbalancing:AddListenerCertificates\",\"elasticloadbalancing:RemoveListenerCertificates\",\"elasticloadbalancing:ModifyRule\"],\"Effect\":\"Allow\",\"Resource\":\"*\"}],\"Version\":\"2012-10-17\"}",
            "policy_id": "ANPA6AKKPIMK5CMD7VI7O",
            "tags": {},
            "tags_all": {
              "Environment": "prod",
              "ManagedBy": "terraform",
              "Mission": "Retail-Order-Processor",
              "Owner": "Patricio-Lumbenlengo",
              "Project": "eks-gitops-platform"
            }
          },
          "sensitive_attributes": [],
          "private": "bnVsbA==",
          "dependencies": [
            "data.aws_availability_zones.available",
            "data.aws_caller_identity.current",
            "module.eks.aws_cloudwatch_log_group.eks",
            "module.eks.aws_eks_addon.aws_ebs_csi_driver",
            "module.eks.aws_eks_addon.coredns",
            "module.eks.aws_eks_addon.kube_proxy",
            "module.eks.aws_eks_addon.vpc_cni",
            "module.eks.aws_eks_cluster.this",
            "module.eks.aws_eks_node_group.general",
            "module.eks.aws_iam_openid_connect_provider.eks",
            "module.eks.aws_iam_role.cluster",
            "module.eks.aws_iam_role.ebs_csi",
            "module.eks.aws_iam_role.node",
            "module.eks.aws_iam_role_policy_attachment.cluster_policy",
            "module.eks.aws_iam_role_policy_attachment.cluster_vpc_resource_controller",
            "module.eks.aws_iam_role_policy_attachment.ebs_csi",
            "module.eks.aws_iam_role_policy_attachment.node_cni",
            "module.eks.aws_iam_role_policy_attachment.node_ecr",
            "module.eks.aws_iam_role_policy_attachment.node_ssm",
            "module.eks.aws_iam_role_policy_attachment.node_worker",
            "module.eks.aws_kms_alias.eks",
            "module.eks.aws_kms_key.eks",
            "module.eks.aws_launch_template.node",
            "module.eks.aws_security_group.cluster",
            "module.eks.aws_security_group.node",
            "module.eks.aws_security_group_rule.cluster_ingress_node_https",
            "module.eks.data.aws_iam_policy_document.cluster_assume_role",
            "module.eks.data.aws_iam_policy_document.ebs_csi_assume",
            "module.eks.data.aws_iam_policy_document.node_assume_role",
            "module.eks.data.tls_certificate.eks",
            "module.networking.aws_subnet.private",
            "module.networking.aws_subnet.public",
            "module.networking.aws_vpc.this"
          ]
        }
      ]
    },
    {
      "module": "module.addons",
      "mode": "managed",
      "type": "aws_iam_role",
      "name": "alb_controller",
      "provider": "provider[\"registry.terraform.io/hashicorp/aws\"]",
      "instances": [
        {
          "schema_version": 0,
          "attributes": {
            "arn": "arn:aws:iam::962765734677:role/eks-gitops-platform-alb-controller",
            "assume_role_policy": "{\"Statement\":[{\"Action\":\"sts:AssumeRoleWithWebIdentity\",\"Condition\":{\"StringEquals\":{\"oidc.eks.us-east-1.amazonaws.com/id/0E3DE1EE9358A89189759D9F4C041D42:aud\":\"sts.amazonaws.com\",\"oidc.eks.us-east-1.amazonaws.com/id/0E3DE1EE9358A89189759D9F4C041D42:sub\":\"system:serviceaccount:kube-system:aws-load-balancer-controller\"}},\"Effect\":\"Allow\",\"Principal\":{\"Federated\":\"arn:aws:iam::962765734677:oidc-provider/oidc.eks.us-east-1.amazonaws.com/id/0E3DE1EE9358A89189759D9F4C041D42\"}}],\"Version\":\"2012-10-17\"}",
            "create_date": "2026-05-07T08:51:59Z",
            "description": "",
            "force_detach_policies": false,
            "id": "eks-gitops-platform-alb-controller",
            "inline_policy": [],
            "managed_policy_arns": [
              "arn:aws:iam::962765734677:policy/eks-gitops-platform-alb-controller-policy"
            ],
            "max_session_duration": 3600,
            "name": "eks-gitops-platform-alb-controller",
            "name_prefix": "",
            "path": "/",
            "permissions_boundary": "",
            "tags": {},
            "tags_all": {
              "Environment": "prod",
              "ManagedBy": "terraform",
              "Mission": "Retail-Order-Processor",
              "Owner": "Patricio-Lumbenlengo",
              "Project": "eks-gitops-platform"
            },
            "unique_id": "AROA6AKKPIMKW6CBBCBTR"
          },
          "sensitive_attributes": [],
          "private": "bnVsbA==",
          "dependencies": [
            "data.aws_availability_zones.available",
            "data.aws_caller_identity.current",
            "module.addons.data.aws_iam_policy_document.alb_controller_assume",
            "module.eks.aws_cloudwatch_log_group.eks",
            "module.eks.aws_eks_addon.aws_ebs_csi_driver",
            "module.eks.aws_eks_addon.coredns",
            "module.eks.aws_eks_addon.kube_proxy",
            "module.eks.aws_eks_addon.vpc_cni",
            "module.eks.aws_eks_cluster.this",
            "module.eks.aws_eks_node_group.general",
            "module.eks.aws_iam_openid_connect_provider.eks",
            "module.eks.aws_iam_role.cluster",
            "module.eks.aws_iam_role.ebs_csi",
            "module.eks.aws_iam_role.node",
            "module.eks.aws_iam_role_policy_attachment.cluster_policy",
            "module.eks.aws_iam_role_policy_attachment.cluster_vpc_resource_controller",
            "module.eks.aws_iam_role_policy_attachment.ebs_csi",
            "module.eks.aws_iam_role_policy_attachment.node_cni",
            "module.eks.aws_iam_role_policy_attachment.node_ecr",
            "module.eks.aws_iam_role_policy_attachment.node_ssm",
            "module.eks.aws_iam_role_policy_attachment.node_worker",
            "module.eks.aws_kms_alias.eks",
            "module.eks.aws_kms_key.eks",
            "module.eks.aws_launch_template.node",
            "module.eks.aws_security_group.cluster",
            "module.eks.aws_security_group.node",
            "module.eks.aws_security_group_rule.cluster_ingress_node_https",
            "module.eks.data.aws_iam_policy_document.cluster_assume_role",
            "module.eks.data.aws_iam_policy_document.ebs_csi_assume",
            "module.eks.data.aws_iam_policy_document.node_assume_role",
            "module.eks.data.tls_certificate.eks",
            "module.networking.aws_subnet.private",
            "module.networking.aws_subnet.public",
            "module.networking.aws_vpc.this"
          ]
        }
      ]
    },
    {
      "module": "module.addons",
      "mode": "managed",
      "type": "aws_iam_role",
      "name": "external_secrets",
      "provider": "provider[\"registry.terraform.io/hashicorp/aws\"]",
      "instances": [
        {
          "schema_version": 0,
          "attributes": {
            "arn": "arn:aws:iam::962765734677:role/eks-gitops-platform-external-secrets",
            "assume_role_policy": "{\"Statement\":[{\"Action\":\"sts:AssumeRoleWithWebIdentity\",\"Condition\":{\"StringEquals\":{\"oidc.eks.us-east-1.amazonaws.com/id/0E3DE1EE9358A89189759D9F4C041D42:aud\":\"sts.amazonaws.com\",\"oidc.eks.us-east-1.amazonaws.com/id/0E3DE1EE9358A89189759D9F4C041D42:sub\":\"system:serviceaccount:external-secrets:external-secrets-sa\"}},\"Effect\":\"Allow\",\"Principal\":{\"Federated\":\"arn:aws:iam::962765734677:oidc-provider/oidc.eks.us-east-1.amazonaws.com/id/0E3DE1EE9358A89189759D9F4C041D42\"}}],\"Version\":\"2012-10-17\"}",
            "create_date": "2026-05-07T08:51:59Z",
            "description": "",
            "force_detach_policies": false,
            "id": "eks-gitops-platform-external-secrets",
            "inline_policy": [
              {
                "name": "external-secrets-policy",
                "policy": "{\"Version\":\"2012-10-17\",\"Statement\":[{\"Action\":[\"secretsmanager:GetResourcePolicy\",\"secretsmanager:GetSecretValue\",\"secretsmanager:DescribeSecret\",\"secretsmanager:ListSecretVersionIds\"],\"Effect\":\"Allow\",\"Resource\":\"arn:aws:secretsmanager:us-east-1:962765734677:secret:eks-gitops-platform/*\"},{\"Action\":[\"ssm:GetParameter\",\"ssm:GetParameters\",\"ssm:GetParametersByPath\"],\"Effect\":\"Allow\",\"Resource\":\"arn:aws:ssm:us-east-1:962765734677:parameter/eks-gitops-platform/*\"}]}"
              }
            ],
            "managed_policy_arns": [],
            "max_session_duration": 3600,
            "name": "eks-gitops-platform-external-secrets",
            "name_prefix": "",
            "path": "/",
            "permissions_boundary": "",
            "tags": {},
            "tags_all": {
              "Environment": "prod",
              "ManagedBy": "terraform",
              "Mission": "Retail-Order-Processor",
              "Owner": "Patricio-Lumbenlengo",
              "Project": "eks-gitops-platform"
            },
            "unique_id": "AROA6AKKPIMK47CVVEAIB"
          },
          "sensitive_attributes": [],
          "private": "bnVsbA==",
          "dependencies": [
            "data.aws_availability_zones.available",
            "data.aws_caller_identity.current",
            "module.addons.data.aws_iam_policy_document.external_secrets_assume",
            "module.eks.aws_cloudwatch_log_group.eks",
            "module.eks.aws_eks_addon.aws_ebs_csi_driver",
            "module.eks.aws_eks_addon.coredns",
            "module.eks.aws_eks_addon.kube_proxy",
            "module.eks.aws_eks_addon.vpc_cni",
            "module.eks.aws_eks_cluster.this",
            "module.eks.aws_eks_node_group.general",
            "module.eks.aws_iam_openid_connect_provider.eks",
            "module.eks.aws_iam_role.cluster",
            "module.eks.aws_iam_role.ebs_csi",
            "module.eks.aws_iam_role.node",
            "module.eks.aws_iam_role_policy_attachment.cluster_policy",
            "module.eks.aws_iam_role_policy_attachment.cluster_vpc_resource_controller",
            "module.eks.aws_iam_role_policy_attachment.ebs_csi",
            "module.eks.aws_iam_role_policy_attachment.node_cni",
            "module.eks.aws_iam_role_policy_attachment.node_ecr",
            "module.eks.aws_iam_role_policy_attachment.node_ssm",
            "module.eks.aws_iam_role_policy_attachment.node_worker",
            "module.eks.aws_kms_alias.eks",
            "module.eks.aws_kms_key.eks",
            "module.eks.aws_launch_template.node",
            "module.eks.aws_security_group.cluster",
            "module.eks.aws_security_group.node",
            "module.eks.aws_security_group_rule.cluster_ingress_node_https",
            "module.eks.data.aws_iam_policy_document.cluster_assume_role",
            "module.eks.data.aws_iam_policy_document.ebs_csi_assume",
            "module.eks.data.aws_iam_policy_document.node_assume_role",
            "module.eks.data.tls_certificate.eks",
            "module.networking.aws_subnet.private",
            "module.networking.aws_subnet.public",
            "module.networking.aws_vpc.this"
          ]
        }
      ]
    },
    {
      "module": "module.addons",
      "mode": "managed",
      "type": "aws_iam_role",
      "name": "keda",
      "provider": "provider[\"registry.terraform.io/hashicorp/aws\"]",
      "instances": [
        {
          "schema_version": 0,
          "attributes": {
            "arn": "arn:aws:iam::962765734677:role/eks-gitops-platform-keda",
            "assume_role_policy": "{\"Statement\":[{\"Action\":\"sts:AssumeRoleWithWebIdentity\",\"Condition\":{\"StringEquals\":{\"oidc.eks.us-east-1.amazonaws.com/id/0E3DE1EE9358A89189759D9F4C041D42:aud\":\"sts.amazonaws.com\",\"oidc.eks.us-east-1.amazonaws.com/id/0E3DE1EE9358A89189759D9F4C041D42:sub\":\"system:serviceaccount:keda:keda-operator\"}},\"Effect\":\"Allow\",\"Principal\":{\"Federated\":\"arn:aws:iam::962765734677:oidc-provider/oidc.eks.us-east-1.amazonaws.com/id/0E3DE1EE9358A89189759D9F4C041D42\"}}],\"Version\":\"2012-10-17\"}",
            "create_date": "2026-05-07T08:51:58Z",
            "description": "",
            "force_detach_policies": false,
            "id": "eks-gitops-platform-keda",
            "inline_policy": [
              {
                "name": "keda-sqs-policy",
                "policy": "{\"Version\":\"2012-10-17\",\"Statement\":[{\"Action\":[\"sqs:GetQueueAttributes\",\"sqs:GetQueueUrl\"],\"Effect\":\"Allow\",\"Resource\":\"*\"}]}"
              }
            ],
            "managed_policy_arns": [],
            "max_session_duration": 3600,
            "name": "eks-gitops-platform-keda",
            "name_prefix": "",
            "path": "/",
            "permissions_boundary": "",
            "tags": {},
            "tags_all": {
              "Environment": "prod",
              "ManagedBy": "terraform",
              "Mission": "Retail-Order-Processor",
              "Owner": "Patricio-Lumbenlengo",
              "Project": "eks-gitops-platform"
            },
            "unique_id": "AROA6AKKPIMKVPSJCZIMB"
          },
          "sensitive_attributes": [],
          "private": "bnVsbA==",
          "dependencies": [
            "data.aws_availability_zones.available",
            "data.aws_caller_identity.current",
            "module.addons.data.aws_iam_policy_document.keda_assume",
            "module.eks.aws_cloudwatch_log_group.eks",
            "module.eks.aws_eks_addon.aws_ebs_csi_driver",
            "module.eks.aws_eks_addon.coredns",
            "module.eks.aws_eks_addon.kube_proxy",
            "module.eks.aws_eks_addon.vpc_cni",
            "module.eks.aws_eks_cluster.this",
            "module.eks.aws_eks_node_group.general",
            "module.eks.aws_iam_openid_connect_provider.eks",
            "module.eks.aws_iam_role.cluster",
            "module.eks.aws_iam_role.ebs_csi",
            "module.eks.aws_iam_role.node",
            "module.eks.aws_iam_role_policy_attachment.cluster_policy",
            "module.eks.aws_iam_role_policy_attachment.cluster_vpc_resource_controller",
            "module.eks.aws_iam_role_policy_attachment.ebs_csi",
            "module.eks.aws_iam_role_policy_attachment.node_cni",
            "module.eks.aws_iam_role_policy_attachment.node_ecr",
            "module.eks.aws_iam_role_policy_attachment.node_ssm",
            "module.eks.aws_iam_role_policy_attachment.node_worker",
            "module.eks.aws_kms_alias.eks",
            "module.eks.aws_kms_key.eks",
            "module.eks.aws_launch_template.node",
            "module.eks.aws_security_group.cluster",
            "module.eks.aws_security_group.node",
            "module.eks.aws_security_group_rule.cluster_ingress_node_https",
            "module.eks.data.aws_iam_policy_document.cluster_assume_role",
            "module.eks.data.aws_iam_policy_document.ebs_csi_assume",
            "module.eks.data.aws_iam_policy_document.node_assume_role",
            "module.eks.data.tls_certificate.eks",
            "module.networking.aws_subnet.private",
            "module.networking.aws_subnet.public",
            "module.networking.aws_vpc.this"
          ]
        }
      ]
    },
    {
      "module": "module.addons",
      "mode": "managed",
      "type": "aws_iam_role_policy",
      "name": "external_secrets",
      "provider": "provider[\"registry.terraform.io/hashicorp/aws\"]",
      "instances": [
        {
          "schema_version": 0,
          "attributes": {
            "id": "eks-gitops-platform-external-secrets:external-secrets-policy",
            "name": "external-secrets-policy",
            "name_prefix": "",
            "policy": "{\"Version\":\"2012-10-17\",\"Statement\":[{\"Action\":[\"secretsmanager:GetResourcePolicy\",\"secretsmanager:GetSecretValue\",\"secretsmanager:DescribeSecret\",\"secretsmanager:ListSecretVersionIds\"],\"Effect\":\"Allow\",\"Resource\":\"arn:aws:secretsmanager:us-east-1:962765734677:secret:eks-gitops-platform/*\"},{\"Action\":[\"ssm:GetParameter\",\"ssm:GetParameters\",\"ssm:GetParametersByPath\"],\"Effect\":\"Allow\",\"Resource\":\"arn:aws:ssm:us-east-1:962765734677:parameter/eks-gitops-platform/*\"}]}",
            "role": "eks-gitops-platform-external-secrets"
          },
          "sensitive_attributes": [],
          "private": "bnVsbA==",
          "dependencies": [
            "data.aws_availability_zones.available",
            "data.aws_caller_identity.current",
            "module.addons.aws_iam_role.external_secrets",
            "module.addons.data.aws_iam_policy_document.external_secrets_assume",
            "module.eks.aws_cloudwatch_log_group.eks",
            "module.eks.aws_eks_addon.aws_ebs_csi_driver",
            "module.eks.aws_eks_addon.coredns",
            "module.eks.aws_eks_addon.kube_proxy",
            "module.eks.aws_eks_addon.vpc_cni",
            "module.eks.aws_eks_cluster.this",
            "module.eks.aws_eks_node_group.general",
            "module.eks.aws_iam_openid_connect_provider.eks",
            "module.eks.aws_iam_role.cluster",
            "module.eks.aws_iam_role.ebs_csi",
            "module.eks.aws_iam_role.node",
            "module.eks.aws_iam_role_policy_attachment.cluster_policy",
            "module.eks.aws_iam_role_policy_attachment.cluster_vpc_resource_controller",
            "module.eks.aws_iam_role_policy_attachment.ebs_csi",
            "module.eks.aws_iam_role_policy_attachment.node_cni",
            "module.eks.aws_iam_role_policy_attachment.node_ecr",
            "module.eks.aws_iam_role_policy_attachment.node_ssm",
            "module.eks.aws_iam_role_policy_attachment.node_worker",
            "module.eks.aws_kms_alias.eks",
            "module.eks.aws_kms_key.eks",
            "module.eks.aws_launch_template.node",
            "module.eks.aws_security_group.cluster",
            "module.eks.aws_security_group.node",
            "module.eks.aws_security_group_rule.cluster_ingress_node_https",
            "module.eks.data.aws_iam_policy_document.cluster_assume_role",
            "module.eks.data.aws_iam_policy_document.ebs_csi_assume",
            "module.eks.data.aws_iam_policy_document.node_assume_role",
            "module.eks.data.tls_certificate.eks",
            "module.networking.aws_subnet.private",
            "module.networking.aws_subnet.public",
            "module.networking.aws_vpc.this"
          ]
        }
      ]
    },
    {
      "module": "module.addons",
      "mode": "managed",
      "type": "aws_iam_role_policy",
      "name": "keda",
      "provider": "provider[\"registry.terraform.io/hashicorp/aws\"]",
      "instances": [
        {
          "schema_version": 0,
          "attributes": {
            "id": "eks-gitops-platform-keda:keda-sqs-policy",
            "name": "keda-sqs-policy",
            "name_prefix": "",
            "policy": "{\"Version\":\"2012-10-17\",\"Statement\":[{\"Action\":[\"sqs:GetQueueAttributes\",\"sqs:GetQueueUrl\"],\"Effect\":\"Allow\",\"Resource\":\"*\"}]}",
            "role": "eks-gitops-platform-keda"
          },
          "sensitive_attributes": [],
          "private": "bnVsbA==",
          "dependencies": [
            "data.aws_availability_zones.available",
            "data.aws_caller_identity.current",
            "module.addons.aws_iam_role.keda",
            "module.addons.data.aws_iam_policy_document.keda_assume",
            "module.eks.aws_cloudwatch_log_group.eks",
            "module.eks.aws_eks_addon.aws_ebs_csi_driver",
            "module.eks.aws_eks_addon.coredns",
            "module.eks.aws_eks_addon.kube_proxy",
            "module.eks.aws_eks_addon.vpc_cni",
            "module.eks.aws_eks_cluster.this",
            "module.eks.aws_eks_node_group.general",
            "module.eks.aws_iam_openid_connect_provider.eks",
            "module.eks.aws_iam_role.cluster",
            "module.eks.aws_iam_role.ebs_csi",
            "module.eks.aws_iam_role.node",
            "module.eks.aws_iam_role_policy_attachment.cluster_policy",
            "module.eks.aws_iam_role_policy_attachment.cluster_vpc_resource_controller",
            "module.eks.aws_iam_role_policy_attachment.ebs_csi",
            "module.eks.aws_iam_role_policy_attachment.node_cni",
            "module.eks.aws_iam_role_policy_attachment.node_ecr",
            "module.eks.aws_iam_role_policy_attachment.node_ssm",
            "module.eks.aws_iam_role_policy_attachment.node_worker",
            "module.eks.aws_kms_alias.eks",
            "module.eks.aws_kms_key.eks",
            "module.eks.aws_launch_template.node",
            "module.eks.aws_security_group.cluster",
            "module.eks.aws_security_group.node",
            "module.eks.aws_security_group_rule.cluster_ingress_node_https",
            "module.eks.data.aws_iam_policy_document.cluster_assume_role",
            "module.eks.data.aws_iam_policy_document.ebs_csi_assume",
            "module.eks.data.aws_iam_policy_document.node_assume_role",
            "module.eks.data.tls_certificate.eks",
            "module.networking.aws_subnet.private",
            "module.networking.aws_subnet.public",
            "module.networking.aws_vpc.this"
          ]
        }
      ]
    },
    {
      "module": "module.addons",
      "mode": "managed",
      "type": "aws_iam_role_policy_attachment",
      "name": "alb_controller",
      "provider": "provider[\"registry.terraform.io/hashicorp/aws\"]",
      "instances": [
        {
          "schema_version": 0,
          "attributes": {
            "id": "eks-gitops-platform-alb-controller-20260507085159855900000008",
            "policy_arn": "arn:aws:iam::962765734677:policy/eks-gitops-platform-alb-controller-policy",
            "role": "eks-gitops-platform-alb-controller"
          },
          "sensitive_attributes": [],
          "private": "bnVsbA==",
          "dependencies": [
            "data.aws_availability_zones.available",
            "data.aws_caller_identity.current",
            "module.addons.aws_iam_policy.alb_controller",
            "module.addons.aws_iam_role.alb_controller",
            "module.addons.data.aws_iam_policy_document.alb_controller_assume",
            "module.eks.aws_cloudwatch_log_group.eks",
            "module.eks.aws_eks_addon.aws_ebs_csi_driver",
            "module.eks.aws_eks_addon.coredns",
            "module.eks.aws_eks_addon.kube_proxy",
            "module.eks.aws_eks_addon.vpc_cni",
            "module.eks.aws_eks_cluster.this",
            "module.eks.aws_eks_node_group.general",
            "module.eks.aws_iam_openid_connect_provider.eks",
            "module.eks.aws_iam_role.cluster",
            "module.eks.aws_iam_role.ebs_csi",
            "module.eks.aws_iam_role.node",
            "module.eks.aws_iam_role_policy_attachment.cluster_policy",
            "module.eks.aws_iam_role_policy_attachment.cluster_vpc_resource_controller",
            "module.eks.aws_iam_role_policy_attachment.ebs_csi",
            "module.eks.aws_iam_role_policy_attachment.node_cni",
            "module.eks.aws_iam_role_policy_attachment.node_ecr",
            "module.eks.aws_iam_role_policy_attachment.node_ssm",
            "module.eks.aws_iam_role_policy_attachment.node_worker",
            "module.eks.aws_kms_alias.eks",
            "module.eks.aws_kms_key.eks",
            "module.eks.aws_launch_template.node",
            "module.eks.aws_security_group.cluster",
            "module.eks.aws_security_group.node",
            "module.eks.aws_security_group_rule.cluster_ingress_node_https",
            "module.eks.data.aws_iam_policy_document.cluster_assume_role",
            "module.eks.data.aws_iam_policy_document.ebs_csi_assume",
            "module.eks.data.aws_iam_policy_document.node_assume_role",
            "module.eks.data.tls_certificate.eks",
            "module.networking.aws_subnet.private",
            "module.networking.aws_subnet.public",
            "module.networking.aws_vpc.this"
          ]
        }
      ]
    },
    {
      "module": "module.addons",
      "mode": "managed",
      "type": "helm_release",
      "name": "alb_controller",
      "provider": "provider[\"registry.terraform.io/hashicorp/helm\"]",
      "instances": [
        {
          "schema_version": 1,
          "attributes": {
            "atomic": false,
            "chart": "aws-load-balancer-controller",
            "cleanup_on_fail": false,
            "create_namespace": false,
            "dependency_update": false,
            "description": null,
            "devel": null,
            "disable_crd_hooks": false,
            "disable_openapi_validation": false,
            "disable_webhooks": false,
            "force_update": false,
            "id": "aws-load-balancer-controller",
            "keyring": null,
            "lint": false,
            "manifest": null,
            "max_history": 0,
            "metadata": [
              {
                "app_version": "v2.7.2",
                "chart": "aws-load-balancer-controller",
                "first_deployed": 1778143925,
                "last_deployed": 1778143925,
                "name": "aws-load-balancer-controller",
                "namespace": "kube-system",
                "notes": "AWS Load Balancer controller installed!\n",
                "revision": 1,
                "values": "{\"clusterName\":\"eks-gitops-platform\",\"region\":\"us-east-1\",\"replicaCount\":2,\"serviceAccount\":{\"create\":false,\"name\":\"aws-load-balancer-controller\"},\"vpcId\":\"vpc-04ac29ba194629fa3\"}",
                "version": "1.7.2"
              }
            ],
            "name": "aws-load-balancer-controller",
            "namespace": "kube-system",
            "pass_credentials": false,
            "postrender": [],
            "recreate_pods": false,
            "render_subchart_notes": true,
            "replace": false,
            "repository": "https://aws.github.io/eks-charts",
            "repository_ca_file": null,
            "repository_cert_file": null,
            "repository_key_file": null,
            "repository_password": null,
            "repository_username": null,
            "reset_values": false,
            "reuse_values": false,
            "set": [
              {
                "name": "clusterName",
                "type": "",
                "value": "eks-gitops-platform"
              },
              {
                "name": "region",
                "type": "",
                "value": "us-east-1"
              },
              {
                "name": "replicaCount",
                "type": "",
                "value": "2"
              },
              {
                "name": "serviceAccount.create",
                "type": "",
                "value": "false"
              },
              {
                "name": "serviceAccount.name",
                "type": "",
                "value": "aws-load-balancer-controller"
              },
              {
                "name": "vpcId",
                "type": "",
                "value": "vpc-04ac29ba194629fa3"
              }
            ],
            "set_list": [],
            "set_sensitive": [],
            "skip_crds": false,
            "status": "deployed",
            "timeout": 300,
            "upgrade_install": null,
            "values": null,
            "verify": false,
            "version": "1.7.2",
            "wait": true,
            "wait_for_jobs": false
          },
          "sensitive_attributes": [
            [
              {
                "type": "get_attr",
                "value": "repository_password"
              }
            ]
          ],
          "private": "eyJzY2hlbWFfdmVyc2lvbiI6IjEifQ==",
          "dependencies": [
            "data.aws_availability_zones.available",
            "data.aws_caller_identity.current",
            "data.aws_eks_cluster_auth.this",
            "module.addons.aws_iam_policy.alb_controller",
            "module.addons.aws_iam_role.alb_controller",
            "module.addons.aws_iam_role_policy_attachment.alb_controller",
            "module.addons.data.aws_iam_policy_document.alb_controller_assume",
            "module.addons.kubernetes_service_account.alb_controller",
            "module.eks.aws_cloudwatch_log_group.eks",
            "module.eks.aws_eks_addon.aws_ebs_csi_driver",
            "module.eks.aws_eks_addon.coredns",
            "module.eks.aws_eks_addon.kube_proxy",
            "module.eks.aws_eks_addon.vpc_cni",
            "module.eks.aws_eks_cluster.this",
            "module.eks.aws_eks_node_group.general",
            "module.eks.aws_iam_openid_connect_provider.eks",
            "module.eks.aws_iam_role.cluster",
            "module.eks.aws_iam_role.ebs_csi",
            "module.eks.aws_iam_role.node",
            "module.eks.aws_iam_role_policy_attachment.cluster_policy",
            "module.eks.aws_iam_role_policy_attachment.cluster_vpc_resource_controller",
            "module.eks.aws_iam_role_policy_attachment.ebs_csi",
            "module.eks.aws_iam_role_policy_attachment.node_cni",
            "module.eks.aws_iam_role_policy_attachment.node_ecr",
            "module.eks.aws_iam_role_policy_attachment.node_ssm",
            "module.eks.aws_iam_role_policy_attachment.node_worker",
            "module.eks.aws_kms_alias.eks",
            "module.eks.aws_kms_key.eks",
            "module.eks.aws_launch_template.node",
            "module.eks.aws_security_group.cluster",
            "module.eks.aws_security_group.node",
            "module.eks.aws_security_group_rule.cluster_ingress_node_https",
            "module.eks.data.aws_iam_policy_document.cluster_assume_role",
            "module.eks.data.aws_iam_policy_document.ebs_csi_assume",
            "module.eks.data.aws_iam_policy_document.node_assume_role",
            "module.eks.data.tls_certificate.eks",
            "module.networking.aws_subnet.private",
            "module.networking.aws_subnet.public",
            "module.networking.aws_vpc.this"
          ]
        }
      ]
    },
    {
      "module": "module.addons",
      "mode": "managed",
      "type": "helm_release",
      "name": "cluster_autoscaler",
      "provider": "provider[\"registry.terraform.io/hashicorp/helm\"]",
      "instances": [
        {
          "schema_version": 1,
          "attributes": {
            "atomic": false,
            "chart": "cluster-autoscaler",
            "cleanup_on_fail": false,
            "create_namespace": false,
            "dependency_update": false,
            "description": null,
            "devel": null,
            "disable_crd_hooks": false,
            "disable_openapi_validation": false,
            "disable_webhooks": false,
            "force_update": false,
            "id": "cluster-autoscaler",
            "keyring": null,
            "lint": false,
            "manifest": null,
            "max_history": 0,
            "metadata": [
              {
                "app_version": "1.29.0",
                "chart": "cluster-autoscaler",
                "first_deployed": 1778143918,
                "last_deployed": 1778143918,
                "name": "cluster-autoscaler",
                "namespace": "kube-system",
                "notes": "To verify that cluster-autoscaler has started, run:\n\n  kubectl --namespace=kube-system get pods -l \"app.kubernetes.io/name=aws-cluster-autoscaler,app.kubernetes.io/instance=cluster-autoscaler\"",
                "revision": 1,
                "values": "{\"autoDiscovery\":{\"clusterName\":\"eks-gitops-platform\"},\"awsRegion\":\"us-east-1\",\"extraArgs\":{\"balance-similar-node-groups\":true,\"skip-nodes-with-system-pods\":false},\"rbac\":{\"serviceAccount\":{\"annotations\":{\"eks.amazonaws.com/role-arn\":\"\"}}}}",
                "version": "9.36.0"
              }
            ],
            "name": "cluster-autoscaler",
            "namespace": "kube-system",
            "pass_credentials": false,
            "postrender": [],
            "recreate_pods": false,
            "render_subchart_notes": true,
            "replace": false,
            "repository": "https://kubernetes.github.io/autoscaler",
            "repository_ca_file": null,
            "repository_cert_file": null,
            "repository_key_file": null,
            "repository_password": null,
            "repository_username": null,
            "reset_values": false,
            "reuse_values": false,
            "set": [
              {
                "name": "autoDiscovery.clusterName",
                "type": "",
                "value": "eks-gitops-platform"
              },
              {
                "name": "awsRegion",
                "type": "",
                "value": "us-east-1"
              },
              {
                "name": "extraArgs.balance-similar-node-groups",
                "type": "",
                "value": "true"
              },
              {
                "name": "extraArgs.skip-nodes-with-system-pods",
                "type": "",
                "value": "false"
              },
              {
                "name": "rbac.serviceAccount.annotations.eks\\.amazonaws\\.com/role-arn",
                "type": "",
                "value": ""
              }
            ],
            "set_list": [],
            "set_sensitive": [],
            "skip_crds": false,
            "status": "deployed",
            "timeout": 300,
            "upgrade_install": null,
            "values": null,
            "verify": false,
            "version": "9.36.0",
            "wait": true,
            "wait_for_jobs": false
          },
          "sensitive_attributes": [
            [
              {
                "type": "get_attr",
                "value": "repository_password"
              }
            ]
          ],
          "private": "eyJzY2hlbWFfdmVyc2lvbiI6IjEifQ==",
          "dependencies": [
            "data.aws_availability_zones.available",
            "data.aws_caller_identity.current",
            "data.aws_eks_cluster_auth.this",
            "module.eks.aws_cloudwatch_log_group.eks",
            "module.eks.aws_eks_addon.aws_ebs_csi_driver",
            "module.eks.aws_eks_addon.coredns",
            "module.eks.aws_eks_addon.kube_proxy",
            "module.eks.aws_eks_addon.vpc_cni",
            "module.eks.aws_eks_cluster.this",
            "module.eks.aws_eks_node_group.general",
            "module.eks.aws_iam_openid_connect_provider.eks",
            "module.eks.aws_iam_role.cluster",
            "module.eks.aws_iam_role.ebs_csi",
            "module.eks.aws_iam_role.node",
            "module.eks.aws_iam_role_policy_attachment.cluster_policy",
            "module.eks.aws_iam_role_policy_attachment.cluster_vpc_resource_controller",
            "module.eks.aws_iam_role_policy_attachment.ebs_csi",
            "module.eks.aws_iam_role_policy_attachment.node_cni",
            "module.eks.aws_iam_role_policy_attachment.node_ecr",
            "module.eks.aws_iam_role_policy_attachment.node_ssm",
            "module.eks.aws_iam_role_policy_attachment.node_worker",
            "module.eks.aws_kms_alias.eks",
            "module.eks.aws_kms_key.eks",
            "module.eks.aws_launch_template.node",
            "module.eks.aws_security_group.cluster",
            "module.eks.aws_security_group.node",
            "module.eks.aws_security_group_rule.cluster_ingress_node_https",
            "module.eks.data.aws_iam_policy_document.cluster_assume_role",
            "module.eks.data.aws_iam_policy_document.ebs_csi_assume",
            "module.eks.data.aws_iam_policy_document.node_assume_role",
            "module.eks.data.tls_certificate.eks",
            "module.networking.aws_subnet.private",
            "module.networking.aws_subnet.public",
            "module.networking.aws_vpc.this"
          ]
        }
      ]
    },
    {
      "module": "module.addons",
      "mode": "managed",
      "type": "helm_release",
      "name": "external_secrets",
      "provider": "provider[\"registry.terraform.io/hashicorp/helm\"]",
      "instances": [
        {
          "schema_version": 1,
          "attributes": {
            "atomic": false,
            "chart": "external-secrets",
            "cleanup_on_fail": false,
            "create_namespace": false,
            "dependency_update": false,
            "description": null,
            "devel": null,
            "disable_crd_hooks": false,
            "disable_openapi_validation": false,
            "disable_webhooks": false,
            "force_update": false,
            "id": "external-secrets",
            "keyring": null,
            "lint": false,
            "manifest": null,
            "max_history": 0,
            "metadata": [
              {
                "app_version": "v0.9.14",
                "chart": "external-secrets",
                "first_deployed": 1778144378,
                "last_deployed": 1778144378,
                "name": "external-secrets",
                "namespace": "external-secrets",
                "notes": "external-secrets has been deployed successfully in namespace external-secrets!\n\nIn order to begin using ExternalSecrets, you will need to set up a SecretStore\nor ClusterSecretStore resource (for example, by creating a 'vault' SecretStore).\n\nMore information on the different types of SecretStores and how to configure them\ncan be found in our Github: https://github.com/external-secrets/external-secrets\n",
                "revision": 1,
                "values": "{\"serviceAccount\":{\"create\":false,\"name\":\"external-secrets-sa\"}}",
                "version": "0.9.14"
              }
            ],
            "name": "external-secrets",
            "namespace": "external-secrets",
            "pass_credentials": false,
            "postrender": [],
            "recreate_pods": false,
            "render_subchart_notes": true,
            "replace": false,
            "repository": "https://charts.external-secrets.io",
            "repository_ca_file": null,
            "repository_cert_file": null,
            "repository_key_file": null,
            "repository_password": null,
            "repository_username": null,
            "reset_values": false,
            "reuse_values": false,
            "set": [
              {
                "name": "serviceAccount.create",
                "type": "",
                "value": "false"
              },
              {
                "name": "serviceAccount.name",
                "type": "",
                "value": "external-secrets-sa"
              }
            ],
            "set_list": [],
            "set_sensitive": [],
            "skip_crds": false,
            "status": "deployed",
            "timeout": 300,
            "upgrade_install": null,
            "values": null,
            "verify": false,
            "version": "0.9.14",
            "wait": true,
            "wait_for_jobs": false
          },
          "sensitive_attributes": [
            [
              {
                "type": "get_attr",
                "value": "repository_password"
              }
            ]
          ],
          "private": "eyJzY2hlbWFfdmVyc2lvbiI6IjEifQ==",
          "dependencies": [
            "data.aws_availability_zones.available",
            "data.aws_caller_identity.current",
            "data.aws_eks_cluster_auth.this",
            "module.addons.aws_iam_role.external_secrets",
            "module.addons.data.aws_iam_policy_document.external_secrets_assume",
            "module.addons.kubernetes_namespace.external_secrets",
            "module.addons.kubernetes_service_account.external_secrets",
            "module.eks.aws_cloudwatch_log_group.eks",
            "module.eks.aws_eks_addon.aws_ebs_csi_driver",
            "module.eks.aws_eks_addon.coredns",
            "module.eks.aws_eks_addon.kube_proxy",
            "module.eks.aws_eks_addon.vpc_cni",
            "module.eks.aws_eks_cluster.this",
            "module.eks.aws_eks_node_group.general",
            "module.eks.aws_iam_openid_connect_provider.eks",
            "module.eks.aws_iam_role.cluster",
            "module.eks.aws_iam_role.ebs_csi",
            "module.eks.aws_iam_role.node",
            "module.eks.aws_iam_role_policy_attachment.cluster_policy",
            "module.eks.aws_iam_role_policy_attachment.cluster_vpc_resource_controller",
            "module.eks.aws_iam_role_policy_attachment.ebs_csi",
            "module.eks.aws_iam_role_policy_attachment.node_cni",
            "module.eks.aws_iam_role_policy_attachment.node_ecr",
            "module.eks.aws_iam_role_policy_attachment.node_ssm",
            "module.eks.aws_iam_role_policy_attachment.node_worker",
            "module.eks.aws_kms_alias.eks",
            "module.eks.aws_kms_key.eks",
            "module.eks.aws_launch_template.node",
            "module.eks.aws_security_group.cluster",
            "module.eks.aws_security_group.node",
            "module.eks.aws_security_group_rule.cluster_ingress_node_https",
            "module.eks.data.aws_iam_policy_document.cluster_assume_role",
            "module.eks.data.aws_iam_policy_document.ebs_csi_assume",
            "module.eks.data.aws_iam_policy_document.node_assume_role",
            "module.eks.data.tls_certificate.eks",
            "module.networking.aws_subnet.private",
            "module.networking.aws_subnet.public",
            "module.networking.aws_vpc.this"
          ]
        }
      ]
    },
    {
      "module": "module.addons",
      "mode": "managed",
      "type": "helm_release",
      "name": "keda",
      "provider": "provider[\"registry.terraform.io/hashicorp/helm\"]",
      "instances": [
        {
          "schema_version": 1,
          "attributes": {
            "atomic": false,
            "chart": "keda",
            "cleanup_on_fail": false,
            "create_namespace": false,
            "dependency_update": false,
            "description": null,
            "devel": null,
            "disable_crd_hooks": false,
            "disable_openapi_validation": false,
            "disable_webhooks": false,
            "force_update": false,
            "id": "keda",
            "keyring": null,
            "lint": false,
            "manifest": null,
            "max_history": 0,
            "metadata": [
              {
                "app_version": "2.14.0",
                "chart": "keda",
                "first_deployed": 1778144376,
                "last_deployed": 1778144376,
                "name": "keda",
                "namespace": "keda",
                "notes": "\n:::^.     .::::^:     :::::::::::::::    .:::::::::.                   .^.                  \n7???~   .^7????~.     7??????????????.   :?????????77!^.              .7?7.                 \n7???~  ^7???7~.       ~!!!!!!!!!!!!!!.   :????!!!!7????7~.           .7???7.                \n7???~^7????~.                            :????:    :~7???7.         :7?????7.               \n7???7????!.           ::::::::::::.      :????:      .7???!        :7??77???7.              \n7????????7:           7???????????~      :????:       :????:      :???7?5????7.             \n7????!~????^          !77777777777^      :????:       :????:     ^???7?#P7????7.            \n7???~  ^????~                            :????:      :7???!     ^???7J#@J7?????7.           \n7???~   :7???!.                          :????:   .:~7???!.    ~???7Y\u0026@#7777????7.          \n7???~    .7???7:      !!!!!!!!!!!!!!!    :????7!!77????7^     ~??775@@@GJJYJ?????7.         \n7???~     .!????^     7?????????????7.   :?????????7!~:      !????G@@@@@@@@5??????7:        \n::::.       :::::     :::::::::::::::    .::::::::..        .::::JGGGB@@@\u00267:::::::::        \n                                                                      ?@@#~                  \n                                                                      P@B^                   \n                                                                    :\u0026G:                    \n                                                                    !5.                     \n                                                                    .Kubernetes Event-driven Autoscaling (KEDA) - Application autoscaling made simple.\n\nGet started by deploying Scaled Objects to your cluster:\n    - Information about Scaled Objects : https://keda.sh/docs/latest/concepts/\n    - Samples: https://github.com/kedacore/samples\n\nGet information about the deployed ScaledObjects:\n  kubectl get scaledobject [--namespace \u003cnamespace\u003e]\n\nGet details about a deployed ScaledObject:\n  kubectl describe scaledobject \u003cscaled-object-name\u003e [--namespace \u003cnamespace\u003e]\n\nGet information about the deployed ScaledObjects:\n  kubectl get triggerauthentication [--namespace \u003cnamespace\u003e]\n\nGet details about a deployed ScaledObject:\n  kubectl describe triggerauthentication \u003ctrigger-authentication-name\u003e [--namespace \u003cnamespace\u003e]\n\nGet an overview of the Horizontal Pod Autoscalers (HPA) that KEDA is using behind the scenes:\n  kubectl get hpa [--all-namespaces] [--namespace \u003cnamespace\u003e]\n\nLearn more about KEDA:\n- Documentation: https://keda.sh/\n- Support: https://keda.sh/support/\n- File an issue: https://github.com/kedacore/keda/issues/new/choose\n",
                "revision": 1,
                "values": "{\"podIdentity\":{\"provider\":\"aws\"},\"serviceAccount\":{\"annotations\":{\"eks.amazonaws.com/role-arn\":\"arn:aws:iam::962765734677:role/eks-gitops-platform-keda\"}}}",
                "version": "2.14.0"
              }
            ],
            "name": "keda",
            "namespace": "keda",
            "pass_credentials": false,
            "postrender": [],
            "recreate_pods": false,
            "render_subchart_notes": true,
            "replace": false,
            "repository": "https://kedacore.github.io/charts",
            "repository_ca_file": null,
            "repository_cert_file": null,
            "repository_key_file": null,
            "repository_password": null,
            "repository_username": null,
            "reset_values": false,
            "reuse_values": false,
            "set": [
              {
                "name": "podIdentity.provider",
                "type": "",
                "value": "aws"
              },
              {
                "name": "serviceAccount.annotations.eks\\.amazonaws\\.com/role-arn",
                "type": "",
                "value": "arn:aws:iam::962765734677:role/eks-gitops-platform-keda"
              }
            ],
            "set_list": [],
            "set_sensitive": [],
            "skip_crds": false,
            "status": "deployed",
            "timeout": 300,
            "upgrade_install": null,
            "values": null,
            "verify": false,
            "version": "2.14.0",
            "wait": true,
            "wait_for_jobs": false
          },
          "sensitive_attributes": [
            [
              {
                "type": "get_attr",
                "value": "repository_password"
              }
            ]
          ],
          "private": "eyJzY2hlbWFfdmVyc2lvbiI6IjEifQ==",
          "dependencies": [
            "data.aws_availability_zones.available",
            "data.aws_caller_identity.current",
            "data.aws_eks_cluster_auth.this",
            "module.addons.aws_iam_role.keda",
            "module.addons.data.aws_iam_policy_document.keda_assume",
            "module.addons.kubernetes_namespace.keda",
            "module.eks.aws_cloudwatch_log_group.eks",
            "module.eks.aws_eks_addon.aws_ebs_csi_driver",
            "module.eks.aws_eks_addon.coredns",
            "module.eks.aws_eks_addon.kube_proxy",
            "module.eks.aws_eks_addon.vpc_cni",
            "module.eks.aws_eks_cluster.this",
            "module.eks.aws_eks_node_group.general",
            "module.eks.aws_iam_openid_connect_provider.eks",
            "module.eks.aws_iam_role.cluster",
            "module.eks.aws_iam_role.ebs_csi",
            "module.eks.aws_iam_role.node",
            "module.eks.aws_iam_role_policy_attachment.cluster_policy",
            "module.eks.aws_iam_role_policy_attachment.cluster_vpc_resource_controller",
            "module.eks.aws_iam_role_policy_attachment.ebs_csi",
            "module.eks.aws_iam_role_policy_attachment.node_cni",
            "module.eks.aws_iam_role_policy_attachment.node_ecr",
            "module.eks.aws_iam_role_policy_attachment.node_ssm",
            "module.eks.aws_iam_role_policy_attachment.node_worker",
            "module.eks.aws_kms_alias.eks",
            "module.eks.aws_kms_key.eks",
            "module.eks.aws_launch_template.node",
            "module.eks.aws_security_group.cluster",
            "module.eks.aws_security_group.node",
            "module.eks.aws_security_group_rule.cluster_ingress_node_https",
            "module.eks.data.aws_iam_policy_document.cluster_assume_role",
            "module.eks.data.aws_iam_policy_document.ebs_csi_assume",
            "module.eks.data.aws_iam_policy_document.node_assume_role",
            "module.eks.data.tls_certificate.eks",
            "module.networking.aws_subnet.private",
            "module.networking.aws_subnet.public",
            "module.networking.aws_vpc.this"
          ]
        }
      ]
    },
    {
      "module": "module.addons",
      "mode": "managed",
      "type": "kubernetes_namespace",
      "name": "external_secrets",
      "provider": "provider[\"registry.terraform.io/hashicorp/kubernetes\"]",
      "instances": [
        {
          "schema_version": 0,
          "attributes": {
            "id": "external-secrets",
            "metadata": [
              {
                "annotations": null,
                "generate_name": "",
                "generation": 0,
                "labels": null,
                "name": "external-secrets",
                "resource_version": "2292955",
                "uid": "ecbca5a0-78dc-45a9-8c7b-9327e072f916"
              }
            ],
            "timeouts": null,
            "wait_for_default_service_account": false
          },
          "sensitive_attributes": [],
          "private": "eyJlMmJmYjczMC1lY2FhLTExZTYtOGY4OC0zNDM2M2JjN2M0YzAiOnsiZGVsZXRlIjozMDAwMDAwMDAwMDB9fQ==",
          "dependencies": [
            "data.aws_availability_zones.available",
            "data.aws_caller_identity.current",
            "data.aws_eks_cluster_auth.this",
            "module.eks.aws_cloudwatch_log_group.eks",
            "module.eks.aws_eks_addon.aws_ebs_csi_driver",
            "module.eks.aws_eks_addon.coredns",
            "module.eks.aws_eks_addon.kube_proxy",
            "module.eks.aws_eks_addon.vpc_cni",
            "module.eks.aws_eks_cluster.this",
            "module.eks.aws_eks_node_group.general",
            "module.eks.aws_iam_openid_connect_provider.eks",
            "module.eks.aws_iam_role.cluster",
            "module.eks.aws_iam_role.ebs_csi",
            "module.eks.aws_iam_role.node",
            "module.eks.aws_iam_role_policy_attachment.cluster_policy",
            "module.eks.aws_iam_role_policy_attachment.cluster_vpc_resource_controller",
            "module.eks.aws_iam_role_policy_attachment.ebs_csi",
            "module.eks.aws_iam_role_policy_attachment.node_cni",
            "module.eks.aws_iam_role_policy_attachment.node_ecr",
            "module.eks.aws_iam_role_policy_attachment.node_ssm",
            "module.eks.aws_iam_role_policy_attachment.node_worker",
            "module.eks.aws_kms_alias.eks",
            "module.eks.aws_kms_key.eks",
            "module.eks.aws_launch_template.node",
            "module.eks.aws_security_group.cluster",
            "module.eks.aws_security_group.node",
            "module.eks.aws_security_group_rule.cluster_ingress_node_https",
            "module.eks.data.aws_iam_policy_document.cluster_assume_role",
            "module.eks.data.aws_iam_policy_document.ebs_csi_assume",
            "module.eks.data.aws_iam_policy_document.node_assume_role",
            "module.eks.data.tls_certificate.eks",
            "module.networking.aws_subnet.private",
            "module.networking.aws_subnet.public",
            "module.networking.aws_vpc.this"
          ]
        }
      ]
    },
    {
      "module": "module.addons",
      "mode": "managed",
      "type": "kubernetes_namespace",
      "name": "keda",
      "provider": "provider[\"registry.terraform.io/hashicorp/kubernetes\"]",
      "instances": [
        {
          "schema_version": 0,
          "attributes": {
            "id": "keda",
            "metadata": [
              {
                "annotations": null,
                "generate_name": "",
                "generation": 0,
                "labels": null,
                "name": "keda",
                "resource_version": "2292958",
                "uid": "619e739e-655b-4c79-b274-47eb808f7e85"
              }
            ],
            "timeouts": null,
            "wait_for_default_service_account": false
          },
          "sensitive_attributes": [],
          "private": "eyJlMmJmYjczMC1lY2FhLTExZTYtOGY4OC0zNDM2M2JjN2M0YzAiOnsiZGVsZXRlIjozMDAwMDAwMDAwMDB9fQ==",
          "dependencies": [
            "data.aws_availability_zones.available",
            "data.aws_caller_identity.current",
            "data.aws_eks_cluster_auth.this",
            "module.eks.aws_cloudwatch_log_group.eks",
            "module.eks.aws_eks_addon.aws_ebs_csi_driver",
            "module.eks.aws_eks_addon.coredns",
            "module.eks.aws_eks_addon.kube_proxy",
            "module.eks.aws_eks_addon.vpc_cni",
            "module.eks.aws_eks_cluster.this",
            "module.eks.aws_eks_node_group.general",
            "module.eks.aws_iam_openid_connect_provider.eks",
            "module.eks.aws_iam_role.cluster",
            "module.eks.aws_iam_role.ebs_csi",
            "module.eks.aws_iam_role.node",
            "module.eks.aws_iam_role_policy_attachment.cluster_policy",
            "module.eks.aws_iam_role_policy_attachment.cluster_vpc_resource_controller",
            "module.eks.aws_iam_role_policy_attachment.ebs_csi",
            "module.eks.aws_iam_role_policy_attachment.node_cni",
            "module.eks.aws_iam_role_policy_attachment.node_ecr",
            "module.eks.aws_iam_role_policy_attachment.node_ssm",
            "module.eks.aws_iam_role_policy_attachment.node_worker",
            "module.eks.aws_kms_alias.eks",
            "module.eks.aws_kms_key.eks",
            "module.eks.aws_launch_template.node",
            "module.eks.aws_security_group.cluster",
            "module.eks.aws_security_group.node",
            "module.eks.aws_security_group_rule.cluster_ingress_node_https",
            "module.eks.data.aws_iam_policy_document.cluster_assume_role",
            "module.eks.data.aws_iam_policy_document.ebs_csi_assume",
            "module.eks.data.aws_iam_policy_document.node_assume_role",
            "module.eks.data.tls_certificate.eks",
            "module.networking.aws_subnet.private",
            "module.networking.aws_subnet.public",
            "module.networking.aws_vpc.this"
          ]
        }
      ]
    },
    {
      "module": "module.addons",
      "mode": "managed",
      "type": "kubernetes_service_account",
      "name": "alb_controller",
      "provider": "provider[\"registry.terraform.io/hashicorp/kubernetes\"]",
      "instances": [
        {
          "schema_version": 0,
          "attributes": {
            "automount_service_account_token": true,
            "default_secret_name": "",
            "id": "kube-system/aws-load-balancer-controller",
            "image_pull_secret": [],
            "metadata": [
              {
                "annotations": {
                  "eks.amazonaws.com/role-arn": "arn:aws:iam::962765734677:role/eks-gitops-platform-alb-controller"
                },
                "generate_name": "",
                "generation": 0,
                "labels": {
                  "app.kubernetes.io/component": "controller",
                  "app.kubernetes.io/name": "aws-load-balancer-controller"
                },
                "name": "aws-load-balancer-controller",
                "namespace": "kube-system",
                "resource_version": "2290679",
                "uid": "6e80af4a-db87-4550-b5a9-8254f1c8d881"
              }
            ],
            "secret": [],
            "timeouts": null
          },
          "sensitive_attributes": [],
          "private": "eyJlMmJmYjczMC1lY2FhLTExZTYtOGY4OC0zNDM2M2JjN2M0YzAiOnsiY3JlYXRlIjozMDAwMDAwMDAwMH19",
          "dependencies": [
            "data.aws_availability_zones.available",
            "data.aws_caller_identity.current",
            "data.aws_eks_cluster_auth.this",
            "module.addons.aws_iam_role.alb_controller",
            "module.addons.data.aws_iam_policy_document.alb_controller_assume",
            "module.eks.aws_cloudwatch_log_group.eks",
            "module.eks.aws_eks_addon.aws_ebs_csi_driver",
            "module.eks.aws_eks_addon.coredns",
            "module.eks.aws_eks_addon.kube_proxy",
            "module.eks.aws_eks_addon.vpc_cni",
            "module.eks.aws_eks_cluster.this",
            "module.eks.aws_eks_node_group.general",
            "module.eks.aws_iam_openid_connect_provider.eks",
            "module.eks.aws_iam_role.cluster",
            "module.eks.aws_iam_role.ebs_csi",
            "module.eks.aws_iam_role.node",
            "module.eks.aws_iam_role_policy_attachment.cluster_policy",
            "module.eks.aws_iam_role_policy_attachment.cluster_vpc_resource_controller",
            "module.eks.aws_iam_role_policy_attachment.ebs_csi",
            "module.eks.aws_iam_role_policy_attachment.node_cni",
            "module.eks.aws_iam_role_policy_attachment.node_ecr",
            "module.eks.aws_iam_role_policy_attachment.node_ssm",
            "module.eks.aws_iam_role_policy_attachment.node_worker",
            "module.eks.aws_kms_alias.eks",
            "module.eks.aws_kms_key.eks",
            "module.eks.aws_launch_template.node",
            "module.eks.aws_security_group.cluster",
            "module.eks.aws_security_group.node",
            "module.eks.aws_security_group_rule.cluster_ingress_node_https",
            "module.eks.data.aws_iam_policy_document.cluster_assume_role",
            "module.eks.data.aws_iam_policy_document.ebs_csi_assume",
            "module.eks.data.aws_iam_policy_document.node_assume_role",
            "module.eks.data.tls_certificate.eks",
            "module.networking.aws_subnet.private",
            "module.networking.aws_subnet.public",
            "module.networking.aws_vpc.this"
          ]
        }
      ]
    },
    {
      "module": "module.addons",
      "mode": "managed",
      "type": "kubernetes_service_account",
      "name": "external_secrets",
      "provider": "provider[\"registry.terraform.io/hashicorp/kubernetes\"]",
      "instances": [
        {
          "schema_version": 0,
          "attributes": {
            "automount_service_account_token": true,
            "default_secret_name": "",
            "id": "external-secrets/external-secrets-sa",
            "image_pull_secret": [],
            "metadata": [
              {
                "annotations": {
                  "eks.amazonaws.com/role-arn": "arn:aws:iam::962765734677:role/eks-gitops-platform-external-secrets"
                },
                "generate_name": "",
                "generation": 0,
                "labels": null,
                "name": "external-secrets-sa",
                "namespace": "external-secrets",
                "resource_version": "2292969",
                "uid": "ef76accb-7e2f-4203-ae73-564ffe52c57e"
              }
            ],
            "secret": [],
            "timeouts": null
          },
          "sensitive_attributes": [],
          "private": "eyJlMmJmYjczMC1lY2FhLTExZTYtOGY4OC0zNDM2M2JjN2M0YzAiOnsiY3JlYXRlIjozMDAwMDAwMDAwMH19",
          "dependencies": [
            "data.aws_availability_zones.available",
            "data.aws_caller_identity.current",
            "data.aws_eks_cluster_auth.this",
            "module.addons.aws_iam_role.external_secrets",
            "module.addons.data.aws_iam_policy_document.external_secrets_assume",
            "module.addons.kubernetes_namespace.external_secrets",
            "module.eks.aws_cloudwatch_log_group.eks",
            "module.eks.aws_eks_addon.aws_ebs_csi_driver",
            "module.eks.aws_eks_addon.coredns",
            "module.eks.aws_eks_addon.kube_proxy",
            "module.eks.aws_eks_addon.vpc_cni",
            "module.eks.aws_eks_cluster.this",
            "module.eks.aws_eks_node_group.general",
            "module.eks.aws_iam_openid_connect_provider.eks",
            "module.eks.aws_iam_role.cluster",
            "module.eks.aws_iam_role.ebs_csi",
            "module.eks.aws_iam_role.node",
            "module.eks.aws_iam_role_policy_attachment.cluster_policy",
            "module.eks.aws_iam_role_policy_attachment.cluster_vpc_resource_controller",
            "module.eks.aws_iam_role_policy_attachment.ebs_csi",
            "module.eks.aws_iam_role_policy_attachment.node_cni",
            "module.eks.aws_iam_role_policy_attachment.node_ecr",
            "module.eks.aws_iam_role_policy_attachment.node_ssm",
            "module.eks.aws_iam_role_policy_attachment.node_worker",
            "module.eks.aws_kms_alias.eks",
            "module.eks.aws_kms_key.eks",
            "module.eks.aws_launch_template.node",
            "module.eks.aws_security_group.cluster",
            "module.eks.aws_security_group.node",
            "module.eks.aws_security_group_rule.cluster_ingress_node_https",
            "module.eks.data.aws_iam_policy_document.cluster_assume_role",
            "module.eks.data.aws_iam_policy_document.ebs_csi_assume",
            "module.eks.data.aws_iam_policy_document.node_assume_role",
            "module.eks.data.tls_certificate.eks",
            "module.networking.aws_subnet.private",
            "module.networking.aws_subnet.public",
            "module.networking.aws_vpc.this"
          ]
        }
      ]
    },
    {
      "module": "module.eks",
      "mode": "data",
      "type": "aws_iam_policy_document",
      "name": "cluster_assume_role",
      "provider": "provider[\"registry.terraform.io/hashicorp/aws\"]",
      "instances": [
        {
          "schema_version": 0,
          "attributes": {
            "id": "3552664922",
            "json": "{\n  \"Version\": \"2012-10-17\",\n  \"Statement\": [\n    {\n      \"Effect\": \"Allow\",\n      \"Action\": \"sts:AssumeRole\",\n      \"Principal\": {\n        \"Service\": \"eks.amazonaws.com\"\n      }\n    }\n  ]\n}",
            "minified_json": "{\"Version\":\"2012-10-17\",\"Statement\":[{\"Effect\":\"Allow\",\"Action\":\"sts:AssumeRole\",\"Principal\":{\"Service\":\"eks.amazonaws.com\"}}]}",
            "override_json": null,
            "override_policy_documents": null,
            "policy_id": null,
            "source_json": null,
            "source_policy_documents": null,
            "statement": [
              {
                "actions": [
                  "sts:AssumeRole"
                ],
                "condition": [],
                "effect": "Allow",
                "not_actions": [],
                "not_principals": [],
                "not_resources": [],
                "principals": [
                  {
                    "identifiers": [
                      "eks.amazonaws.com"
                    ],
                    "type": "Service"
                  }
                ],
                "resources": [],
                "sid": ""
              }
            ],
            "version": "2012-10-17"
          },
          "sensitive_attributes": []
        }
      ]
    },
    {
      "module": "module.eks",
      "mode": "data",
      "type": "aws_iam_policy_document",
      "name": "ebs_csi_assume",
      "provider": "provider[\"registry.terraform.io/hashicorp/aws\"]",
      "instances": [
        {
          "schema_version": 0,
          "attributes": {
            "id": "2225802770",
            "json": "{\n  \"Version\": \"2012-10-17\",\n  \"Statement\": [\n    {\n      \"Effect\": \"Allow\",\n      \"Action\": \"sts:AssumeRoleWithWebIdentity\",\n      \"Principal\": {\n        \"Federated\": \"arn:aws:iam::962765734677:oidc-provider/oidc.eks.us-east-1.amazonaws.com/id/0E3DE1EE9358A89189759D9F4C041D42\"\n      },\n      \"Condition\": {\n        \"StringEquals\": {\n          \"oidc.eks.us-east-1.amazonaws.com/id/0E3DE1EE9358A89189759D9F4C041D42:aud\": \"sts.amazonaws.com\",\n          \"oidc.eks.us-east-1.amazonaws.com/id/0E3DE1EE9358A89189759D9F4C041D42:sub\": \"system:serviceaccount:kube-system:ebs-csi-controller-sa\"\n        }\n      }\n    }\n  ]\n}",
            "minified_json": "{\"Version\":\"2012-10-17\",\"Statement\":[{\"Effect\":\"Allow\",\"Action\":\"sts:AssumeRoleWithWebIdentity\",\"Principal\":{\"Federated\":\"arn:aws:iam::962765734677:oidc-provider/oidc.eks.us-east-1.amazonaws.com/id/0E3DE1EE9358A89189759D9F4C041D42\"},\"Condition\":{\"StringEquals\":{\"oidc.eks.us-east-1.amazonaws.com/id/0E3DE1EE9358A89189759D9F4C041D42:aud\":\"sts.amazonaws.com\",\"oidc.eks.us-east-1.amazonaws.com/id/0E3DE1EE9358A89189759D9F4C041D42:sub\":\"system:serviceaccount:kube-system:ebs-csi-controller-sa\"}}}]}",
            "override_json": null,
            "override_policy_documents": null,
            "policy_id": null,
            "source_json": null,
            "source_policy_documents": null,
            "statement": [
              {
                "actions": [
                  "sts:AssumeRoleWithWebIdentity"
                ],
                "condition": [
                  {
                    "test": "StringEquals",
                    "values": [
                      "sts.amazonaws.com"
                    ],
                    "variable": "oidc.eks.us-east-1.amazonaws.com/id/0E3DE1EE9358A89189759D9F4C041D42:aud"
                  },
                  {
                    "test": "StringEquals",
                    "values": [
                      "system:serviceaccount:kube-system:ebs-csi-controller-sa"
                    ],
                    "variable": "oidc.eks.us-east-1.amazonaws.com/id/0E3DE1EE9358A89189759D9F4C041D42:sub"
                  }
                ],
                "effect": "Allow",
                "not_actions": [],
                "not_principals": [],
                "not_resources": [],
                "principals": [
                  {
                    "identifiers": [
                      "arn:aws:iam::962765734677:oidc-provider/oidc.eks.us-east-1.amazonaws.com/id/0E3DE1EE9358A89189759D9F4C041D42"
                    ],
                    "type": "Federated"
                  }
                ],
                "resources": [],
                "sid": ""
              }
            ],
            "version": "2012-10-17"
          },
          "sensitive_attributes": []
        }
      ]
    },
    {
      "module": "module.eks",
      "mode": "data",
      "type": "aws_iam_policy_document",
      "name": "node_assume_role",
      "provider": "provider[\"registry.terraform.io/hashicorp/aws\"]",
      "instances": [
        {
          "schema_version": 0,
          "attributes": {
            "id": "2851119427",
            "json": "{\n  \"Version\": \"2012-10-17\",\n  \"Statement\": [\n    {\n      \"Effect\": \"Allow\",\n      \"Action\": \"sts:AssumeRole\",\n      \"Principal\": {\n        \"Service\": \"ec2.amazonaws.com\"\n      }\n    }\n  ]\n}",
            "minified_json": "{\"Version\":\"2012-10-17\",\"Statement\":[{\"Effect\":\"Allow\",\"Action\":\"sts:AssumeRole\",\"Principal\":{\"Service\":\"ec2.amazonaws.com\"}}]}",
            "override_json": null,
            "override_policy_documents": null,
            "policy_id": null,
            "source_json": null,
            "source_policy_documents": null,
            "statement": [
              {
                "actions": [
                  "sts:AssumeRole"
                ],
                "condition": [],
                "effect": "Allow",
                "not_actions": [],
                "not_principals": [],
                "not_resources": [],
                "principals": [
                  {
                    "identifiers": [
                      "ec2.amazonaws.com"
                    ],
                    "type": "Service"
                  }
                ],
                "resources": [],
                "sid": ""
              }
            ],
            "version": "2012-10-17"
          },
          "sensitive_attributes": []
        }
      ]
    },
    {
      "module": "module.eks",
      "mode": "data",
      "type": "tls_certificate",
      "name": "eks",
      "provider": "provider[\"registry.terraform.io/hashicorp/tls\"]",
      "instances": [
        {
          "schema_version": 0,
          "attributes": {
            "certificates": [
              {
                "cert_pem": "-----BEGIN CERTIFICATE-----\nMIIEkjCCA3qgAwIBAgITBn+USionzfP6wq4rAfkI7rnExjANBgkqhkiG9w0BAQsF\nADCBmDELMAkGA1UEBhMCVVMxEDAOBgNVBAgTB0FyaXpvbmExEzARBgNVBAcTClNj\nb3R0c2RhbGUxJTAjBgNVBAoTHFN0YXJmaWVsZCBUZWNobm9sb2dpZXMsIEluYy4x\nOzA5BgNVBAMTMlN0YXJmaWVsZCBTZXJ2aWNlcyBSb290IENlcnRpZmljYXRlIEF1\ndGhvcml0eSAtIEcyMB4XDTE1MDUyNTEyMDAwMFoXDTM3MTIzMTAxMDAwMFowOTEL\nMAkGA1UEBhMCVVMxDzANBgNVBAoTBkFtYXpvbjEZMBcGA1UEAxMQQW1hem9uIFJv\nb3QgQ0EgMTCCASIwDQYJKoZIhvcNAQEBBQADggEPADCCAQoCggEBALJ4gHHKeNXj\nca9HgFB0fW7Y14h29Jlo91ghYPl0hAEvrAIthtOgQ3pOsqTQNroBvo3bSMgHFzZM\n9O6II8c+6zf1tRn4SWiw3te5djgdYZ6k/oI2peVKVuRF4fn9tBb6dNqcmzU5L/qw\nIFAGbHrQgLKm+a/sRxmPUDgH3KKHOVj4utWp+UhnMJbulHheb4mjUcAwhmahRWa6\nVOujw5H5SNz/0egwLX0tdHA114gk957EWW67c4cX8jJGKLhD+rcdqsq08p8kDi1L\n93FcXmn/6pUCyziKrlA4b9v7LWIbxcceVOF34GfID5yHI9Y/QCB/IIDEgEw+OyQm\njgSubJrIqg0CAwEAAaOCATEwggEtMA8GA1UdEwEB/wQFMAMBAf8wDgYDVR0PAQH/\nBAQDAgGGMB0GA1UdDgQWBBSEGMyFNOy8DJSULghZnMeyEE4KCDAfBgNVHSMEGDAW\ngBScXwDfqgHXMCs4iKK4bUqc8hGRgzB4BggrBgEFBQcBAQRsMGowLgYIKwYBBQUH\nMAGGImh0dHA6Ly9vY3NwLnJvb3RnMi5hbWF6b250cnVzdC5jb20wOAYIKwYBBQUH\nMAKGLGh0dHA6Ly9jcnQucm9vdGcyLmFtYXpvbnRydXN0LmNvbS9yb290ZzIuY2Vy\nMD0GA1UdHwQ2MDQwMqAwoC6GLGh0dHA6Ly9jcmwucm9vdGcyLmFtYXpvbnRydXN0\nLmNvbS9yb290ZzIuY3JsMBEGA1UdIAQKMAgwBgYEVR0gADANBgkqhkiG9w0BAQsF\nAAOCAQEAYjdCXLwQtT6LLOkMm2xF4gcAevnFWAu5CIw+7bMlPLVvUOTNNWqnkzSW\nMiGpSESrnO09tKpzbeR/FoCJbM8oAxiDR3mjEH4wW6w7sGDgd9QIpuEdfF7Au/ma\neyKdpwAJfqxGF4PcnCZXmTA5YpaP7dreqsXMGz7KQ2hsVxa81Q4gLv7/wmpdLqBK\nbRRYh5TmOTFffHPLkIhqhBGWJ6bt2YFGpn6jcgAKUj6DiAdjd4lpFw85hdKrCEVN\n0FE6/V1dN2RMfjCyVSRCnTawXZwXgWHxyvkQAiSr6w10kY17RSlQOYiypok1JR4U\nakcjMS9cmvqtmg5iUaQqqcT5NJ0hGA==\n-----END CERTIFICATE-----\n",
                "is_ca": true,
                "issuer": "CN=Starfield Services Root Certificate Authority - G2,O=Starfield Technologies\\, Inc.,L=Scottsdale,ST=Arizona,C=US",
                "max_path_length": -1,
                "not_after": "2037-12-31T01:00:00Z",
                "not_before": "2015-05-25T12:00:00Z",
                "public_key_algorithm": "RSA",
                "serial_number": "144918191876577076464031512351042010504348870",
                "sha1_fingerprint": "06b25927c42a721631c1efd9431e648fa62e1e39",
                "signature_algorithm": "SHA256-RSA",
                "subject": "CN=Amazon Root CA 1,O=Amazon,C=US",
                "version": 3
              },
              {
                "cert_pem": "-----BEGIN CERTIFICATE-----\nMIIEXjCCA0agAwIBAgITB3MSOAudZoijOx7Zv5zNpo4ODzANBgkqhkiG9w0BAQsF\nADA5MQswCQYDVQQGEwJVUzEPMA0GA1UEChMGQW1hem9uMRkwFwYDVQQDExBBbWF6\nb24gUm9vdCBDQSAxMB4XDTIyMDgyMzIyMjEyOFoXDTMwMDgyMzIyMjEyOFowPDEL\nMAkGA1UEBhMCVVMxDzANBgNVBAoTBkFtYXpvbjEcMBoGA1UEAxMTQW1hem9uIFJT\nQSAyMDQ4IE0wMTCCASIwDQYJKoZIhvcNAQEBBQADggEPADCCAQoCggEBAOtxLKnL\nH4gokjIwr4pXD3i3NyWVVYesZ1yX0yLI2qIUZ2t88Gfa4gMqs1YSXca1R/lnCKeT\nepWSGA+0+fkQNpp/L4C2T7oTTsddUx7g3ZYzByDTlrwS5HRQQqEFE3O1T5tEJP4t\nf+28IoXsNiEzl3UGzicYgtzj2cWCB41eJgEmJmcf2T8TzzK6a614ZPyq/w4CPAff\nnAV4coz96nW3AyiE2uhuB4zQUIXvgVSycW7sbWLvj5TDXunEpNCRwC4kkZjK7rol\njtT2cbb7W2s4Bkg3R42G3PLqBvt2N32e/0JOTViCk8/iccJ4sXqrS1uUN4iB5Nmv\nJK74csVl+0u0UecCAwEAAaOCAVowggFWMBIGA1UdEwEB/wQIMAYBAf8CAQAwDgYD\nVR0PAQH/BAQDAgGGMB0GA1UdJQQWMBQGCCsGAQUFBwMBBggrBgEFBQcDAjAdBgNV\nHQ4EFgQUgbgOY4qJEhjl+js7UJWf5uWQE4UwHwYDVR0jBBgwFoAUhBjMhTTsvAyU\nlC4IWZzHshBOCggwewYIKwYBBQUHAQEEbzBtMC8GCCsGAQUFBzABhiNodHRwOi8v\nb2NzcC5yb290Y2ExLmFtYXpvbnRydXN0LmNvbTA6BggrBgEFBQcwAoYuaHR0cDov\nL2NydC5yb290Y2ExLmFtYXpvbnRydXN0LmNvbS9yb290Y2ExLmNlcjA/BgNVHR8E\nODA2MDSgMqAwhi5odHRwOi8vY3JsLnJvb3RjYTEuYW1hem9udHJ1c3QuY29tL3Jv\nb3RjYTEuY3JsMBMGA1UdIAQMMAowCAYGZ4EMAQIBMA0GCSqGSIb3DQEBCwUAA4IB\nAQCtAN4CBSMuBjJitGuxlBbkEUDeK/pZwTXv4KqPK0G50fOHOQAd8j21p0cMBgbG\nkfMHVwLU7b0XwZCav0h1ogdPMN1KakK1DT0VwA/+hFvGPJnMV1Kx2G4S1ZaSk0uU\n5QfoiYIIano01J5k4T2HapKQmmOhS/iPtuo00wW+IMLeBuKMn3OLn005hcrOGTad\nhcmeyfhQP7Z+iKHvyoQGi1C0ClymHETx/chhQGDyYSWqB/THwnN15AwLQo0E5V9E\nSJlbe4mBlqeInUsNYugExNf+tOiybcrswBy8OFsd34XOW3rjSUtsuafd9AWySa3h\nxRRrwszrzX/WWGm6wyB+f7C4\n-----END CERTIFICATE-----\n",
                "is_ca": true,
                "issuer": "CN=Amazon Root CA 1,O=Amazon,C=US",
                "max_path_length": 0,
                "not_after": "2030-08-23T22:21:28Z",
                "not_before": "2022-08-23T22:21:28Z",
                "public_key_algorithm": "RSA",
                "serial_number": "166129328851546858514271303855646110030630415",
                "sha1_fingerprint": "2ad974a775f73cbdbbd8f5ac3a49255fa8fb1f8c",
                "signature_algorithm": "SHA256-RSA",
                "subject": "CN=Amazon RSA 2048 M01,O=Amazon,C=US",
                "version": 3
              },
              {
                "cert_pem": "-----BEGIN CERTIFICATE-----\nMIIF3DCCBMSgAwIBAgIQDWSUrLO5Y9qkm2y4CpQ/CTANBgkqhkiG9w0BAQsFADA8\nMQswCQYDVQQGEwJVUzEPMA0GA1UEChMGQW1hem9uMRwwGgYDVQQDExNBbWF6b24g\nUlNBIDIwNDggTTAxMB4XDTI2MDEyNzAwMDAwMFoXDTI3MDIyNTIzNTk1OVowKDEm\nMCQGA1UEAwwdKi5la3MudXMtZWFzdC0xLmFtYXpvbmF3cy5jb20wggEiMA0GCSqG\nSIb3DQEBAQUAA4IBDwAwggEKAoIBAQDjfWC3ScmP3Yt3ENQgpvZzbXg3ZqdR+F5k\n/SIXqF2RRdrDIu3B0CivVPkNbZxS4dUjum7WHRV3+cjhne679pLBzKp/aCqycyVr\nqiGvPsCOywSNgCQ7KGZ7fR9L0o4eQ5vsotNTjF1HDkoVGdjDt8qjFedVngnnLZ2f\n9E/tACJHoCXLbg1BLI/0xXQKZqLiLGUgcLhnZjYn6AW8QgXgGyJMwHo6n13wf8uY\n3RAaOWMsTglOfMrPMKclQBwh4OaWzHD3SLXnjAvdtuErZGWSz01pRY89FfxZWtSf\nxGG+ERvHMAoM2lIbV74Bs0B+qVVAxP658rpMbPevtRrlj+fYkFzvAgMBAAGjggLs\nMIIC6DAfBgNVHSMEGDAWgBSBuA5jiokSGOX6OztQlZ/m5ZAThTAdBgNVHQ4EFgQU\npzXKZp4CIP0/n8bNGf3YAZVaFtIwKAYDVR0RBCEwH4IdKi5la3MudXMtZWFzdC0x\nLmFtYXpvbmF3cy5jb20wEwYDVR0gBAwwCjAIBgZngQwBAgEwDgYDVR0PAQH/BAQD\nAgWgMBMGA1UdJQQMMAoGCCsGAQUFBwMBMDsGA1UdHwQ0MDIwMKAuoCyGKmh0dHA6\nLy9jcmwucjJtMDEuYW1hem9udHJ1c3QuY29tL3IybTAxLmNybDB1BggrBgEFBQcB\nAQRpMGcwLQYIKwYBBQUHMAGGIWh0dHA6Ly9vY3NwLnIybTAxLmFtYXpvbnRydXN0\nLmNvbTA2BggrBgEFBQcwAoYqaHR0cDovL2NydC5yMm0wMS5hbWF6b250cnVzdC5j\nb20vcjJtMDEuY2VyMAwGA1UdEwEB/wQCMAAwggF+BgorBgEEAdZ5AgQCBIIBbgSC\nAWoBaAB1AExj3JjlnB2riPYeij3ero+rRKM3e1+blMP7oZz8wb4mAAABm/3p2vcA\nAAQDAEYwRAIgOCwhiOx8FXqVNu1L+Mv2q8pJCKzIqLFwCE6VAugMkb0CIBu7W9o8\nRWfC1A9XjVWFxJ0uIquBPcEycQMNc8pRKAJFAHcAHJ9oLOn68EVpUPgbloqH3dsy\nENhM5siy44JSSsTPWZ8AAAGb/ena3wAABAMASDBGAiEAjAu69L5N17FqPfmXSt1v\ngM+df4yz50M/fb2LDfmx+xECIQC3B3aoHVNsjqYMmqwQgR4ViKIREwNzCYKBm+W0\nGnlwnwB2AGBMmq96f3dfAdQG/JINyJnrCxx9+MlSG/r6F3c7l4vJAAABm/3p28gA\nAAQDAEcwRQIgMiBVCk6C4EylG885QJIv8X2wpplMtdWJxyt3JVQ56NUCIQC6uZDM\nw0VrwTXkW4eLg73D5Z89Z8tadQwizoXyjBAaYjANBgkqhkiG9w0BAQsFAAOCAQEA\nHMEZInJfTjgc0JTF+C7ZR/8rk1c511SMI9RcmNjnrkoP3pBPQTSEU92bGaCYvOYO\nRMB1bAOk/Ql9kDBSRDcKiOz8wPWZBgyJZRMSVyO5WbLM//8jsP83vmvFNbSo7Tuk\n5R6KAtzOMOymwITZeM6k4saoyB847rmlPDIkD/RRM0Col+Ik8+V3HSdHsnrA/3Ep\n1ICdUJvE0M9oEnbO2DWrCz6yOuz0AcfcmMGTBLqlsFdoJpcXj7c1QcCJaK1B7qaQ\nuQXdywqElVO6BrBxHQROLxjLHXMNblOzvrXYWGkhiQ+0cYYCMBtbhpphhebxnUBV\nuCxvp9/yY1GmsG6lwzLYEw==\n-----END CERTIFICATE-----\n",
                "is_ca": false,
                "issuer": "CN=Amazon RSA 2048 M01,O=Amazon,C=US",
                "max_path_length": -1,
                "not_after": "2027-02-25T23:59:59Z",
                "not_before": "2026-01-27T00:00:00Z",
                "public_key_algorithm": "RSA",
                "serial_number": "17802209110544621593474031143248740105",
                "sha1_fingerprint": "37647fee5fc063960139521aa2400c75db27825b",
                "signature_algorithm": "SHA256-RSA",
                "subject": "CN=*.eks.us-east-1.amazonaws.com",
                "version": 3
              }
            ],
            "content": null,
            "id": "b1b539daa206035ae3c3e28288b0681fa1b462f3",
            "url": "https://oidc.eks.us-east-1.amazonaws.com/id/0E3DE1EE9358A89189759D9F4C041D42",
            "verify_chain": true
          },
          "sensitive_attributes": []
        }
      ]
    },
    {
      "module": "module.eks",
      "mode": "managed",
      "type": "aws_cloudwatch_log_group",
      "name": "eks",
      "provider": "provider[\"registry.terraform.io/hashicorp/aws\"]",
      "instances": [
        {
          "schema_version": 0,
          "attributes": {
            "arn": "arn:aws:logs:us-east-1:962765734677:log-group:/aws/eks/eks-gitops-platform/cluster",
            "id": "/aws/eks/eks-gitops-platform/cluster",
            "kms_key_id": "",
            "log_group_class": "STANDARD",
            "name": "/aws/eks/eks-gitops-platform/cluster",
            "name_prefix": "",
            "retention_in_days": 30,
            "skip_destroy": false,
            "tags": {
              "Name": "eks-gitops-platform-control-plane-logs"
            },
            "tags_all": {
              "Environment": "prod",
              "ManagedBy": "terraform",
              "Mission": "Retail-Order-Processor",
              "Name": "eks-gitops-platform-control-plane-logs",
              "Owner": "Patricio-Lumbenlengo",
              "Project": "eks-gitops-platform"
            }
          },
          "sensitive_attributes": [],
          "private": "bnVsbA=="
        }
      ]
    },
    {
      "module": "module.eks",
      "mode": "managed",
      "type": "aws_eks_addon",
      "name": "aws_ebs_csi_driver",
      "provider": "provider[\"registry.terraform.io/hashicorp/aws\"]",
      "instances": [
        {
          "schema_version": 0,
          "attributes": {
            "addon_name": "aws-ebs-csi-driver",
            "addon_version": "v1.28.0-eksbuild.1",
            "arn": "arn:aws:eks:us-east-1:962765734677:addon/eks-gitops-platform/aws-ebs-csi-driver/6aceee8c-ab90-9380-d26e-b32e6ee11c02",
            "cluster_name": "eks-gitops-platform",
            "configuration_values": "",
            "created_at": "2026-04-30T06:35:18Z",
            "id": "eks-gitops-platform:aws-ebs-csi-driver",
            "modified_at": "2026-05-07T08:55:52Z",
            "pod_identity_association": [],
            "preserve": null,
            "resolve_conflicts": null,
            "resolve_conflicts_on_create": null,
            "resolve_conflicts_on_update": "OVERWRITE",
            "service_account_role_arn": "arn:aws:iam::962765734677:role/eks-gitops-platform-ebs-csi-driver",
            "tags": {},
            "tags_all": {
              "Environment": "prod",
              "ManagedBy": "terraform",
              "Mission": "Retail-Order-Processor",
              "Owner": "Patricio-Lumbenlengo",
              "Project": "eks-gitops-platform"
            },
            "timeouts": null
          },
          "sensitive_attributes": [],
          "private": "eyJlMmJmYjczMC1lY2FhLTExZTYtOGY4OC0zNDM2M2JjN2M0YzAiOnsiY3JlYXRlIjoxMjAwMDAwMDAwMDAwLCJkZWxldGUiOjI0MDAwMDAwMDAwMDAsInVwZGF0ZSI6MTIwMDAwMDAwMDAwMH19",
          "dependencies": [
            "data.aws_availability_zones.available",
            "module.eks.aws_cloudwatch_log_group.eks",
            "module.eks.aws_eks_cluster.this",
            "module.eks.aws_eks_node_group.general",
            "module.eks.aws_iam_openid_connect_provider.eks",
            "module.eks.aws_iam_role.cluster",
            "module.eks.aws_iam_role.ebs_csi",
            "module.eks.aws_iam_role.node",
            "module.eks.aws_iam_role_policy_attachment.cluster_policy",
            "module.eks.aws_iam_role_policy_attachment.cluster_vpc_resource_controller",
            "module.eks.aws_iam_role_policy_attachment.node_cni",
            "module.eks.aws_iam_role_policy_attachment.node_ecr",
            "module.eks.aws_iam_role_policy_attachment.node_ssm",
            "module.eks.aws_iam_role_policy_attachment.node_worker",
            "module.eks.aws_kms_key.eks",
            "module.eks.aws_security_group.cluster",
            "module.eks.data.aws_iam_policy_document.cluster_assume_role",
            "module.eks.data.aws_iam_policy_document.ebs_csi_assume",
            "module.eks.data.aws_iam_policy_document.node_assume_role",
            "module.eks.data.tls_certificate.eks",
            "module.networking.aws_subnet.private",
            "module.networking.aws_subnet.public",
            "module.networking.aws_vpc.this"
          ]
        }
      ]
    },
    {
      "module": "module.eks",
      "mode": "managed",
      "type": "aws_eks_addon",
      "name": "coredns",
      "provider": "provider[\"registry.terraform.io/hashicorp/aws\"]",
      "instances": [
        {
          "schema_version": 0,
          "attributes": {
            "addon_name": "coredns",
            "addon_version": "v1.11.1-eksbuild.4",
            "arn": "arn:aws:eks:us-east-1:962765734677:addon/eks-gitops-platform/coredns/c0ceee8c-ab8f-4b54-c373-b254b70aae7a",
            "cluster_name": "eks-gitops-platform",
            "configuration_values": "",
            "created_at": "2026-04-30T06:35:19Z",
            "id": "eks-gitops-platform:coredns",
            "modified_at": "2026-05-07T08:51:28Z",
            "pod_identity_association": [],
            "preserve": null,
            "resolve_conflicts": null,
            "resolve_conflicts_on_create": null,
            "resolve_conflicts_on_update": "OVERWRITE",
            "service_account_role_arn": "",
            "tags": {},
            "tags_all": {
              "Environment": "prod",
              "ManagedBy": "terraform",
              "Mission": "Retail-Order-Processor",
              "Owner": "Patricio-Lumbenlengo",
              "Project": "eks-gitops-platform"
            },
            "timeouts": null
          },
          "sensitive_attributes": [],
          "private": "eyJlMmJmYjczMC1lY2FhLTExZTYtOGY4OC0zNDM2M2JjN2M0YzAiOnsiY3JlYXRlIjoxMjAwMDAwMDAwMDAwLCJkZWxldGUiOjI0MDAwMDAwMDAwMDAsInVwZGF0ZSI6MTIwMDAwMDAwMDAwMH19",
          "dependencies": [
            "data.aws_availability_zones.available",
            "module.eks.aws_cloudwatch_log_group.eks",
            "module.eks.aws_eks_cluster.this",
            "module.eks.aws_eks_node_group.general",
            "module.eks.aws_iam_role.cluster",
            "module.eks.aws_iam_role.node",
            "module.eks.aws_iam_role_policy_attachment.cluster_policy",
            "module.eks.aws_iam_role_policy_attachment.cluster_vpc_resource_controller",
            "module.eks.aws_iam_role_policy_attachment.node_cni",
            "module.eks.aws_iam_role_policy_attachment.node_ecr",
            "module.eks.aws_iam_role_policy_attachment.node_ssm",
            "module.eks.aws_iam_role_policy_attachment.node_worker",
            "module.eks.aws_kms_key.eks",
            "module.eks.aws_security_group.cluster",
            "module.eks.data.aws_iam_policy_document.cluster_assume_role",
            "module.eks.data.aws_iam_policy_document.node_assume_role",
            "module.networking.aws_subnet.private",
            "module.networking.aws_subnet.public",
            "module.networking.aws_vpc.this"
          ]
        }
      ]
    },
    {
      "module": "module.eks",
      "mode": "managed",
      "type": "aws_eks_addon",
      "name": "kube_proxy",
      "provider": "provider[\"registry.terraform.io/hashicorp/aws\"]",
      "instances": [
        {
          "schema_version": 0,
          "attributes": {
            "addon_name": "kube-proxy",
            "addon_version": "v1.29.1-eksbuild.2",
            "arn": "arn:aws:eks:us-east-1:962765734677:addon/eks-gitops-platform/kube-proxy/c0ceee8c-ab8f-3de0-acbf-80b5b885d05c",
            "cluster_name": "eks-gitops-platform",
            "configuration_values": "",
            "created_at": "2026-04-30T06:35:18Z",
            "id": "eks-gitops-platform:kube-proxy",
            "modified_at": "2026-04-30T06:35:36Z",
            "pod_identity_association": [],
            "preserve": null,
            "resolve_conflicts": null,
            "resolve_conflicts_on_create": null,
            "resolve_conflicts_on_update": "OVERWRITE",
            "service_account_role_arn": "",
            "tags": {},
            "tags_all": {
              "Environment": "prod",
              "ManagedBy": "terraform",
              "Mission": "Retail-Order-Processor",
              "Owner": "Patricio-Lumbenlengo",
              "Project": "eks-gitops-platform"
            },
            "timeouts": null
          },
          "sensitive_attributes": [],
          "private": "eyJlMmJmYjczMC1lY2FhLTExZTYtOGY4OC0zNDM2M2JjN2M0YzAiOnsiY3JlYXRlIjoxMjAwMDAwMDAwMDAwLCJkZWxldGUiOjI0MDAwMDAwMDAwMDAsInVwZGF0ZSI6MTIwMDAwMDAwMDAwMH19",
          "dependencies": [
            "data.aws_availability_zones.available",
            "module.eks.aws_cloudwatch_log_group.eks",
            "module.eks.aws_eks_cluster.this",
            "module.eks.aws_eks_node_group.general",
            "module.eks.aws_iam_role.cluster",
            "module.eks.aws_iam_role.node",
            "module.eks.aws_iam_role_policy_attachment.cluster_policy",
            "module.eks.aws_iam_role_policy_attachment.cluster_vpc_resource_controller",
            "module.eks.aws_iam_role_policy_attachment.node_cni",
            "module.eks.aws_iam_role_policy_attachment.node_ecr",
            "module.eks.aws_iam_role_policy_attachment.node_ssm",
            "module.eks.aws_iam_role_policy_attachment.node_worker",
            "module.eks.aws_kms_key.eks",
            "module.eks.aws_security_group.cluster",
            "module.eks.data.aws_iam_policy_document.cluster_assume_role",
            "module.eks.data.aws_iam_policy_document.node_assume_role",
            "module.networking.aws_subnet.private",
            "module.networking.aws_subnet.public",
            "module.networking.aws_vpc.this"
          ]
        }
      ]
    },
    {
      "module": "module.eks",
      "mode": "managed",
      "type": "aws_eks_addon",
      "name": "vpc_cni",
      "provider": "provider[\"registry.terraform.io/hashicorp/aws\"]",
      "instances": [
        {
          "schema_version": 0,
          "attributes": {
            "addon_name": "vpc-cni",
            "addon_version": "v1.16.4-eksbuild.2",
            "arn": "arn:aws:eks:us-east-1:962765734677:addon/eks-gitops-platform/vpc-cni/84ceee8c-ab8f-e0a8-658f-0d5f813abb2b",
            "cluster_name": "eks-gitops-platform",
            "configuration_values": "{\"env\":{\"ENABLE_PREFIX_DELEGATION\":\"true\",\"WARM_PREFIX_TARGET\":\"1\"}}",
            "created_at": "2026-04-30T06:35:18Z",
            "id": "eks-gitops-platform:vpc-cni",
            "modified_at": "2026-04-30T06:36:16Z",
            "pod_identity_association": [],
            "preserve": null,
            "resolve_conflicts": null,
            "resolve_conflicts_on_create": null,
            "resolve_conflicts_on_update": "OVERWRITE",
            "service_account_role_arn": "",
            "tags": {},
            "tags_all": {
              "Environment": "prod",
              "ManagedBy": "terraform",
              "Mission": "Retail-Order-Processor",
              "Owner": "Patricio-Lumbenlengo",
              "Project": "eks-gitops-platform"
            },
            "timeouts": null
          },
          "sensitive_attributes": [],
          "private": "eyJlMmJmYjczMC1lY2FhLTExZTYtOGY4OC0zNDM2M2JjN2M0YzAiOnsiY3JlYXRlIjoxMjAwMDAwMDAwMDAwLCJkZWxldGUiOjI0MDAwMDAwMDAwMDAsInVwZGF0ZSI6MTIwMDAwMDAwMDAwMH19",
          "dependencies": [
            "data.aws_availability_zones.available",
            "module.eks.aws_cloudwatch_log_group.eks",
            "module.eks.aws_eks_cluster.this",
            "module.eks.aws_eks_node_group.general",
            "module.eks.aws_iam_role.cluster",
            "module.eks.aws_iam_role.node",
            "module.eks.aws_iam_role_policy_attachment.cluster_policy",
            "module.eks.aws_iam_role_policy_attachment.cluster_vpc_resource_controller",
            "module.eks.aws_iam_role_policy_attachment.node_cni",
            "module.eks.aws_iam_role_policy_attachment.node_ecr",
            "module.eks.aws_iam_role_policy_attachment.node_ssm",
            "module.eks.aws_iam_role_policy_attachment.node_worker",
            "module.eks.aws_kms_key.eks",
            "module.eks.aws_security_group.cluster",
            "module.eks.data.aws_iam_policy_document.cluster_assume_role",
            "module.eks.data.aws_iam_policy_document.node_assume_role",
            "module.networking.aws_subnet.private",
            "module.networking.aws_subnet.public",
            "module.networking.aws_vpc.this"
          ]
        }
      ]
    },
    {
      "module": "module.eks",
      "mode": "managed",
      "type": "aws_eks_cluster",
      "name": "this",
      "provider": "provider[\"registry.terraform.io/hashicorp/aws\"]",
      "instances": [
        {
          "schema_version": 1,
          "attributes": {
            "access_config": [
              {
                "authentication_mode": "CONFIG_MAP",
                "bootstrap_cluster_creator_admin_permissions": true
              }
            ],
            "arn": "arn:aws:eks:us-east-1:962765734677:cluster/eks-gitops-platform",
            "bootstrap_self_managed_addons": true,
            "certificate_authority": [
              {
                "data": "LS0tLS1CRUdJTiBDRVJUSUZJQ0FURS0tLS0tCk1JSURCVENDQWUyZ0F3SUJBZ0lJYnd4R3hOWDcyWFF3RFFZSktvWklodmNOQVFFTEJRQXdGVEVUTUJFR0ExVUUKQXhNS2EzVmlaWEp1WlhSbGN6QWVGdzB5TmpBME16QXdOVFF4TWpsYUZ3MHpOakEwTWpjd05UUTJNamxhTUJVeApFekFSQmdOVkJBTVRDbXQxWW1WeWJtVjBaWE13Z2dFaU1BMEdDU3FHU0liM0RRRUJBUVVBQTRJQkR3QXdnZ0VLCkFvSUJBUURCSUNyYVFUUnQybGhGTEI2ZlBkWStHeEZmeTgwVzdkQm93U29OTDk1dTVvWWxnN1M3ak5waFVwT20Kd01JSTFuUjFIUHZ1Ym01c3VmOTB5NnJPaS9YakcwMktZMC82alhRdHJ2Y1k0NExmTUszSEhqTmJtMmZPR3QwUApPd0FwLzdBQUQzc3MzUHp4U3BpVGI0MldOL091cmU3WXJOTVRyMk5EdlY2aXQrVHRrOFM0RGlxOUpMd1dtZ052CllXQU5oMEljeDB4U0VGRVdXTzRiT0tNNWh1LzBhdGRrSDhqZytiQlh1OVQrSGE0YlBLcDAzWjRUdllzeitaaEEKa3JUWUVQRXdVd2F0N2FCemJWZUhjN1prS2FldHhaaDBFV1V2U2RBWVFaZnJjKzIyOXdpcWQ1TXArR1I1UU04TwoyNjM4S2w4eVloa1pBSFJySldYeEJmSmgzK29mQWdNQkFBR2pXVEJYTUE0R0ExVWREd0VCL3dRRUF3SUNwREFQCkJnTlZIUk1CQWY4RUJUQURBUUgvTUIwR0ExVWREZ1FXQkJUUmNtWEJycFU5U2hUS2hWdVlmZTZ3NFk1ZE56QVYKQmdOVkhSRUVEakFNZ2dwcmRXSmxjbTVsZEdWek1BMEdDU3FHU0liM0RRRUJDd1VBQTRJQkFRQk5wWmI4elF5awo4Tm80VHNnV0J5V20xeVhXOHdpa3p5RE9nYnZGVzlFVWRWNTJOczVoYThGaW5QQnhaWENCM1o4U2FERStUTlcwCjE0V1cyUmMvM0dwRFhzdjczZjc3eG14eXZ6OGRLK3poaXV5ZDRRakp3L3VBUEp5U2FQeFhUWDdlUU1Ua20rSDEKbDFQbkZVMkpEcExyQzVNT3VRbEJ5dldNVklKdE13eUZQSGdXMHpWSkpFSkZERlhJLy80NUNXNnZCd3dCVDRxbwp0bFo1WHNEOUtSQmNCTEdUMjJ4TzNXNzdIQkVxOCtWTnRqdGxyWGYzOFp1WlJ2OU1YSHp0MXcvNFN6VzN0ODIzCmR1OUhsVjJmTVYwMjhkKzZ4NlFzSG8wRXhjelNaMUZ4Ynlvd0FRQmxmdUVjVGxyUmI0NHcvbVlEa09yS3ZTREoKS3VXOE11dkE2akZOCi0tLS0tRU5EIENFUlRJRklDQVRFLS0tLS0K"
              }
            ],
            "cluster_id": null,
            "compute_config": [],
            "created_at": "2026-04-30T05:42:10Z",
            "enabled_cluster_log_types": [
              "api",
              "audit",
              "authenticator",
              "controllerManager",
              "scheduler"
            ],
            "encryption_config": [
              {
                "provider": [
                  {
                    "key_arn": "arn:aws:kms:us-east-1:962765734677:key/e96b072e-472f-4904-a5dd-351cfc9a5fe9"
                  }
                ],
                "resources": [
                  "secrets"
                ]
              }
            ],
            "endpoint": "https://0E3DE1EE9358A89189759D9F4C041D42.gr7.us-east-1.eks.amazonaws.com",
            "force_update_version": null,
            "id": "eks-gitops-platform",
            "identity": [
              {
                "oidc": [
                  {
                    "issuer": "https://oidc.eks.us-east-1.amazonaws.com/id/0E3DE1EE9358A89189759D9F4C041D42"
                  }
                ]
              }
            ],
            "kubernetes_network_config": [
              {
                "elastic_load_balancing": [
                  {
                    "enabled": false
                  }
                ],
                "ip_family": "ipv4",
                "service_ipv4_cidr": "172.20.0.0/16",
                "service_ipv6_cidr": ""
              }
            ],
            "name": "eks-gitops-platform",
            "outpost_config": [],
            "platform_version": "eks.65",
            "remote_network_config": [],
            "role_arn": "arn:aws:iam::962765734677:role/eks-gitops-platform-cluster-role",
            "status": "ACTIVE",
            "storage_config": [],
            "tags": {
              "Name": "eks-gitops-platform"
            },
            "tags_all": {
              "Environment": "prod",
              "ManagedBy": "terraform",
              "Mission": "Retail-Order-Processor",
              "Name": "eks-gitops-platform",
              "Owner": "Patricio-Lumbenlengo",
              "Project": "eks-gitops-platform"
            },
            "timeouts": null,
            "upgrade_policy": [
              {
                "support_type": "EXTENDED"
              }
            ],
            "version": "1.30",
            "vpc_config": [
              {
                "cluster_security_group_id": "sg-0548e397e8ed708b6",
                "endpoint_private_access": true,
                "endpoint_public_access": true,
                "public_access_cidrs": [
                  "0.0.0.0/0"
                ],
                "security_group_ids": [
                  "sg-014d7943487e32280"
                ],
                "subnet_ids": [
                  "subnet-016a206c0cf23b3b4",
                  "subnet-02296bfc02d7c9d8b",
                  "subnet-03cce689a7da348f5",
                  "subnet-03dc9931f39eb678b",
                  "subnet-0ac0ff3b820ea423b",
                  "subnet-0bf826c6f391c2d83"
                ],
                "vpc_id": "vpc-04ac29ba194629fa3"
              }
            ],
            "zonal_shift_config": []
          },
          "sensitive_attributes": [],
          "private": "eyJlMmJmYjczMC1lY2FhLTExZTYtOGY4OC0zNDM2M2JjN2M0YzAiOnsiY3JlYXRlIjoxODAwMDAwMDAwMDAwLCJkZWxldGUiOjkwMDAwMDAwMDAwMCwidXBkYXRlIjozNjAwMDAwMDAwMDAwfSwic2NoZW1hX3ZlcnNpb24iOiIxIn0=",
          "dependencies": [
            "data.aws_availability_zones.available",
            "module.eks.aws_cloudwatch_log_group.eks",
            "module.eks.aws_iam_role.cluster",
            "module.eks.aws_iam_role_policy_attachment.cluster_policy",
            "module.eks.aws_iam_role_policy_attachment.cluster_vpc_resource_controller",
            "module.eks.aws_kms_key.eks",
            "module.eks.aws_security_group.cluster",
            "module.eks.data.aws_iam_policy_document.cluster_assume_role",
            "module.networking.aws_subnet.private",
            "module.networking.aws_subnet.public",
            "module.networking.aws_vpc.this"
          ]
        }
      ]
    },
    {
      "module": "module.eks",
      "mode": "managed",
      "type": "aws_eks_node_group",
      "name": "general",
      "provider": "provider[\"registry.terraform.io/hashicorp/aws\"]",
      "instances": [
        {
          "schema_version": 0,
          "attributes": {
            "ami_type": "AL2023_x86_64_STANDARD",
            "arn": "arn:aws:eks:us-east-1:962765734677:nodegroup/eks-gitops-platform/eks-gitops-platform-general/96cf00cf-b97c-75c0-7b9a-b72d7d66f809",
            "capacity_type": "ON_DEMAND",
            "cluster_name": "eks-gitops-platform",
            "disk_size": 20,
            "force_update_version": null,
            "id": "eks-gitops-platform:eks-gitops-platform-general",
            "instance_types": [
              "t3.medium"
            ],
            "labels": {
              "environment": "prod",
              "role": "general"
            },
            "launch_template": [],
            "node_group_name": "eks-gitops-platform-general",
            "node_group_name_prefix": "",
            "node_repair_config": [],
            "node_role_arn": "arn:aws:iam::962765734677:role/eks-gitops-platform-node-role",
            "release_version": "1.30.14-20260423",
            "remote_access": [],
            "resources": [
              {
                "autoscaling_groups": [
                  {
                    "name": "eks-eks-gitops-platform-general-96cf00cf-b97c-75c0-7b9a-b72d7d66f809"
                  }
                ],
                "remote_access_security_group_id": ""
              }
            ],
            "scaling_config": [
              {
                "desired_size": 2,
                "max_size": 3,
                "min_size": 1
              }
            ],
            "status": "ACTIVE",
            "subnet_ids": [
              "subnet-03cce689a7da348f5",
              "subnet-0ac0ff3b820ea423b",
              "subnet-0bf826c6f391c2d83"
            ],
            "tags": {
              "k8s.io/cluster-autoscaler/eks-gitops-platform": "owned",
              "k8s.io/cluster-autoscaler/enabled": "true"
            },
            "tags_all": {
              "Environment": "prod",
              "ManagedBy": "terraform",
              "Mission": "Retail-Order-Processor",
              "Owner": "Patricio-Lumbenlengo",
              "Project": "eks-gitops-platform",
              "k8s.io/cluster-autoscaler/eks-gitops-platform": "owned",
              "k8s.io/cluster-autoscaler/enabled": "true"
            },
            "taint": [],
            "timeouts": null,
            "update_config": [
              {
                "max_unavailable": 1,
                "max_unavailable_percentage": 0
              }
            ],
            "version": "1.30"
          },
          "sensitive_attributes": [],
          "private": "eyJlMmJmYjczMC1lY2FhLTExZTYtOGY4OC0zNDM2M2JjN2M0YzAiOnsiY3JlYXRlIjozNjAwMDAwMDAwMDAwLCJkZWxldGUiOjM2MDAwMDAwMDAwMDAsInVwZGF0ZSI6MzYwMDAwMDAwMDAwMH19",
          "dependencies": [
            "data.aws_availability_zones.available",
            "module.eks.aws_cloudwatch_log_group.eks",
            "module.eks.aws_eks_cluster.this",
            "module.eks.aws_iam_role.cluster",
            "module.eks.aws_iam_role.node",
            "module.eks.aws_iam_role_policy_attachment.cluster_policy",
            "module.eks.aws_iam_role_policy_attachment.cluster_vpc_resource_controller",
            "module.eks.aws_iam_role_policy_attachment.node_cni",
            "module.eks.aws_iam_role_policy_attachment.node_ecr",
            "module.eks.aws_iam_role_policy_attachment.node_ssm",
            "module.eks.aws_iam_role_policy_attachment.node_worker",
            "module.eks.aws_kms_key.eks",
            "module.eks.aws_security_group.cluster",
            "module.eks.data.aws_iam_policy_document.cluster_assume_role",
            "module.eks.data.aws_iam_policy_document.node_assume_role",
            "module.networking.aws_subnet.private",
            "module.networking.aws_subnet.public",
            "module.networking.aws_vpc.this"
          ]
        }
      ]
    },
    {
      "module": "module.eks",
      "mode": "managed",
      "type": "aws_iam_openid_connect_provider",
      "name": "eks",
      "provider": "provider[\"registry.terraform.io/hashicorp/aws\"]",
      "instances": [
        {
          "schema_version": 0,
          "attributes": {
            "arn": "arn:aws:iam::962765734677:oidc-provider/oidc.eks.us-east-1.amazonaws.com/id/0E3DE1EE9358A89189759D9F4C041D42",
            "client_id_list": [
              "sts.amazonaws.com"
            ],
            "id": "arn:aws:iam::962765734677:oidc-provider/oidc.eks.us-east-1.amazonaws.com/id/0E3DE1EE9358A89189759D9F4C041D42",
            "tags": {
              "Name": "eks-gitops-platform-oidc-provider"
            },
            "tags_all": {
              "Environment": "prod",
              "ManagedBy": "terraform",
              "Mission": "Retail-Order-Processor",
              "Name": "eks-gitops-platform-oidc-provider",
              "Owner": "Patricio-Lumbenlengo",
              "Project": "eks-gitops-platform"
            },
            "thumbprint_list": [
              "06b25927c42a721631c1efd9431e648fa62e1e39"
            ],
            "url": "oidc.eks.us-east-1.amazonaws.com/id/0E3DE1EE9358A89189759D9F4C041D42"
          },
          "sensitive_attributes": [],
          "private": "bnVsbA==",
          "dependencies": [
            "data.aws_availability_zones.available",
            "module.eks.aws_cloudwatch_log_group.eks",
            "module.eks.aws_eks_cluster.this",
            "module.eks.aws_iam_role.cluster",
            "module.eks.aws_iam_role_policy_attachment.cluster_policy",
            "module.eks.aws_iam_role_policy_attachment.cluster_vpc_resource_controller",
            "module.eks.aws_kms_key.eks",
            "module.eks.aws_security_group.cluster",
            "module.eks.data.aws_iam_policy_document.cluster_assume_role",
            "module.eks.data.tls_certificate.eks",
            "module.networking.aws_subnet.private",
            "module.networking.aws_subnet.public",
            "module.networking.aws_vpc.this"
          ]
        }
      ]
    },
    {
      "module": "module.eks",
      "mode": "managed",
      "type": "aws_iam_role",
      "name": "cluster",
      "provider": "provider[\"registry.terraform.io/hashicorp/aws\"]",
      "instances": [
        {
          "schema_version": 0,
          "attributes": {
            "arn": "arn:aws:iam::962765734677:role/eks-gitops-platform-cluster-role",
            "assume_role_policy": "{\"Statement\":[{\"Action\":\"sts:AssumeRole\",\"Effect\":\"Allow\",\"Principal\":{\"Service\":\"eks.amazonaws.com\"}}],\"Version\":\"2012-10-17\"}",
            "create_date": "2026-04-30T05:41:33Z",
            "description": "",
            "force_detach_policies": false,
            "id": "eks-gitops-platform-cluster-role",
            "inline_policy": [],
            "managed_policy_arns": [
              "arn:aws:iam::aws:policy/AmazonEKSClusterPolicy",
              "arn:aws:iam::aws:policy/AmazonEKSVPCResourceController"
            ],
            "max_session_duration": 3600,
            "name": "eks-gitops-platform-cluster-role",
            "name_prefix": "",
            "path": "/",
            "permissions_boundary": "",
            "tags": {
              "Name": "eks-gitops-platform-cluster-role"
            },
            "tags_all": {
              "Environment": "prod",
              "ManagedBy": "terraform",
              "Mission": "Retail-Order-Processor",
              "Name": "eks-gitops-platform-cluster-role",
              "Owner": "Patricio-Lumbenlengo",
              "Project": "eks-gitops-platform"
            },
            "unique_id": "AROA6AKKPIMK6ALUUIO4F"
          },
          "sensitive_attributes": [],
          "private": "bnVsbA==",
          "dependencies": [
            "module.eks.data.aws_iam_policy_document.cluster_assume_role"
          ]
        }
      ]
    },
    {
      "module": "module.eks",
      "mode": "managed",
      "type": "aws_iam_role",
      "name": "ebs_csi",
      "provider": "provider[\"registry.terraform.io/hashicorp/aws\"]",
      "instances": [
        {
          "schema_version": 0,
          "attributes": {
            "arn": "arn:aws:iam::962765734677:role/eks-gitops-platform-ebs-csi-driver",
            "assume_role_policy": "{\"Statement\":[{\"Action\":\"sts:AssumeRoleWithWebIdentity\",\"Condition\":{\"StringEquals\":{\"oidc.eks.us-east-1.amazonaws.com/id/0E3DE1EE9358A89189759D9F4C041D42:aud\":\"sts.amazonaws.com\",\"oidc.eks.us-east-1.amazonaws.com/id/0E3DE1EE9358A89189759D9F4C041D42:sub\":\"system:serviceaccount:kube-system:ebs-csi-controller-sa\"}},\"Effect\":\"Allow\",\"Principal\":{\"Federated\":\"arn:aws:iam::962765734677:oidc-provider/oidc.eks.us-east-1.amazonaws.com/id/0E3DE1EE9358A89189759D9F4C041D42\"}}],\"Version\":\"2012-10-17\"}",
            "create_date": "2026-04-30T05:50:45Z",
            "description": "",
            "force_detach_policies": false,
            "id": "eks-gitops-platform-ebs-csi-driver",
            "inline_policy": [],
            "managed_policy_arns": [
              "arn:aws:iam::aws:policy/service-role/AmazonEBSCSIDriverPolicy"
            ],
            "max_session_duration": 3600,
            "name": "eks-gitops-platform-ebs-csi-driver",
            "name_prefix": "",
            "path": "/",
            "permissions_boundary": "",
            "tags": {},
            "tags_all": {
              "Environment": "prod",
              "ManagedBy": "terraform",
              "Mission": "Retail-Order-Processor",
              "Owner": "Patricio-Lumbenlengo",
              "Project": "eks-gitops-platform"
            },
            "unique_id": "AROA6AKKPIMKSUTIPVDXF"
          },
          "sensitive_attributes": [],
          "private": "bnVsbA==",
          "dependencies": [
            "data.aws_availability_zones.available",
            "module.eks.aws_cloudwatch_log_group.eks",
            "module.eks.aws_eks_cluster.this",
            "module.eks.aws_iam_openid_connect_provider.eks",
            "module.eks.aws_iam_role.cluster",
            "module.eks.aws_iam_role_policy_attachment.cluster_policy",
            "module.eks.aws_iam_role_policy_attachment.cluster_vpc_resource_controller",
            "module.eks.aws_kms_key.eks",
            "module.eks.aws_security_group.cluster",
            "module.eks.data.aws_iam_policy_document.cluster_assume_role",
            "module.eks.data.aws_iam_policy_document.ebs_csi_assume",
            "module.eks.data.tls_certificate.eks",
            "module.networking.aws_subnet.private",
            "module.networking.aws_subnet.public",
            "module.networking.aws_vpc.this"
          ]
        }
      ]
    },
    {
      "module": "module.eks",
      "mode": "managed",
      "type": "aws_iam_role",
      "name": "node",
      "provider": "provider[\"registry.terraform.io/hashicorp/aws\"]",
      "instances": [
        {
          "schema_version": 0,
          "attributes": {
            "arn": "arn:aws:iam::962765734677:role/eks-gitops-platform-node-role",
            "assume_role_policy": "{\"Statement\":[{\"Action\":\"sts:AssumeRole\",\"Effect\":\"Allow\",\"Principal\":{\"Service\":\"ec2.amazonaws.com\"}}],\"Version\":\"2012-10-17\"}",
            "create_date": "2026-04-30T05:41:34Z",
            "description": "",
            "force_detach_policies": false,
            "id": "eks-gitops-platform-node-role",
            "inline_policy": [],
            "managed_policy_arns": [
              "arn:aws:iam::aws:policy/AmazonEC2ContainerRegistryReadOnly",
              "arn:aws:iam::aws:policy/AmazonEKSWorkerNodePolicy",
              "arn:aws:iam::aws:policy/AmazonEKS_CNI_Policy",
              "arn:aws:iam::aws:policy/AmazonSSMManagedInstanceCore"
            ],
            "max_session_duration": 3600,
            "name": "eks-gitops-platform-node-role",
            "name_prefix": "",
            "path": "/",
            "permissions_boundary": "",
            "tags": {
              "Name": "eks-gitops-platform-node-role"
            },
            "tags_all": {
              "Environment": "prod",
              "ManagedBy": "terraform",
              "Mission": "Retail-Order-Processor",
              "Name": "eks-gitops-platform-node-role",
              "Owner": "Patricio-Lumbenlengo",
              "Project": "eks-gitops-platform"
            },
            "unique_id": "AROA6AKKPIMKVQ4M6AVAU"
          },
          "sensitive_attributes": [],
          "private": "bnVsbA==",
          "dependencies": [
            "module.eks.data.aws_iam_policy_document.node_assume_role"
          ]
        }
      ]
    },
    {
      "module": "module.eks",
      "mode": "managed",
      "type": "aws_iam_role_policy_attachment",
      "name": "cluster_policy",
      "provider": "provider[\"registry.terraform.io/hashicorp/aws\"]",
      "instances": [
        {
          "schema_version": 0,
          "attributes": {
            "id": "eks-gitops-platform-cluster-role-20260430054136339700000002",
            "policy_arn": "arn:aws:iam::aws:policy/AmazonEKSClusterPolicy",
            "role": "eks-gitops-platform-cluster-role"
          },
          "sensitive_attributes": [],
          "private": "bnVsbA==",
          "dependencies": [
            "module.eks.aws_iam_role.cluster",
            "module.eks.data.aws_iam_policy_document.cluster_assume_role"
          ]
        }
      ]
    },
    {
      "module": "module.eks",
      "mode": "managed",
      "type": "aws_iam_role_policy_attachment",
      "name": "cluster_vpc_resource_controller",
      "provider": "provider[\"registry.terraform.io/hashicorp/aws\"]",
      "instances": [
        {
          "schema_version": 0,
          "attributes": {
            "id": "eks-gitops-platform-cluster-role-20260430054136192500000001",
            "policy_arn": "arn:aws:iam::aws:policy/AmazonEKSVPCResourceController",
            "role": "eks-gitops-platform-cluster-role"
          },
          "sensitive_attributes": [],
          "private": "bnVsbA==",
          "dependencies": [
            "module.eks.aws_iam_role.cluster",
            "module.eks.data.aws_iam_policy_document.cluster_assume_role"
          ]
        }
      ]
    },
    {
      "module": "module.eks",
      "mode": "managed",
      "type": "aws_iam_role_policy_attachment",
      "name": "ebs_csi",
      "provider": "provider[\"registry.terraform.io/hashicorp/aws\"]",
      "instances": [
        {
          "schema_version": 0,
          "attributes": {
            "id": "eks-gitops-platform-ebs-csi-driver-20260430055046397200000013",
            "policy_arn": "arn:aws:iam::aws:policy/service-role/AmazonEBSCSIDriverPolicy",
            "role": "eks-gitops-platform-ebs-csi-driver"
          },
          "sensitive_attributes": [],
          "private": "bnVsbA==",
          "dependencies": [
            "data.aws_availability_zones.available",
            "module.eks.aws_cloudwatch_log_group.eks",
            "module.eks.aws_eks_cluster.this",
            "module.eks.aws_iam_openid_connect_provider.eks",
            "module.eks.aws_iam_role.cluster",
            "module.eks.aws_iam_role.ebs_csi",
            "module.eks.aws_iam_role_policy_attachment.cluster_policy",
            "module.eks.aws_iam_role_policy_attachment.cluster_vpc_resource_controller",
            "module.eks.aws_kms_key.eks",
            "module.eks.aws_security_group.cluster",
            "module.eks.data.aws_iam_policy_document.cluster_assume_role",
            "module.eks.data.aws_iam_policy_document.ebs_csi_assume",
            "module.eks.data.tls_certificate.eks",
            "module.networking.aws_subnet.private",
            "module.networking.aws_subnet.public",
            "module.networking.aws_vpc.this"
          ]
        }
      ]
    },
    {
      "module": "module.eks",
      "mode": "managed",
      "type": "aws_iam_role_policy_attachment",
      "name": "node_cni",
      "provider": "provider[\"registry.terraform.io/hashicorp/aws\"]",
      "instances": [
        {
          "schema_version": 0,
          "attributes": {
            "id": "eks-gitops-platform-node-role-20260430054137664500000006",
            "policy_arn": "arn:aws:iam::aws:policy/AmazonEKS_CNI_Policy",
            "role": "eks-gitops-platform-node-role"
          },
          "sensitive_attributes": [],
          "private": "bnVsbA==",
          "dependencies": [
            "module.eks.aws_iam_role.node",
            "module.eks.data.aws_iam_policy_document.node_assume_role"
          ]
        }
      ]
    },
    {
      "module": "module.eks",
      "mode": "managed",
      "type": "aws_iam_role_policy_attachment",
      "name": "node_ecr",
      "provider": "provider[\"registry.terraform.io/hashicorp/aws\"]",
      "instances": [
        {
          "schema_version": 0,
          "attributes": {
            "id": "eks-gitops-platform-node-role-20260430054137261800000004",
            "policy_arn": "arn:aws:iam::aws:policy/AmazonEC2ContainerRegistryReadOnly",
            "role": "eks-gitops-platform-node-role"
          },
          "sensitive_attributes": [],
          "private": "bnVsbA==",
          "dependencies": [
            "module.eks.aws_iam_role.node",
            "module.eks.data.aws_iam_policy_document.node_assume_role"
          ]
        }
      ]
    },
    {
      "module": "module.eks",
      "mode": "managed",
      "type": "aws_iam_role_policy_attachment",
      "name": "node_ssm",
      "provider": "provider[\"registry.terraform.io/hashicorp/aws\"]",
      "instances": [
        {
          "schema_version": 0,
          "attributes": {
            "id": "eks-gitops-platform-node-role-20260430054136480300000003",
            "policy_arn": "arn:aws:iam::aws:policy/AmazonSSMManagedInstanceCore",
            "role": "eks-gitops-platform-node-role"
          },
          "sensitive_attributes": [],
          "private": "bnVsbA==",
          "dependencies": [
            "module.eks.aws_iam_role.node",
            "module.eks.data.aws_iam_policy_document.node_assume_role"
          ]
        }
      ]
    },
    {
      "module": "module.eks",
      "mode": "managed",
      "type": "aws_iam_role_policy_attachment",
      "name": "node_worker",
      "provider": "provider[\"registry.terraform.io/hashicorp/aws\"]",
      "instances": [
        {
          "schema_version": 0,
          "attributes": {
            "id": "eks-gitops-platform-node-role-20260430054137412100000005",
            "policy_arn": "arn:aws:iam::aws:policy/AmazonEKSWorkerNodePolicy",
            "role": "eks-gitops-platform-node-role"
          },
          "sensitive_attributes": [],
          "private": "bnVsbA==",
          "dependencies": [
            "module.eks.aws_iam_role.node",
            "module.eks.data.aws_iam_policy_document.node_assume_role"
          ]
        }
      ]
    },
    {
      "module": "module.eks",
      "mode": "managed",
      "type": "aws_kms_alias",
      "name": "eks",
      "provider": "provider[\"registry.terraform.io/hashicorp/aws\"]",
      "instances": [
        {
          "schema_version": 0,
          "attributes": {
            "arn": "arn:aws:kms:us-east-1:962765734677:alias/eks-gitops-platform-eks",
            "id": "alias/eks-gitops-platform-eks",
            "name": "alias/eks-gitops-platform-eks",
            "name_prefix": "",
            "target_key_arn": "arn:aws:kms:us-east-1:962765734677:key/e96b072e-472f-4904-a5dd-351cfc9a5fe9",
            "target_key_id": "e96b072e-472f-4904-a5dd-351cfc9a5fe9"
          },
          "sensitive_attributes": [],
          "private": "bnVsbA==",
          "dependencies": [
            "module.eks.aws_kms_key.eks"
          ]
        }
      ]
    },
    {
      "module": "module.eks",
      "mode": "managed",
      "type": "aws_kms_key",
      "name": "eks",
      "provider": "provider[\"registry.terraform.io/hashicorp/aws\"]",
      "instances": [
        {
          "schema_version": 0,
          "attributes": {
            "arn": "arn:aws:kms:us-east-1:962765734677:key/e96b072e-472f-4904-a5dd-351cfc9a5fe9",
            "bypass_policy_lockout_safety_check": false,
            "custom_key_store_id": "",
            "customer_master_key_spec": "SYMMETRIC_DEFAULT",
            "deletion_window_in_days": 7,
            "description": "KMS key for EKS secrets encryption — eks-gitops-platform",
            "enable_key_rotation": true,
            "id": "e96b072e-472f-4904-a5dd-351cfc9a5fe9",
            "is_enabled": true,
            "key_id": "e96b072e-472f-4904-a5dd-351cfc9a5fe9",
            "key_usage": "ENCRYPT_DECRYPT",
            "multi_region": false,
            "policy": "{\"Id\":\"key-default-1\",\"Statement\":[{\"Action\":\"kms:*\",\"Effect\":\"Allow\",\"Principal\":{\"AWS\":\"arn:aws:iam::962765734677:root\"},\"Resource\":\"*\",\"Sid\":\"Enable IAM User Permissions\"}],\"Version\":\"2012-10-17\"}",
            "rotation_period_in_days": 365,
            "tags": {
              "Name": "eks-gitops-platform-eks-kms"
            },
            "tags_all": {
              "Environment": "prod",
              "ManagedBy": "terraform",
              "Mission": "Retail-Order-Processor",
              "Name": "eks-gitops-platform-eks-kms",
              "Owner": "Patricio-Lumbenlengo",
              "Project": "eks-gitops-platform"
            },
            "timeouts": null,
            "xks_key_id": ""
          },
          "sensitive_attributes": [],
          "private": "eyJlMmJmYjczMC1lY2FhLTExZTYtOGY4OC0zNDM2M2JjN2M0YzAiOnsiY3JlYXRlIjoxMjAwMDAwMDAwMDB9fQ==",
          "create_before_destroy": true
        }
      ]
    },
    {
      "module": "module.eks",
      "mode": "managed",
      "type": "aws_launch_template",
      "name": "node",
      "provider": "provider[\"registry.terraform.io/hashicorp/aws\"]",
      "instances": [
        {
          "schema_version": 0,
          "attributes": {
            "arn": "arn:aws:ec2:us-east-1:962765734677:launch-template/lt-0f7201aa94bd19c5f",
            "block_device_mappings": [
              {
                "device_name": "/dev/xvda",
                "ebs": [
                  {
                    "delete_on_termination": "true",
                    "encrypted": "true",
                    "iops": 0,
                    "kms_key_id": "arn:aws:kms:us-east-1:962765734677:key/e96b072e-472f-4904-a5dd-351cfc9a5fe9",
                    "snapshot_id": "",
                    "throughput": 0,
                    "volume_initialization_rate": 0,
                    "volume_size": 50,
                    "volume_type": "gp3"
                  }
                ],
                "no_device": "",
                "virtual_name": ""
              }
            ],
            "capacity_reservation_specification": [],
            "cpu_options": [],
            "credit_specification": [],
            "default_version": 1,
            "description": "Launch template for EKS worker nodes",
            "disable_api_stop": false,
            "disable_api_termination": false,
            "ebs_optimized": "",
            "elastic_gpu_specifications": [],
            "elastic_inference_accelerator": [],
            "enclave_options": [],
            "hibernation_options": [],
            "iam_instance_profile": [],
            "id": "lt-0f7201aa94bd19c5f",
            "image_id": "",
            "instance_initiated_shutdown_behavior": "",
            "instance_market_options": [],
            "instance_requirements": [],
            "instance_type": "",
            "kernel_id": "",
            "key_name": "",
            "latest_version": 1,
            "license_specification": [],
            "maintenance_options": [],
            "metadata_options": [
              {
                "http_endpoint": "enabled",
                "http_protocol_ipv6": "",
                "http_put_response_hop_limit": 2,
                "http_tokens": "required",
                "instance_metadata_tags": "enabled"
              }
            ],
            "monitoring": [],
            "name": "eks-gitops-platform-node-20260430054148228400000008",
            "name_prefix": "eks-gitops-platform-node-",
            "network_interfaces": [],
            "placement": [],
            "private_dns_name_options": [],
            "ram_disk_id": "",
            "security_group_names": [],
            "tag_specifications": [
              {
                "resource_type": "instance",
                "tags": {
                  "Name": "eks-gitops-platform-node"
                }
              },
              {
                "resource_type": "volume",
                "tags": {
                  "Name": "eks-gitops-platform-node-volume"
                }
              }
            ],
            "tags": {},
            "tags_all": {
              "Environment": "prod",
              "ManagedBy": "terraform",
              "Mission": "Retail-Order-Processor",
              "Owner": "Patricio-Lumbenlengo",
              "Project": "eks-gitops-platform"
            },
            "update_default_version": null,
            "user_data": "",
            "vpc_security_group_ids": []
          },
          "sensitive_attributes": [],
          "private": "bnVsbA==",
          "dependencies": [
            "module.eks.aws_kms_key.eks"
          ],
          "create_before_destroy": true
        }
      ]
    },
    {
      "module": "module.eks",
      "mode": "managed",
      "type": "aws_security_group",
      "name": "cluster",
      "provider": "provider[\"registry.terraform.io/hashicorp/aws\"]",
      "instances": [
        {
          "schema_version": 1,
          "attributes": {
            "arn": "arn:aws:ec2:us-east-1:962765734677:security-group/sg-014d7943487e32280",
            "description": "Control plane communication security group",
            "egress": [
              {
                "cidr_blocks": [
                  "0.0.0.0/0"
                ],
                "description": "Allow all outbound",
                "from_port": 0,
                "ipv6_cidr_blocks": [],
                "prefix_list_ids": [],
                "protocol": "-1",
                "security_groups": [],
                "self": false,
                "to_port": 0
              }
            ],
            "id": "sg-014d7943487e32280",
            "ingress": [
              {
                "cidr_blocks": [],
                "description": "Allow nodes to communicate with the cluster API",
                "from_port": 443,
                "ipv6_cidr_blocks": [],
                "prefix_list_ids": [],
                "protocol": "tcp",
                "security_groups": [
                  "sg-0111d0a7ae8ed87c2"
                ],
                "self": false,
                "to_port": 443
              }
            ],
            "name": "eks-gitops-platform-cluster-sg",
            "name_prefix": "",
            "owner_id": "962765734677",
            "revoke_rules_on_delete": false,
            "tags": {
              "Name": "eks-gitops-platform-cluster-sg"
            },
            "tags_all": {
              "Environment": "prod",
              "ManagedBy": "terraform",
              "Mission": "Retail-Order-Processor",
              "Name": "eks-gitops-platform-cluster-sg",
              "Owner": "Patricio-Lumbenlengo",
              "Project": "eks-gitops-platform"
            },
            "timeouts": null,
            "vpc_id": "vpc-04ac29ba194629fa3"
          },
          "sensitive_attributes": [],
          "private": "eyJlMmJmYjczMC1lY2FhLTExZTYtOGY4OC0zNDM2M2JjN2M0YzAiOnsiY3JlYXRlIjo2MDAwMDAwMDAwMDAsImRlbGV0ZSI6OTAwMDAwMDAwMDAwfSwic2NoZW1hX3ZlcnNpb24iOiIxIn0=",
          "dependencies": [
            "module.networking.aws_vpc.this"
          ]
        }
      ]
    },
    {
      "module": "module.eks",
      "mode": "managed",
      "type": "aws_security_group",
      "name": "node",
      "provider": "provider[\"registry.terraform.io/hashicorp/aws\"]",
      "instances": [
        {
          "schema_version": 1,
          "attributes": {
            "arn": "arn:aws:ec2:us-east-1:962765734677:security-group/sg-0111d0a7ae8ed87c2",
            "description": "Worker node security group",
            "egress": [
              {
                "cidr_blocks": [
                  "0.0.0.0/0"
                ],
                "description": "Allow all outbound",
                "from_port": 0,
                "ipv6_cidr_blocks": [],
                "prefix_list_ids": [],
                "protocol": "-1",
                "security_groups": [],
                "self": false,
                "to_port": 0
              }
            ],
            "id": "sg-0111d0a7ae8ed87c2",
            "ingress": [
              {
                "cidr_blocks": [],
                "description": "Allow all node-to-node communication",
                "from_port": 0,
                "ipv6_cidr_blocks": [],
                "prefix_list_ids": [],
                "protocol": "-1",
                "security_groups": [],
                "self": true,
                "to_port": 0
              },
              {
                "cidr_blocks": [],
                "description": "Allow control plane to communicate with worker nodes",
                "from_port": 1025,
                "ipv6_cidr_blocks": [],
                "prefix_list_ids": [],
                "protocol": "tcp",
                "security_groups": [
                  "sg-014d7943487e32280"
                ],
                "self": false,
                "to_port": 65535
              },
              {
                "cidr_blocks": [],
                "description": "Allow control plane to reach node kubelets",
                "from_port": 443,
                "ipv6_cidr_blocks": [],
                "prefix_list_ids": [],
                "protocol": "tcp",
                "security_groups": [
                  "sg-014d7943487e32280"
                ],
                "self": false,
                "to_port": 443
              }
            ],
            "name": "eks-gitops-platform-node-sg",
            "name_prefix": "",
            "owner_id": "962765734677",
            "revoke_rules_on_delete": false,
            "tags": {
              "Name": "eks-gitops-platform-node-sg",
              "kubernetes.io/cluster/eks-gitops-platform": "owned"
            },
            "tags_all": {
              "Environment": "prod",
              "ManagedBy": "terraform",
              "Mission": "Retail-Order-Processor",
              "Name": "eks-gitops-platform-node-sg",
              "Owner": "Patricio-Lumbenlengo",
              "Project": "eks-gitops-platform",
              "kubernetes.io/cluster/eks-gitops-platform": "owned"
            },
            "timeouts": null,
            "vpc_id": "vpc-04ac29ba194629fa3"
          },
          "sensitive_attributes": [],
          "private": "eyJlMmJmYjczMC1lY2FhLTExZTYtOGY4OC0zNDM2M2JjN2M0YzAiOnsiY3JlYXRlIjo2MDAwMDAwMDAwMDAsImRlbGV0ZSI6OTAwMDAwMDAwMDAwfSwic2NoZW1hX3ZlcnNpb24iOiIxIn0=",
          "dependencies": [
            "module.eks.aws_security_group.cluster",
            "module.networking.aws_vpc.this"
          ]
        }
      ]
    },
    {
      "module": "module.eks",
      "mode": "managed",
      "type": "aws_security_group_rule",
      "name": "cluster_ingress_node_https",
      "provider": "provider[\"registry.terraform.io/hashicorp/aws\"]",
      "instances": [
        {
          "schema_version": 2,
          "attributes": {
            "cidr_blocks": null,
            "description": "Allow nodes to communicate with the cluster API",
            "from_port": 443,
            "id": "sgrule-1911917955",
            "ipv6_cidr_blocks": null,
            "prefix_list_ids": null,
            "protocol": "tcp",
            "security_group_id": "sg-014d7943487e32280",
            "security_group_rule_id": "sgr-00b15b854898977be",
            "self": false,
            "source_security_group_id": "sg-0111d0a7ae8ed87c2",
            "timeouts": null,
            "to_port": 443,
            "type": "ingress"
          },
          "sensitive_attributes": [],
          "private": "eyJlMmJmYjczMC1lY2FhLTExZTYtOGY4OC0zNDM2M2JjN2M0YzAiOnsiY3JlYXRlIjozMDAwMDAwMDAwMDB9LCJzY2hlbWFfdmVyc2lvbiI6IjIifQ==",
          "dependencies": [
            "module.eks.aws_security_group.cluster",
            "module.eks.aws_security_group.node",
            "module.networking.aws_vpc.this"
          ]
        }
      ]
    },
    {
      "module": "module.irsa",
      "mode": "data",
      "type": "aws_iam_policy_document",
      "name": "api_service_assume",
      "provider": "provider[\"registry.terraform.io/hashicorp/aws\"]",
      "instances": [
        {
          "schema_version": 0,
          "attributes": {
            "id": "2960416053",
            "json": "{\n  \"Version\": \"2012-10-17\",\n  \"Statement\": [\n    {\n      \"Effect\": \"Allow\",\n      \"Action\": \"sts:AssumeRoleWithWebIdentity\",\n      \"Principal\": {\n        \"Federated\": \"arn:aws:iam::962765734677:oidc-provider/oidc.eks.us-east-1.amazonaws.com/id/0E3DE1EE9358A89189759D9F4C041D42\"\n      },\n      \"Condition\": {\n        \"StringEquals\": {\n          \"oidc.eks.us-east-1.amazonaws.com/id/0E3DE1EE9358A89189759D9F4C041D42:aud\": \"sts.amazonaws.com\",\n          \"oidc.eks.us-east-1.amazonaws.com/id/0E3DE1EE9358A89189759D9F4C041D42:sub\": \"system:serviceaccount:api-service:api-service\"\n        }\n      }\n    }\n  ]\n}",
            "minified_json": "{\"Version\":\"2012-10-17\",\"Statement\":[{\"Effect\":\"Allow\",\"Action\":\"sts:AssumeRoleWithWebIdentity\",\"Principal\":{\"Federated\":\"arn:aws:iam::962765734677:oidc-provider/oidc.eks.us-east-1.amazonaws.com/id/0E3DE1EE9358A89189759D9F4C041D42\"},\"Condition\":{\"StringEquals\":{\"oidc.eks.us-east-1.amazonaws.com/id/0E3DE1EE9358A89189759D9F4C041D42:aud\":\"sts.amazonaws.com\",\"oidc.eks.us-east-1.amazonaws.com/id/0E3DE1EE9358A89189759D9F4C041D42:sub\":\"system:serviceaccount:api-service:api-service\"}}}]}",
            "override_json": null,
            "override_policy_documents": null,
            "policy_id": null,
            "source_json": null,
            "source_policy_documents": null,
            "statement": [
              {
                "actions": [
                  "sts:AssumeRoleWithWebIdentity"
                ],
                "condition": [
                  {
                    "test": "StringEquals",
                    "values": [
                      "sts.amazonaws.com"
                    ],
                    "variable": "oidc.eks.us-east-1.amazonaws.com/id/0E3DE1EE9358A89189759D9F4C041D42:aud"
                  },
                  {
                    "test": "StringEquals",
                    "values": [
                      "system:serviceaccount:api-service:api-service"
                    ],
                    "variable": "oidc.eks.us-east-1.amazonaws.com/id/0E3DE1EE9358A89189759D9F4C041D42:sub"
                  }
                ],
                "effect": "Allow",
                "not_actions": [],
                "not_principals": [],
                "not_resources": [],
                "principals": [
                  {
                    "identifiers": [
                      "arn:aws:iam::962765734677:oidc-provider/oidc.eks.us-east-1.amazonaws.com/id/0E3DE1EE9358A89189759D9F4C041D42"
                    ],
                    "type": "Federated"
                  }
                ],
                "resources": [],
                "sid": ""
              }
            ],
            "version": "2012-10-17"
          },
          "sensitive_attributes": []
        }
      ]
    },
    {
      "module": "module.irsa",
      "mode": "data",
      "type": "aws_iam_policy_document",
      "name": "cluster_autoscaler_assume",
      "provider": "provider[\"registry.terraform.io/hashicorp/aws\"]",
      "instances": [
        {
          "schema_version": 0,
          "attributes": {
            "id": "2553047829",
            "json": "{\n  \"Version\": \"2012-10-17\",\n  \"Statement\": [\n    {\n      \"Effect\": \"Allow\",\n      \"Action\": \"sts:AssumeRoleWithWebIdentity\",\n      \"Principal\": {\n        \"Federated\": \"arn:aws:iam::962765734677:oidc-provider/oidc.eks.us-east-1.amazonaws.com/id/0E3DE1EE9358A89189759D9F4C041D42\"\n      },\n      \"Condition\": {\n        \"StringEquals\": {\n          \"oidc.eks.us-east-1.amazonaws.com/id/0E3DE1EE9358A89189759D9F4C041D42:aud\": \"sts.amazonaws.com\",\n          \"oidc.eks.us-east-1.amazonaws.com/id/0E3DE1EE9358A89189759D9F4C041D42:sub\": \"system:serviceaccount:kube-system:cluster-autoscaler\"\n        }\n      }\n    }\n  ]\n}",
            "minified_json": "{\"Version\":\"2012-10-17\",\"Statement\":[{\"Effect\":\"Allow\",\"Action\":\"sts:AssumeRoleWithWebIdentity\",\"Principal\":{\"Federated\":\"arn:aws:iam::962765734677:oidc-provider/oidc.eks.us-east-1.amazonaws.com/id/0E3DE1EE9358A89189759D9F4C041D42\"},\"Condition\":{\"StringEquals\":{\"oidc.eks.us-east-1.amazonaws.com/id/0E3DE1EE9358A89189759D9F4C041D42:aud\":\"sts.amazonaws.com\",\"oidc.eks.us-east-1.amazonaws.com/id/0E3DE1EE9358A89189759D9F4C041D42:sub\":\"system:serviceaccount:kube-system:cluster-autoscaler\"}}}]}",
            "override_json": null,
            "override_policy_documents": null,
            "policy_id": null,
            "source_json": null,
            "source_policy_documents": null,
            "statement": [
              {
                "actions": [
                  "sts:AssumeRoleWithWebIdentity"
                ],
                "condition": [
                  {
                    "test": "StringEquals",
                    "values": [
                      "sts.amazonaws.com"
                    ],
                    "variable": "oidc.eks.us-east-1.amazonaws.com/id/0E3DE1EE9358A89189759D9F4C041D42:aud"
                  },
                  {
                    "test": "StringEquals",
                    "values": [
                      "system:serviceaccount:kube-system:cluster-autoscaler"
                    ],
                    "variable": "oidc.eks.us-east-1.amazonaws.com/id/0E3DE1EE9358A89189759D9F4C041D42:sub"
                  }
                ],
                "effect": "Allow",
                "not_actions": [],
                "not_principals": [],
                "not_resources": [],
                "principals": [
                  {
                    "identifiers": [
                      "arn:aws:iam::962765734677:oidc-provider/oidc.eks.us-east-1.amazonaws.com/id/0E3DE1EE9358A89189759D9F4C041D42"
                    ],
                    "type": "Federated"
                  }
                ],
                "resources": [],
                "sid": ""
              }
            ],
            "version": "2012-10-17"
          },
          "sensitive_attributes": []
        }
      ]
    },
    {
      "module": "module.irsa",
      "mode": "data",
      "type": "aws_iam_policy_document",
      "name": "worker_service_assume",
      "provider": "provider[\"registry.terraform.io/hashicorp/aws\"]",
      "instances": [
        {
          "schema_version": 0,
          "attributes": {
            "id": "1377554014",
            "json": "{\n  \"Version\": \"2012-10-17\",\n  \"Statement\": [\n    {\n      \"Effect\": \"Allow\",\n      \"Action\": \"sts:AssumeRoleWithWebIdentity\",\n      \"Principal\": {\n        \"Federated\": \"arn:aws:iam::962765734677:oidc-provider/oidc.eks.us-east-1.amazonaws.com/id/0E3DE1EE9358A89189759D9F4C041D42\"\n      },\n      \"Condition\": {\n        \"StringEquals\": {\n          \"oidc.eks.us-east-1.amazonaws.com/id/0E3DE1EE9358A89189759D9F4C041D42:aud\": \"sts.amazonaws.com\",\n          \"oidc.eks.us-east-1.amazonaws.com/id/0E3DE1EE9358A89189759D9F4C041D42:sub\": \"system:serviceaccount:worker-service:worker-service\"\n        }\n      }\n    }\n  ]\n}",
            "minified_json": "{\"Version\":\"2012-10-17\",\"Statement\":[{\"Effect\":\"Allow\",\"Action\":\"sts:AssumeRoleWithWebIdentity\",\"Principal\":{\"Federated\":\"arn:aws:iam::962765734677:oidc-provider/oidc.eks.us-east-1.amazonaws.com/id/0E3DE1EE9358A89189759D9F4C041D42\"},\"Condition\":{\"StringEquals\":{\"oidc.eks.us-east-1.amazonaws.com/id/0E3DE1EE9358A89189759D9F4C041D42:aud\":\"sts.amazonaws.com\",\"oidc.eks.us-east-1.amazonaws.com/id/0E3DE1EE9358A89189759D9F4C041D42:sub\":\"system:serviceaccount:worker-service:worker-service\"}}}]}",
            "override_json": null,
            "override_policy_documents": null,
            "policy_id": null,
            "source_json": null,
            "source_policy_documents": null,
            "statement": [
              {
                "actions": [
                  "sts:AssumeRoleWithWebIdentity"
                ],
                "condition": [
                  {
                    "test": "StringEquals",
                    "values": [
                      "sts.amazonaws.com"
                    ],
                    "variable": "oidc.eks.us-east-1.amazonaws.com/id/0E3DE1EE9358A89189759D9F4C041D42:aud"
                  },
                  {
                    "test": "StringEquals",
                    "values": [
                      "system:serviceaccount:worker-service:worker-service"
                    ],
                    "variable": "oidc.eks.us-east-1.amazonaws.com/id/0E3DE1EE9358A89189759D9F4C041D42:sub"
                  }
                ],
                "effect": "Allow",
                "not_actions": [],
                "not_principals": [],
                "not_resources": [],
                "principals": [
                  {
                    "identifiers": [
                      "arn:aws:iam::962765734677:oidc-provider/oidc.eks.us-east-1.amazonaws.com/id/0E3DE1EE9358A89189759D9F4C041D42"
                    ],
                    "type": "Federated"
                  }
                ],
                "resources": [],
                "sid": ""
              }
            ],
            "version": "2012-10-17"
          },
          "sensitive_attributes": []
        }
      ]
    },
    {
      "module": "module.irsa",
      "mode": "managed",
      "type": "aws_dynamodb_table",
      "name": "items",
      "provider": "provider[\"registry.terraform.io/hashicorp/aws\"]",
      "instances": [
        {
          "schema_version": 1,
          "attributes": {
            "arn": "arn:aws:dynamodb:us-east-1:962765734677:table/order-storage-table",
            "attribute": [
              {
                "name": "created_at",
                "type": "S"
              },
              {
                "name": "id",
                "type": "S"
              },
              {
                "name": "status",
                "type": "S"
              }
            ],
            "billing_mode": "PAY_PER_REQUEST",
            "deletion_protection_enabled": false,
            "global_secondary_index": [
              {
                "hash_key": "status",
                "name": "StatusIndex",
                "non_key_attributes": [],
                "on_demand_throughput": [],
                "projection_type": "ALL",
                "range_key": "created_at",
                "read_capacity": 0,
                "write_capacity": 0
              }
            ],
            "hash_key": "id",
            "id": "order-storage-table",
            "import_table": [],
            "local_secondary_index": [],
            "name": "order-storage-table",
            "on_demand_throughput": [],
            "point_in_time_recovery": [
              {
                "enabled": true,
                "recovery_period_in_days": 35
              }
            ],
            "range_key": "created_at",
            "read_capacity": 0,
            "replica": [],
            "restore_date_time": null,
            "restore_source_name": null,
            "restore_source_table_arn": null,
            "restore_to_latest_time": null,
            "server_side_encryption": [
              {
                "enabled": true,
                "kms_key_arn": ""
              }
            ],
            "stream_arn": "",
            "stream_enabled": false,
            "stream_label": "",
            "stream_view_type": "",
            "table_class": "STANDARD",
            "tags": {
              "Name": "order-storage-table"
            },
            "tags_all": {
              "Environment": "prod",
              "ManagedBy": "terraform",
              "Mission": "Retail-Order-Processor",
              "Name": "order-storage-table",
              "Owner": "Patricio-Lumbenlengo",
              "Project": "eks-gitops-platform"
            },
            "timeouts": null,
            "ttl": [
              {
                "attribute_name": "expires_at",
                "enabled": true
              }
            ],
            "write_capacity": 0
          },
          "sensitive_attributes": [],
          "private": "eyJlMmJmYjczMC1lY2FhLTExZTYtOGY4OC0zNDM2M2JjN2M0YzAiOnsiY3JlYXRlIjoxODAwMDAwMDAwMDAwLCJkZWxldGUiOjYwMDAwMDAwMDAwMCwidXBkYXRlIjozNjAwMDAwMDAwMDAwfSwic2NoZW1hX3ZlcnNpb24iOiIxIn0=",
          "dependencies": [
            "data.aws_availability_zones.available",
            "data.aws_caller_identity.current",
            "module.eks.aws_cloudwatch_log_group.eks",
            "module.eks.aws_eks_addon.aws_ebs_csi_driver",
            "module.eks.aws_eks_addon.coredns",
            "module.eks.aws_eks_addon.kube_proxy",
            "module.eks.aws_eks_addon.vpc_cni",
            "module.eks.aws_eks_cluster.this",
            "module.eks.aws_eks_node_group.general",
            "module.eks.aws_iam_openid_connect_provider.eks",
            "module.eks.aws_iam_role.cluster",
            "module.eks.aws_iam_role.ebs_csi",
            "module.eks.aws_iam_role.node",
            "module.eks.aws_iam_role_policy_attachment.cluster_policy",
            "module.eks.aws_iam_role_policy_attachment.cluster_vpc_resource_controller",
            "module.eks.aws_iam_role_policy_attachment.ebs_csi",
            "module.eks.aws_iam_role_policy_attachment.node_cni",
            "module.eks.aws_iam_role_policy_attachment.node_ecr",
            "module.eks.aws_iam_role_policy_attachment.node_ssm",
            "module.eks.aws_iam_role_policy_attachment.node_worker",
            "module.eks.aws_kms_alias.eks",
            "module.eks.aws_kms_key.eks",
            "module.eks.aws_launch_template.node",
            "module.eks.aws_security_group.cluster",
            "module.eks.aws_security_group.node",
            "module.eks.aws_security_group_rule.cluster_ingress_node_https",
            "module.eks.data.aws_iam_policy_document.cluster_assume_role",
            "module.eks.data.aws_iam_policy_document.ebs_csi_assume",
            "module.eks.data.aws_iam_policy_document.node_assume_role",
            "module.eks.data.tls_certificate.eks",
            "module.networking.aws_subnet.private",
            "module.networking.aws_subnet.public",
            "module.networking.aws_vpc.this"
          ]
        }
      ]
    },
    {
      "module": "module.irsa",
      "mode": "managed",
      "type": "aws_iam_role",
      "name": "api_service",
      "provider": "provider[\"registry.terraform.io/hashicorp/aws\"]",
      "instances": [
        {
          "schema_version": 0,
          "attributes": {
            "arn": "arn:aws:iam::962765734677:role/eks-gitops-platform-api-service",
            "assume_role_policy": "{\"Statement\":[{\"Action\":\"sts:AssumeRoleWithWebIdentity\",\"Condition\":{\"StringEquals\":{\"oidc.eks.us-east-1.amazonaws.com/id/0E3DE1EE9358A89189759D9F4C041D42:aud\":\"sts.amazonaws.com\",\"oidc.eks.us-east-1.amazonaws.com/id/0E3DE1EE9358A89189759D9F4C041D42:sub\":\"system:serviceaccount:api-service:api-service\"}},\"Effect\":\"Allow\",\"Principal\":{\"Federated\":\"arn:aws:iam::962765734677:oidc-provider/oidc.eks.us-east-1.amazonaws.com/id/0E3DE1EE9358A89189759D9F4C041D42\"}}],\"Version\":\"2012-10-17\"}",
            "create_date": "2026-05-07T08:51:58Z",
            "description": "",
            "force_detach_policies": false,
            "id": "eks-gitops-platform-api-service",
            "inline_policy": [
              {
                "name": "api-service-policy",
                "policy": "{\"Version\":\"2012-10-17\",\"Statement\":[{\"Action\":[\"sqs:SendMessage\",\"sqs:GetQueueUrl\",\"sqs:GetQueueAttributes\"],\"Effect\":\"Allow\",\"Resource\":\"arn:aws:sqs:us-east-1:962765734677:order-processing-queue\",\"Sid\":\"SQSSendMessage\"},{\"Action\":[\"dynamodb:GetItem\",\"dynamodb:PutItem\",\"dynamodb:UpdateItem\",\"dynamodb:DeleteItem\",\"dynamodb:Query\",\"dynamodb:Scan\"],\"Effect\":\"Allow\",\"Resource\":[\"arn:aws:dynamodb:us-east-1:962765734677:table/order-storage-table\",\"arn:aws:dynamodb:us-east-1:962765734677:table/order-storage-table/index/*\"],\"Sid\":\"DynamoDBReadWrite\"},{\"Action\":[\"kms:Decrypt\",\"kms:GenerateDataKey\"],\"Effect\":\"Allow\",\"Resource\":\"arn:aws:kms:us-east-1:962765734677:key/da969534-bfd1-4e55-b731-f1dfcd4a2a54\",\"Sid\":\"KMSDecrypt\"},{\"Action\":[\"ssm:GetParameter\",\"ssm:GetParameters\",\"ssm:GetParametersByPath\"],\"Effect\":\"Allow\",\"Resource\":\"arn:aws:ssm:us-east-1:962765734677:parameter/eks-gitops-platform/api-service/*\",\"Sid\":\"SSMGetParameters\"},{\"Action\":[\"secretsmanager:GetSecretValue\"],\"Effect\":\"Allow\",\"Resource\":\"arn:aws:secretsmanager:us-east-1:962765734677:secret:eks-gitops-platform/api-service/*\",\"Sid\":\"SecretsManagerRead\"}]}"
              }
            ],
            "managed_policy_arns": [],
            "max_session_duration": 3600,
            "name": "eks-gitops-platform-api-service",
            "name_prefix": "",
            "path": "/",
            "permissions_boundary": "",
            "tags": {
              "Name": "eks-gitops-platform-api-service-irsa"
            },
            "tags_all": {
              "Environment": "prod",
              "ManagedBy": "terraform",
              "Mission": "Retail-Order-Processor",
              "Name": "eks-gitops-platform-api-service-irsa",
              "Owner": "Patricio-Lumbenlengo",
              "Project": "eks-gitops-platform"
            },
            "unique_id": "AROA6AKKPIMKXEWDHGDTG"
          },
          "sensitive_attributes": [],
          "private": "bnVsbA==",
          "dependencies": [
            "data.aws_availability_zones.available",
            "data.aws_caller_identity.current",
            "module.eks.aws_cloudwatch_log_group.eks",
            "module.eks.aws_eks_addon.aws_ebs_csi_driver",
            "module.eks.aws_eks_addon.coredns",
            "module.eks.aws_eks_addon.kube_proxy",
            "module.eks.aws_eks_addon.vpc_cni",
            "module.eks.aws_eks_cluster.this",
            "module.eks.aws_eks_node_group.general",
            "module.eks.aws_iam_openid_connect_provider.eks",
            "module.eks.aws_iam_role.cluster",
            "module.eks.aws_iam_role.ebs_csi",
            "module.eks.aws_iam_role.node",
            "module.eks.aws_iam_role_policy_attachment.cluster_policy",
            "module.eks.aws_iam_role_policy_attachment.cluster_vpc_resource_controller",
            "module.eks.aws_iam_role_policy_attachment.ebs_csi",
            "module.eks.aws_iam_role_policy_attachment.node_cni",
            "module.eks.aws_iam_role_policy_attachment.node_ecr",
            "module.eks.aws_iam_role_policy_attachment.node_ssm",
            "module.eks.aws_iam_role_policy_attachment.node_worker",
            "module.eks.aws_kms_alias.eks",
            "module.eks.aws_kms_key.eks",
            "module.eks.aws_launch_template.node",
            "module.eks.aws_security_group.cluster",
            "module.eks.aws_security_group.node",
            "module.eks.aws_security_group_rule.cluster_ingress_node_https",
            "module.eks.data.aws_iam_policy_document.cluster_assume_role",
            "module.eks.data.aws_iam_policy_document.ebs_csi_assume",
            "module.eks.data.aws_iam_policy_document.node_assume_role",
            "module.eks.data.tls_certificate.eks",
            "module.irsa.data.aws_iam_policy_document.api_service_assume",
            "module.networking.aws_subnet.private",
            "module.networking.aws_subnet.public",
            "module.networking.aws_vpc.this"
          ]
        }
      ]
    },
    {
      "module": "module.irsa",
      "mode": "managed",
      "type": "aws_iam_role",
      "name": "cluster_autoscaler",
      "provider": "provider[\"registry.terraform.io/hashicorp/aws\"]",
      "instances": [
        {
          "schema_version": 0,
          "attributes": {
            "arn": "arn:aws:iam::962765734677:role/eks-gitops-platform-cluster-autoscaler",
            "assume_role_policy": "{\"Statement\":[{\"Action\":\"sts:AssumeRoleWithWebIdentity\",\"Condition\":{\"StringEquals\":{\"oidc.eks.us-east-1.amazonaws.com/id/0E3DE1EE9358A89189759D9F4C041D42:aud\":\"sts.amazonaws.com\",\"oidc.eks.us-east-1.amazonaws.com/id/0E3DE1EE9358A89189759D9F4C041D42:sub\":\"system:serviceaccount:kube-system:cluster-autoscaler\"}},\"Effect\":\"Allow\",\"Principal\":{\"Federated\":\"arn:aws:iam::962765734677:oidc-provider/oidc.eks.us-east-1.amazonaws.com/id/0E3DE1EE9358A89189759D9F4C041D42\"}}],\"Version\":\"2012-10-17\"}",
            "create_date": "2026-05-07T08:51:58Z",
            "description": "",
            "force_detach_policies": false,
            "id": "eks-gitops-platform-cluster-autoscaler",
            "inline_policy": [
              {
                "name": "cluster-autoscaler",
                "policy": "{\"Version\":\"2012-10-17\",\"Statement\":[{\"Action\":[\"autoscaling:DescribeAutoScalingGroups\",\"autoscaling:DescribeAutoScalingInstances\",\"autoscaling:DescribeLaunchConfigurations\",\"autoscaling:DescribeScalingActivities\",\"autoscaling:DescribeTags\",\"ec2:DescribeImages\",\"ec2:DescribeInstanceTypes\",\"ec2:DescribeLaunchTemplateVersions\",\"ec2:GetInstanceTypesFromInstanceRequirements\",\"eks:DescribeNodegroup\"],\"Effect\":\"Allow\",\"Resource\":[\"*\"]},{\"Action\":[\"autoscaling:SetDesiredCapacity\",\"autoscaling:TerminateInstanceInAutoScalingGroup\"],\"Condition\":{\"StringEquals\":{\"autoscaling:ResourceTag/k8s.io/cluster-autoscaler/enabled\":\"true\",\"autoscaling:ResourceTag/kubernetes.io/cluster/eks-gitops-platform\":\"owned\"}},\"Effect\":\"Allow\",\"Resource\":[\"*\"]}]}"
              }
            ],
            "managed_policy_arns": [],
            "max_session_duration": 3600,
            "name": "eks-gitops-platform-cluster-autoscaler",
            "name_prefix": "",
            "path": "/",
            "permissions_boundary": "",
            "tags": {},
            "tags_all": {
              "Environment": "prod",
              "ManagedBy": "terraform",
              "Mission": "Retail-Order-Processor",
              "Owner": "Patricio-Lumbenlengo",
              "Project": "eks-gitops-platform"
            },
            "unique_id": "AROA6AKKPIMKRYVTIHHIB"
          },
          "sensitive_attributes": [],
          "private": "bnVsbA==",
          "dependencies": [
            "data.aws_availability_zones.available",
            "data.aws_caller_identity.current",
            "module.eks.aws_cloudwatch_log_group.eks",
            "module.eks.aws_eks_addon.aws_ebs_csi_driver",
            "module.eks.aws_eks_addon.coredns",
            "module.eks.aws_eks_addon.kube_proxy",
            "module.eks.aws_eks_addon.vpc_cni",
            "module.eks.aws_eks_cluster.this",
            "module.eks.aws_eks_node_group.general",
            "module.eks.aws_iam_openid_connect_provider.eks",
            "module.eks.aws_iam_role.cluster",
            "module.eks.aws_iam_role.ebs_csi",
            "module.eks.aws_iam_role.node",
            "module.eks.aws_iam_role_policy_attachment.cluster_policy",
            "module.eks.aws_iam_role_policy_attachment.cluster_vpc_resource_controller",
            "module.eks.aws_iam_role_policy_attachment.ebs_csi",
            "module.eks.aws_iam_role_policy_attachment.node_cni",
            "module.eks.aws_iam_role_policy_attachment.node_ecr",
            "module.eks.aws_iam_role_policy_attachment.node_ssm",
            "module.eks.aws_iam_role_policy_attachment.node_worker",
            "module.eks.aws_kms_alias.eks",
            "module.eks.aws_kms_key.eks",
            "module.eks.aws_launch_template.node",
            "module.eks.aws_security_group.cluster",
            "module.eks.aws_security_group.node",
            "module.eks.aws_security_group_rule.cluster_ingress_node_https",
            "module.eks.data.aws_iam_policy_document.cluster_assume_role",
            "module.eks.data.aws_iam_policy_document.ebs_csi_assume",
            "module.eks.data.aws_iam_policy_document.node_assume_role",
            "module.eks.data.tls_certificate.eks",
            "module.irsa.data.aws_iam_policy_document.cluster_autoscaler_assume",
            "module.networking.aws_subnet.private",
            "module.networking.aws_subnet.public",
            "module.networking.aws_vpc.this"
          ]
        }
      ]
    },
    {
      "module": "module.irsa",
      "mode": "managed",
      "type": "aws_iam_role",
      "name": "worker_service",
      "provider": "provider[\"registry.terraform.io/hashicorp/aws\"]",
      "instances": [
        {
          "schema_version": 0,
          "attributes": {
            "arn": "arn:aws:iam::962765734677:role/eks-gitops-platform-worker-service",
            "assume_role_policy": "{\"Statement\":[{\"Action\":\"sts:AssumeRoleWithWebIdentity\",\"Condition\":{\"StringEquals\":{\"oidc.eks.us-east-1.amazonaws.com/id/0E3DE1EE9358A89189759D9F4C041D42:aud\":\"sts.amazonaws.com\",\"oidc.eks.us-east-1.amazonaws.com/id/0E3DE1EE9358A89189759D9F4C041D42:sub\":\"system:serviceaccount:worker-service:worker-service\"}},\"Effect\":\"Allow\",\"Principal\":{\"Federated\":\"arn:aws:iam::962765734677:oidc-provider/oidc.eks.us-east-1.amazonaws.com/id/0E3DE1EE9358A89189759D9F4C041D42\"}}],\"Version\":\"2012-10-17\"}",
            "create_date": "2026-05-07T08:51:58Z",
            "description": "",
            "force_detach_policies": false,
            "id": "eks-gitops-platform-worker-service",
            "inline_policy": [
              {
                "name": "worker-service-policy",
                "policy": "{\"Version\":\"2012-10-17\",\"Statement\":[{\"Action\":[\"sqs:ReceiveMessage\",\"sqs:DeleteMessage\",\"sqs:GetQueueAttributes\",\"sqs:ChangeMessageVisibility\"],\"Effect\":\"Allow\",\"Resource\":[\"arn:aws:sqs:us-east-1:962765734677:order-processing-queue\",\"arn:aws:sqs:us-east-1:962765734677:order-processing-queue-dlq\"],\"Sid\":\"SQSConsumeMessages\"},{\"Action\":[\"dynamodb:PutItem\",\"dynamodb:UpdateItem\",\"dynamodb:GetItem\",\"dynamodb:Query\"],\"Effect\":\"Allow\",\"Resource\":[\"arn:aws:dynamodb:us-east-1:962765734677:table/order-storage-table\",\"arn:aws:dynamodb:us-east-1:962765734677:table/order-storage-table/index/*\"],\"Sid\":\"DynamoDBWrite\"},{\"Action\":[\"kms:Decrypt\",\"kms:GenerateDataKey\"],\"Effect\":\"Allow\",\"Resource\":\"arn:aws:kms:us-east-1:962765734677:key/da969534-bfd1-4e55-b731-f1dfcd4a2a54\",\"Sid\":\"KMSDecrypt\"},{\"Action\":[\"cloudwatch:PutMetricData\"],\"Condition\":{\"StringEquals\":{\"cloudwatch:namespace\":\"EKSGitOpsPlatform/WorkerService\"}},\"Effect\":\"Allow\",\"Resource\":\"*\",\"Sid\":\"CloudWatchMetrics\"}]}"
              }
            ],
            "managed_policy_arns": [],
            "max_session_duration": 3600,
            "name": "eks-gitops-platform-worker-service",
            "name_prefix": "",
            "path": "/",
            "permissions_boundary": "",
            "tags": {
              "Name": "eks-gitops-platform-worker-service-irsa"
            },
            "tags_all": {
              "Environment": "prod",
              "ManagedBy": "terraform",
              "Mission": "Retail-Order-Processor",
              "Name": "eks-gitops-platform-worker-service-irsa",
              "Owner": "Patricio-Lumbenlengo",
              "Project": "eks-gitops-platform"
            },
            "unique_id": "AROA6AKKPIMKWGTI7KB5J"
          },
          "sensitive_attributes": [],
          "private": "bnVsbA==",
          "dependencies": [
            "data.aws_availability_zones.available",
            "data.aws_caller_identity.current",
            "module.eks.aws_cloudwatch_log_group.eks",
            "module.eks.aws_eks_addon.aws_ebs_csi_driver",
            "module.eks.aws_eks_addon.coredns",
            "module.eks.aws_eks_addon.kube_proxy",
            "module.eks.aws_eks_addon.vpc_cni",
            "module.eks.aws_eks_cluster.this",
            "module.eks.aws_eks_node_group.general",
            "module.eks.aws_iam_openid_connect_provider.eks",
            "module.eks.aws_iam_role.cluster",
            "module.eks.aws_iam_role.ebs_csi",
            "module.eks.aws_iam_role.node",
            "module.eks.aws_iam_role_policy_attachment.cluster_policy",
            "module.eks.aws_iam_role_policy_attachment.cluster_vpc_resource_controller",
            "module.eks.aws_iam_role_policy_attachment.ebs_csi",
            "module.eks.aws_iam_role_policy_attachment.node_cni",
            "module.eks.aws_iam_role_policy_attachment.node_ecr",
            "module.eks.aws_iam_role_policy_attachment.node_ssm",
            "module.eks.aws_iam_role_policy_attachment.node_worker",
            "module.eks.aws_kms_alias.eks",
            "module.eks.aws_kms_key.eks",
            "module.eks.aws_launch_template.node",
            "module.eks.aws_security_group.cluster",
            "module.eks.aws_security_group.node",
            "module.eks.aws_security_group_rule.cluster_ingress_node_https",
            "module.eks.data.aws_iam_policy_document.cluster_assume_role",
            "module.eks.data.aws_iam_policy_document.ebs_csi_assume",
            "module.eks.data.aws_iam_policy_document.node_assume_role",
            "module.eks.data.tls_certificate.eks",
            "module.irsa.data.aws_iam_policy_document.worker_service_assume",
            "module.networking.aws_subnet.private",
            "module.networking.aws_subnet.public",
            "module.networking.aws_vpc.this"
          ]
        }
      ]
    },
    {
      "module": "module.irsa",
      "mode": "managed",
      "type": "aws_iam_role_policy",
      "name": "api_service",
      "provider": "provider[\"registry.terraform.io/hashicorp/aws\"]",
      "instances": [
        {
          "schema_version": 0,
          "attributes": {
            "id": "eks-gitops-platform-api-service:api-service-policy",
            "name": "api-service-policy",
            "name_prefix": "",
            "policy": "{\"Version\":\"2012-10-17\",\"Statement\":[{\"Action\":[\"sqs:SendMessage\",\"sqs:GetQueueUrl\",\"sqs:GetQueueAttributes\"],\"Effect\":\"Allow\",\"Resource\":\"arn:aws:sqs:us-east-1:962765734677:order-processing-queue\",\"Sid\":\"SQSSendMessage\"},{\"Action\":[\"dynamodb:GetItem\",\"dynamodb:PutItem\",\"dynamodb:UpdateItem\",\"dynamodb:DeleteItem\",\"dynamodb:Query\",\"dynamodb:Scan\"],\"Effect\":\"Allow\",\"Resource\":[\"arn:aws:dynamodb:us-east-1:962765734677:table/order-storage-table\",\"arn:aws:dynamodb:us-east-1:962765734677:table/order-storage-table/index/*\"],\"Sid\":\"DynamoDBReadWrite\"},{\"Action\":[\"kms:Decrypt\",\"kms:GenerateDataKey\"],\"Effect\":\"Allow\",\"Resource\":\"arn:aws:kms:us-east-1:962765734677:key/da969534-bfd1-4e55-b731-f1dfcd4a2a54\",\"Sid\":\"KMSDecrypt\"},{\"Action\":[\"ssm:GetParameter\",\"ssm:GetParameters\",\"ssm:GetParametersByPath\"],\"Effect\":\"Allow\",\"Resource\":\"arn:aws:ssm:us-east-1:962765734677:parameter/eks-gitops-platform/api-service/*\",\"Sid\":\"SSMGetParameters\"},{\"Action\":[\"secretsmanager:GetSecretValue\"],\"Effect\":\"Allow\",\"Resource\":\"arn:aws:secretsmanager:us-east-1:962765734677:secret:eks-gitops-platform/api-service/*\",\"Sid\":\"SecretsManagerRead\"}]}",
            "role": "eks-gitops-platform-api-service"
          },
          "sensitive_attributes": [],
          "private": "bnVsbA==",
          "dependencies": [
            "data.aws_availability_zones.available",
            "data.aws_caller_identity.current",
            "module.eks.aws_cloudwatch_log_group.eks",
            "module.eks.aws_eks_addon.aws_ebs_csi_driver",
            "module.eks.aws_eks_addon.coredns",
            "module.eks.aws_eks_addon.kube_proxy",
            "module.eks.aws_eks_addon.vpc_cni",
            "module.eks.aws_eks_cluster.this",
            "module.eks.aws_eks_node_group.general",
            "module.eks.aws_iam_openid_connect_provider.eks",
            "module.eks.aws_iam_role.cluster",
            "module.eks.aws_iam_role.ebs_csi",
            "module.eks.aws_iam_role.node",
            "module.eks.aws_iam_role_policy_attachment.cluster_policy",
            "module.eks.aws_iam_role_policy_attachment.cluster_vpc_resource_controller",
            "module.eks.aws_iam_role_policy_attachment.ebs_csi",
            "module.eks.aws_iam_role_policy_attachment.node_cni",
            "module.eks.aws_iam_role_policy_attachment.node_ecr",
            "module.eks.aws_iam_role_policy_attachment.node_ssm",
            "module.eks.aws_iam_role_policy_attachment.node_worker",
            "module.eks.aws_kms_alias.eks",
            "module.eks.aws_kms_key.eks",
            "module.eks.aws_launch_template.node",
            "module.eks.aws_security_group.cluster",
            "module.eks.aws_security_group.node",
            "module.eks.aws_security_group_rule.cluster_ingress_node_https",
            "module.eks.data.aws_iam_policy_document.cluster_assume_role",
            "module.eks.data.aws_iam_policy_document.ebs_csi_assume",
            "module.eks.data.aws_iam_policy_document.node_assume_role",
            "module.eks.data.tls_certificate.eks",
            "module.irsa.aws_dynamodb_table.items",
            "module.irsa.aws_iam_role.api_service",
            "module.irsa.aws_kms_key.sqs",
            "module.irsa.aws_sqs_queue.dlq",
            "module.irsa.aws_sqs_queue.main",
            "module.irsa.data.aws_iam_policy_document.api_service_assume",
            "module.networking.aws_subnet.private",
            "module.networking.aws_subnet.public",
            "module.networking.aws_vpc.this"
          ]
        }
      ]
    },
    {
      "module": "module.irsa",
      "mode": "managed",
      "type": "aws_iam_role_policy",
      "name": "cluster_autoscaler",
      "provider": "provider[\"registry.terraform.io/hashicorp/aws\"]",
      "instances": [
        {
          "schema_version": 0,
          "attributes": {
            "id": "eks-gitops-platform-cluster-autoscaler:cluster-autoscaler",
            "name": "cluster-autoscaler",
            "name_prefix": "",
            "policy": "{\"Version\":\"2012-10-17\",\"Statement\":[{\"Action\":[\"autoscaling:DescribeAutoScalingGroups\",\"autoscaling:DescribeAutoScalingInstances\",\"autoscaling:DescribeLaunchConfigurations\",\"autoscaling:DescribeScalingActivities\",\"autoscaling:DescribeTags\",\"ec2:DescribeImages\",\"ec2:DescribeInstanceTypes\",\"ec2:DescribeLaunchTemplateVersions\",\"ec2:GetInstanceTypesFromInstanceRequirements\",\"eks:DescribeNodegroup\"],\"Effect\":\"Allow\",\"Resource\":[\"*\"]},{\"Action\":[\"autoscaling:SetDesiredCapacity\",\"autoscaling:TerminateInstanceInAutoScalingGroup\"],\"Condition\":{\"StringEquals\":{\"autoscaling:ResourceTag/k8s.io/cluster-autoscaler/enabled\":\"true\",\"autoscaling:ResourceTag/kubernetes.io/cluster/eks-gitops-platform\":\"owned\"}},\"Effect\":\"Allow\",\"Resource\":[\"*\"]}]}",
            "role": "eks-gitops-platform-cluster-autoscaler"
          },
          "sensitive_attributes": [],
          "private": "bnVsbA==",
          "dependencies": [
            "data.aws_availability_zones.available",
            "data.aws_caller_identity.current",
            "module.eks.aws_cloudwatch_log_group.eks",
            "module.eks.aws_eks_addon.aws_ebs_csi_driver",
            "module.eks.aws_eks_addon.coredns",
            "module.eks.aws_eks_addon.kube_proxy",
            "module.eks.aws_eks_addon.vpc_cni",
            "module.eks.aws_eks_cluster.this",
            "module.eks.aws_eks_node_group.general",
            "module.eks.aws_iam_openid_connect_provider.eks",
            "module.eks.aws_iam_role.cluster",
            "module.eks.aws_iam_role.ebs_csi",
            "module.eks.aws_iam_role.node",
            "module.eks.aws_iam_role_policy_attachment.cluster_policy",
            "module.eks.aws_iam_role_policy_attachment.cluster_vpc_resource_controller",
            "module.eks.aws_iam_role_policy_attachment.ebs_csi",
            "module.eks.aws_iam_role_policy_attachment.node_cni",
            "module.eks.aws_iam_role_policy_attachment.node_ecr",
            "module.eks.aws_iam_role_policy_attachment.node_ssm",
            "module.eks.aws_iam_role_policy_attachment.node_worker",
            "module.eks.aws_kms_alias.eks",
            "module.eks.aws_kms_key.eks",
            "module.eks.aws_launch_template.node",
            "module.eks.aws_security_group.cluster",
            "module.eks.aws_security_group.node",
            "module.eks.aws_security_group_rule.cluster_ingress_node_https",
            "module.eks.data.aws_iam_policy_document.cluster_assume_role",
            "module.eks.data.aws_iam_policy_document.ebs_csi_assume",
            "module.eks.data.aws_iam_policy_document.node_assume_role",
            "module.eks.data.tls_certificate.eks",
            "module.irsa.aws_iam_role.cluster_autoscaler",
            "module.irsa.data.aws_iam_policy_document.cluster_autoscaler_assume",
            "module.networking.aws_subnet.private",
            "module.networking.aws_subnet.public",
            "module.networking.aws_vpc.this"
          ]
        }
      ]
    },
    {
      "module": "module.irsa",
      "mode": "managed",
      "type": "aws_iam_role_policy",
      "name": "worker_service",
      "provider": "provider[\"registry.terraform.io/hashicorp/aws\"]",
      "instances": [
        {
          "schema_version": 0,
          "attributes": {
            "id": "eks-gitops-platform-worker-service:worker-service-policy",
            "name": "worker-service-policy",
            "name_prefix": "",
            "policy": "{\"Version\":\"2012-10-17\",\"Statement\":[{\"Action\":[\"sqs:ReceiveMessage\",\"sqs:DeleteMessage\",\"sqs:GetQueueAttributes\",\"sqs:ChangeMessageVisibility\"],\"Effect\":\"Allow\",\"Resource\":[\"arn:aws:sqs:us-east-1:962765734677:order-processing-queue\",\"arn:aws:sqs:us-east-1:962765734677:order-processing-queue-dlq\"],\"Sid\":\"SQSConsumeMessages\"},{\"Action\":[\"dynamodb:PutItem\",\"dynamodb:UpdateItem\",\"dynamodb:GetItem\",\"dynamodb:Query\"],\"Effect\":\"Allow\",\"Resource\":[\"arn:aws:dynamodb:us-east-1:962765734677:table/order-storage-table\",\"arn:aws:dynamodb:us-east-1:962765734677:table/order-storage-table/index/*\"],\"Sid\":\"DynamoDBWrite\"},{\"Action\":[\"kms:Decrypt\",\"kms:GenerateDataKey\"],\"Effect\":\"Allow\",\"Resource\":\"arn:aws:kms:us-east-1:962765734677:key/da969534-bfd1-4e55-b731-f1dfcd4a2a54\",\"Sid\":\"KMSDecrypt\"},{\"Action\":[\"cloudwatch:PutMetricData\"],\"Condition\":{\"StringEquals\":{\"cloudwatch:namespace\":\"EKSGitOpsPlatform/WorkerService\"}},\"Effect\":\"Allow\",\"Resource\":\"*\",\"Sid\":\"CloudWatchMetrics\"}]}",
            "role": "eks-gitops-platform-worker-service"
          },
          "sensitive_attributes": [],
          "private": "bnVsbA==",
          "dependencies": [
            "data.aws_availability_zones.available",
            "data.aws_caller_identity.current",
            "module.eks.aws_cloudwatch_log_group.eks",
            "module.eks.aws_eks_addon.aws_ebs_csi_driver",
            "module.eks.aws_eks_addon.coredns",
            "module.eks.aws_eks_addon.kube_proxy",
            "module.eks.aws_eks_addon.vpc_cni",
            "module.eks.aws_eks_cluster.this",
            "module.eks.aws_eks_node_group.general",
            "module.eks.aws_iam_openid_connect_provider.eks",
            "module.eks.aws_iam_role.cluster",
            "module.eks.aws_iam_role.ebs_csi",
            "module.eks.aws_iam_role.node",
            "module.eks.aws_iam_role_policy_attachment.cluster_policy",
            "module.eks.aws_iam_role_policy_attachment.cluster_vpc_resource_controller",
            "module.eks.aws_iam_role_policy_attachment.ebs_csi",
            "module.eks.aws_iam_role_policy_attachment.node_cni",
            "module.eks.aws_iam_role_policy_attachment.node_ecr",
            "module.eks.aws_iam_role_policy_attachment.node_ssm",
            "module.eks.aws_iam_role_policy_attachment.node_worker",
            "module.eks.aws_kms_alias.eks",
            "module.eks.aws_kms_key.eks",
            "module.eks.aws_launch_template.node",
            "module.eks.aws_security_group.cluster",
            "module.eks.aws_security_group.node",
            "module.eks.aws_security_group_rule.cluster_ingress_node_https",
            "module.eks.data.aws_iam_policy_document.cluster_assume_role",
            "module.eks.data.aws_iam_policy_document.ebs_csi_assume",
            "module.eks.data.aws_iam_policy_document.node_assume_role",
            "module.eks.data.tls_certificate.eks",
            "module.irsa.aws_dynamodb_table.items",
            "module.irsa.aws_iam_role.worker_service",
            "module.irsa.aws_kms_key.sqs",
            "module.irsa.aws_sqs_queue.dlq",
            "module.irsa.aws_sqs_queue.main",
            "module.irsa.data.aws_iam_policy_document.worker_service_assume",
            "module.networking.aws_subnet.private",
            "module.networking.aws_subnet.public",
            "module.networking.aws_vpc.this"
          ]
        }
      ]
    },
    {
      "module": "module.irsa",
      "mode": "managed",
      "type": "aws_kms_alias",
      "name": "sqs",
      "provider": "provider[\"registry.terraform.io/hashicorp/aws\"]",
      "instances": [
        {
          "schema_version": 0,
          "attributes": {
            "arn": "arn:aws:kms:us-east-1:962765734677:alias/eks-gitops-platform-sqs",
            "id": "alias/eks-gitops-platform-sqs",
            "name": "alias/eks-gitops-platform-sqs",
            "name_prefix": "",
            "target_key_arn": "arn:aws:kms:us-east-1:962765734677:key/da969534-bfd1-4e55-b731-f1dfcd4a2a54",
            "target_key_id": "da969534-bfd1-4e55-b731-f1dfcd4a2a54"
          },
          "sensitive_attributes": [],
          "private": "bnVsbA==",
          "dependencies": [
            "data.aws_availability_zones.available",
            "data.aws_caller_identity.current",
            "module.eks.aws_cloudwatch_log_group.eks",
            "module.eks.aws_eks_addon.aws_ebs_csi_driver",
            "module.eks.aws_eks_addon.coredns",
            "module.eks.aws_eks_addon.kube_proxy",
            "module.eks.aws_eks_addon.vpc_cni",
            "module.eks.aws_eks_cluster.this",
            "module.eks.aws_eks_node_group.general",
            "module.eks.aws_iam_openid_connect_provider.eks",
            "module.eks.aws_iam_role.cluster",
            "module.eks.aws_iam_role.ebs_csi",
            "module.eks.aws_iam_role.node",
            "module.eks.aws_iam_role_policy_attachment.cluster_policy",
            "module.eks.aws_iam_role_policy_attachment.cluster_vpc_resource_controller",
            "module.eks.aws_iam_role_policy_attachment.ebs_csi",
            "module.eks.aws_iam_role_policy_attachment.node_cni",
            "module.eks.aws_iam_role_policy_attachment.node_ecr",
            "module.eks.aws_iam_role_policy_attachment.node_ssm",
            "module.eks.aws_iam_role_policy_attachment.node_worker",
            "module.eks.aws_kms_alias.eks",
            "module.eks.aws_kms_key.eks",
            "module.eks.aws_launch_template.node",
            "module.eks.aws_security_group.cluster",
            "module.eks.aws_security_group.node",
            "module.eks.aws_security_group_rule.cluster_ingress_node_https",
            "module.eks.data.aws_iam_policy_document.cluster_assume_role",
            "module.eks.data.aws_iam_policy_document.ebs_csi_assume",
            "module.eks.data.aws_iam_policy_document.node_assume_role",
            "module.eks.data.tls_certificate.eks",
            "module.irsa.aws_kms_key.sqs",
            "module.networking.aws_subnet.private",
            "module.networking.aws_subnet.public",
            "module.networking.aws_vpc.this"
          ]
        }
      ]
    },
    {
      "module": "module.irsa",
      "mode": "managed",
      "type": "aws_kms_key",
      "name": "sqs",
      "provider": "provider[\"registry.terraform.io/hashicorp/aws\"]",
      "instances": [
        {
          "schema_version": 0,
          "attributes": {
            "arn": "arn:aws:kms:us-east-1:962765734677:key/da969534-bfd1-4e55-b731-f1dfcd4a2a54",
            "bypass_policy_lockout_safety_check": false,
            "custom_key_store_id": "",
            "customer_master_key_spec": "SYMMETRIC_DEFAULT",
            "deletion_window_in_days": 7,
            "description": "KMS key for SQS queue encryption",
            "enable_key_rotation": true,
            "id": "da969534-bfd1-4e55-b731-f1dfcd4a2a54",
            "is_enabled": true,
            "key_id": "da969534-bfd1-4e55-b731-f1dfcd4a2a54",
            "key_usage": "ENCRYPT_DECRYPT",
            "multi_region": false,
            "policy": "{\"Id\":\"key-default-1\",\"Statement\":[{\"Action\":\"kms:*\",\"Effect\":\"Allow\",\"Principal\":{\"AWS\":\"arn:aws:iam::962765734677:root\"},\"Resource\":\"*\",\"Sid\":\"Enable IAM User Permissions\"}],\"Version\":\"2012-10-17\"}",
            "rotation_period_in_days": 365,
            "tags": {},
            "tags_all": {
              "Environment": "prod",
              "ManagedBy": "terraform",
              "Mission": "Retail-Order-Processor",
              "Owner": "Patricio-Lumbenlengo",
              "Project": "eks-gitops-platform"
            },
            "timeouts": null,
            "xks_key_id": ""
          },
          "sensitive_attributes": [],
          "private": "eyJlMmJmYjczMC1lY2FhLTExZTYtOGY4OC0zNDM2M2JjN2M0YzAiOnsiY3JlYXRlIjoxMjAwMDAwMDAwMDB9fQ==",
          "dependencies": [
            "data.aws_availability_zones.available",
            "data.aws_caller_identity.current",
            "module.eks.aws_cloudwatch_log_group.eks",
            "module.eks.aws_eks_addon.aws_ebs_csi_driver",
            "module.eks.aws_eks_addon.coredns",
            "module.eks.aws_eks_addon.kube_proxy",
            "module.eks.aws_eks_addon.vpc_cni",
            "module.eks.aws_eks_cluster.this",
            "module.eks.aws_eks_node_group.general",
            "module.eks.aws_iam_openid_connect_provider.eks",
            "module.eks.aws_iam_role.cluster",
            "module.eks.aws_iam_role.ebs_csi",
            "module.eks.aws_iam_role.node",
            "module.eks.aws_iam_role_policy_attachment.cluster_policy",
            "module.eks.aws_iam_role_policy_attachment.cluster_vpc_resource_controller",
            "module.eks.aws_iam_role_policy_attachment.ebs_csi",
            "module.eks.aws_iam_role_policy_attachment.node_cni",
            "module.eks.aws_iam_role_policy_attachment.node_ecr",
            "module.eks.aws_iam_role_policy_attachment.node_ssm",
            "module.eks.aws_iam_role_policy_attachment.node_worker",
            "module.eks.aws_kms_alias.eks",
            "module.eks.aws_kms_key.eks",
            "module.eks.aws_launch_template.node",
            "module.eks.aws_security_group.cluster",
            "module.eks.aws_security_group.node",
            "module.eks.aws_security_group_rule.cluster_ingress_node_https",
            "module.eks.data.aws_iam_policy_document.cluster_assume_role",
            "module.eks.data.aws_iam_policy_document.ebs_csi_assume",
            "module.eks.data.aws_iam_policy_document.node_assume_role",
            "module.eks.data.tls_certificate.eks",
            "module.networking.aws_subnet.private",
            "module.networking.aws_subnet.public",
            "module.networking.aws_vpc.this"
          ]
        }
      ]
    },
    {
      "module": "module.irsa",
      "mode": "managed",
      "type": "aws_sqs_queue",
      "name": "dlq",
      "provider": "provider[\"registry.terraform.io/hashicorp/aws\"]",
      "instances": [
        {
          "schema_version": 0,
          "attributes": {
            "arn": "arn:aws:sqs:us-east-1:962765734677:order-processing-queue-dlq",
            "content_based_deduplication": false,
            "deduplication_scope": "",
            "delay_seconds": 0,
            "fifo_queue": false,
            "fifo_throughput_limit": "",
            "id": "https://sqs.us-east-1.amazonaws.com/962765734677/order-processing-queue-dlq",
            "kms_data_key_reuse_period_seconds": 300,
            "kms_master_key_id": "arn:aws:kms:us-east-1:962765734677:key/da969534-bfd1-4e55-b731-f1dfcd4a2a54",
            "max_message_size": 262144,
            "message_retention_seconds": 1209600,
            "name": "order-processing-queue-dlq",
            "name_prefix": "",
            "policy": "",
            "receive_wait_time_seconds": 0,
            "redrive_allow_policy": "",
            "redrive_policy": "",
            "sqs_managed_sse_enabled": false,
            "tags": {
              "Name": "order-processing-queue-dlq"
            },
            "tags_all": {
              "Environment": "prod",
              "ManagedBy": "terraform",
              "Mission": "Retail-Order-Processor",
              "Name": "order-processing-queue-dlq",
              "Owner": "Patricio-Lumbenlengo",
              "Project": "eks-gitops-platform"
            },
            "timeouts": null,
            "url": "https://sqs.us-east-1.amazonaws.com/962765734677/order-processing-queue-dlq",
            "visibility_timeout_seconds": 30
          },
          "sensitive_attributes": [],
          "private": "eyJlMmJmYjczMC1lY2FhLTExZTYtOGY4OC0zNDM2M2JjN2M0YzAiOnsiY3JlYXRlIjoxODAwMDAwMDAwMDAsImRlbGV0ZSI6MTgwMDAwMDAwMDAwLCJ1cGRhdGUiOjE4MDAwMDAwMDAwMH19",
          "dependencies": [
            "data.aws_availability_zones.available",
            "data.aws_caller_identity.current",
            "module.eks.aws_cloudwatch_log_group.eks",
            "module.eks.aws_eks_addon.aws_ebs_csi_driver",
            "module.eks.aws_eks_addon.coredns",
            "module.eks.aws_eks_addon.kube_proxy",
            "module.eks.aws_eks_addon.vpc_cni",
            "module.eks.aws_eks_cluster.this",
            "module.eks.aws_eks_node_group.general",
            "module.eks.aws_iam_openid_connect_provider.eks",
            "module.eks.aws_iam_role.cluster",
            "module.eks.aws_iam_role.ebs_csi",
            "module.eks.aws_iam_role.node",
            "module.eks.aws_iam_role_policy_attachment.cluster_policy",
            "module.eks.aws_iam_role_policy_attachment.cluster_vpc_resource_controller",
            "module.eks.aws_iam_role_policy_attachment.ebs_csi",
            "module.eks.aws_iam_role_policy_attachment.node_cni",
            "module.eks.aws_iam_role_policy_attachment.node_ecr",
            "module.eks.aws_iam_role_policy_attachment.node_ssm",
            "module.eks.aws_iam_role_policy_attachment.node_worker",
            "module.eks.aws_kms_alias.eks",
            "module.eks.aws_kms_key.eks",
            "module.eks.aws_launch_template.node",
            "module.eks.aws_security_group.cluster",
            "module.eks.aws_security_group.node",
            "module.eks.aws_security_group_rule.cluster_ingress_node_https",
            "module.eks.data.aws_iam_policy_document.cluster_assume_role",
            "module.eks.data.aws_iam_policy_document.ebs_csi_assume",
            "module.eks.data.aws_iam_policy_document.node_assume_role",
            "module.eks.data.tls_certificate.eks",
            "module.irsa.aws_kms_key.sqs",
            "module.networking.aws_subnet.private",
            "module.networking.aws_subnet.public",
            "module.networking.aws_vpc.this"
          ]
        }
      ]
    },
    {
      "module": "module.irsa",
      "mode": "managed",
      "type": "aws_sqs_queue",
      "name": "main",
      "provider": "provider[\"registry.terraform.io/hashicorp/aws\"]",
      "instances": [
        {
          "schema_version": 0,
          "attributes": {
            "arn": "arn:aws:sqs:us-east-1:962765734677:order-processing-queue",
            "content_based_deduplication": false,
            "deduplication_scope": "",
            "delay_seconds": 0,
            "fifo_queue": false,
            "fifo_throughput_limit": "",
            "id": "https://sqs.us-east-1.amazonaws.com/962765734677/order-processing-queue",
            "kms_data_key_reuse_period_seconds": 300,
            "kms_master_key_id": "arn:aws:kms:us-east-1:962765734677:key/da969534-bfd1-4e55-b731-f1dfcd4a2a54",
            "max_message_size": 262144,
            "message_retention_seconds": 86400,
            "name": "order-processing-queue",
            "name_prefix": "",
            "policy": "{\"Statement\":[{\"Action\":[\"sqs:ReceiveMessage\",\"sqs:DeleteMessage\",\"sqs:GetQueueAttributes\"],\"Effect\":\"Allow\",\"Principal\":{\"AWS\":\"arn:aws:iam::962765734677:role/eks-gitops-platform-worker-service\"},\"Resource\":\"arn:aws:sqs:us-east-1:962765734677:order-processing-queue\",\"Sid\":\"AllowWorkerServiceOnly\"},{\"Action\":[\"sqs:SendMessage\",\"sqs:GetQueueUrl\"],\"Effect\":\"Allow\",\"Principal\":{\"AWS\":\"arn:aws:iam::962765734677:role/eks-gitops-platform-api-service\"},\"Resource\":\"arn:aws:sqs:us-east-1:962765734677:order-processing-queue\",\"Sid\":\"AllowApiServicePublish\"}],\"Version\":\"2012-10-17\"}",
            "receive_wait_time_seconds": 0,
            "redrive_allow_policy": "",
            "redrive_policy": "{\"deadLetterTargetArn\":\"arn:aws:sqs:us-east-1:962765734677:order-processing-queue-dlq\",\"maxReceiveCount\":3}",
            "sqs_managed_sse_enabled": false,
            "tags": {
              "Name": "order-processing-queue"
            },
            "tags_all": {
              "Environment": "prod",
              "ManagedBy": "terraform",
              "Mission": "Retail-Order-Processor",
              "Name": "order-processing-queue",
              "Owner": "Patricio-Lumbenlengo",
              "Project": "eks-gitops-platform"
            },
            "timeouts": null,
            "url": "https://sqs.us-east-1.amazonaws.com/962765734677/order-processing-queue",
            "visibility_timeout_seconds": 300
          },
          "sensitive_attributes": [],
          "private": "eyJlMmJmYjczMC1lY2FhLTExZTYtOGY4OC0zNDM2M2JjN2M0YzAiOnsiY3JlYXRlIjoxODAwMDAwMDAwMDAsImRlbGV0ZSI6MTgwMDAwMDAwMDAwLCJ1cGRhdGUiOjE4MDAwMDAwMDAwMH19",
          "dependencies": [
            "data.aws_availability_zones.available",
            "data.aws_caller_identity.current",
            "module.eks.aws_cloudwatch_log_group.eks",
            "module.eks.aws_eks_addon.aws_ebs_csi_driver",
            "module.eks.aws_eks_addon.coredns",
            "module.eks.aws_eks_addon.kube_proxy",
            "module.eks.aws_eks_addon.vpc_cni",
            "module.eks.aws_eks_cluster.this",
            "module.eks.aws_eks_node_group.general",
            "module.eks.aws_iam_openid_connect_provider.eks",
            "module.eks.aws_iam_role.cluster",
            "module.eks.aws_iam_role.ebs_csi",
            "module.eks.aws_iam_role.node",
            "module.eks.aws_iam_role_policy_attachment.cluster_policy",
            "module.eks.aws_iam_role_policy_attachment.cluster_vpc_resource_controller",
            "module.eks.aws_iam_role_policy_attachment.ebs_csi",
            "module.eks.aws_iam_role_policy_attachment.node_cni",
            "module.eks.aws_iam_role_policy_attachment.node_ecr",
            "module.eks.aws_iam_role_policy_attachment.node_ssm",
            "module.eks.aws_iam_role_policy_attachment.node_worker",
            "module.eks.aws_kms_alias.eks",
            "module.eks.aws_kms_key.eks",
            "module.eks.aws_launch_template.node",
            "module.eks.aws_security_group.cluster",
            "module.eks.aws_security_group.node",
            "module.eks.aws_security_group_rule.cluster_ingress_node_https",
            "module.eks.data.aws_iam_policy_document.cluster_assume_role",
            "module.eks.data.aws_iam_policy_document.ebs_csi_assume",
            "module.eks.data.aws_iam_policy_document.node_assume_role",
            "module.eks.data.tls_certificate.eks",
            "module.irsa.aws_kms_key.sqs",
            "module.irsa.aws_sqs_queue.dlq",
            "module.networking.aws_subnet.private",
            "module.networking.aws_subnet.public",
            "module.networking.aws_vpc.this"
          ]
        }
      ]
    },
    {
      "module": "module.irsa",
      "mode": "managed",
      "type": "aws_sqs_queue_policy",
      "name": "main",
      "provider": "provider[\"registry.terraform.io/hashicorp/aws\"]",
      "instances": [
        {
          "schema_version": 1,
          "attributes": {
            "id": "https://sqs.us-east-1.amazonaws.com/962765734677/order-processing-queue",
            "policy": "{\"Statement\":[{\"Action\":[\"sqs:ReceiveMessage\",\"sqs:DeleteMessage\",\"sqs:GetQueueAttributes\"],\"Effect\":\"Allow\",\"Principal\":{\"AWS\":\"arn:aws:iam::962765734677:role/eks-gitops-platform-worker-service\"},\"Resource\":\"arn:aws:sqs:us-east-1:962765734677:order-processing-queue\",\"Sid\":\"AllowWorkerServiceOnly\"},{\"Action\":[\"sqs:SendMessage\",\"sqs:GetQueueUrl\"],\"Effect\":\"Allow\",\"Principal\":{\"AWS\":\"arn:aws:iam::962765734677:role/eks-gitops-platform-api-service\"},\"Resource\":\"arn:aws:sqs:us-east-1:962765734677:order-processing-queue\",\"Sid\":\"AllowApiServicePublish\"}],\"Version\":\"2012-10-17\"}",
            "queue_url": "https://sqs.us-east-1.amazonaws.com/962765734677/order-processing-queue"
          },
          "sensitive_attributes": [],
          "private": "eyJzY2hlbWFfdmVyc2lvbiI6IjEifQ==",
          "dependencies": [
            "data.aws_availability_zones.available",
            "data.aws_caller_identity.current",
            "module.eks.aws_cloudwatch_log_group.eks",
            "module.eks.aws_eks_addon.aws_ebs_csi_driver",
            "module.eks.aws_eks_addon.coredns",
            "module.eks.aws_eks_addon.kube_proxy",
            "module.eks.aws_eks_addon.vpc_cni",
            "module.eks.aws_eks_cluster.this",
            "module.eks.aws_eks_node_group.general",
            "module.eks.aws_iam_openid_connect_provider.eks",
            "module.eks.aws_iam_role.cluster",
            "module.eks.aws_iam_role.ebs_csi",
            "module.eks.aws_iam_role.node",
            "module.eks.aws_iam_role_policy_attachment.cluster_policy",
            "module.eks.aws_iam_role_policy_attachment.cluster_vpc_resource_controller",
            "module.eks.aws_iam_role_policy_attachment.ebs_csi",
            "module.eks.aws_iam_role_policy_attachment.node_cni",
            "module.eks.aws_iam_role_policy_attachment.node_ecr",
            "module.eks.aws_iam_role_policy_attachment.node_ssm",
            "module.eks.aws_iam_role_policy_attachment.node_worker",
            "module.eks.aws_kms_alias.eks",
            "module.eks.aws_kms_key.eks",
            "module.eks.aws_launch_template.node",
            "module.eks.aws_security_group.cluster",
            "module.eks.aws_security_group.node",
            "module.eks.aws_security_group_rule.cluster_ingress_node_https",
            "module.eks.data.aws_iam_policy_document.cluster_assume_role",
            "module.eks.data.aws_iam_policy_document.ebs_csi_assume",
            "module.eks.data.aws_iam_policy_document.node_assume_role",
            "module.eks.data.tls_certificate.eks",
            "module.irsa.aws_iam_role.api_service",
            "module.irsa.aws_iam_role.worker_service",
            "module.irsa.aws_kms_key.sqs",
            "module.irsa.aws_sqs_queue.dlq",
            "module.irsa.aws_sqs_queue.main",
            "module.irsa.data.aws_iam_policy_document.api_service_assume",
            "module.irsa.data.aws_iam_policy_document.worker_service_assume",
            "module.networking.aws_subnet.private",
            "module.networking.aws_subnet.public",
            "module.networking.aws_vpc.this"
          ]
        }
      ]
    },
    {
      "module": "module.networking",
      "mode": "data",
      "type": "aws_iam_policy_document",
      "name": "flow_logs_assume",
      "provider": "provider[\"registry.terraform.io/hashicorp/aws\"]",
      "instances": [
        {
          "schema_version": 0,
          "attributes": {
            "id": "2717921857",
            "json": "{\n  \"Version\": \"2012-10-17\",\n  \"Statement\": [\n    {\n      \"Effect\": \"Allow\",\n      \"Action\": \"sts:AssumeRole\",\n      \"Principal\": {\n        \"Service\": \"vpc-flow-logs.amazonaws.com\"\n      }\n    }\n  ]\n}",
            "minified_json": "{\"Version\":\"2012-10-17\",\"Statement\":[{\"Effect\":\"Allow\",\"Action\":\"sts:AssumeRole\",\"Principal\":{\"Service\":\"vpc-flow-logs.amazonaws.com\"}}]}",
            "override_json": null,
            "override_policy_documents": null,
            "policy_id": null,
            "source_json": null,
            "source_policy_documents": null,
            "statement": [
              {
                "actions": [
                  "sts:AssumeRole"
                ],
                "condition": [],
                "effect": "Allow",
                "not_actions": [],
                "not_principals": [],
                "not_resources": [],
                "principals": [
                  {
                    "identifiers": [
                      "vpc-flow-logs.amazonaws.com"
                    ],
                    "type": "Service"
                  }
                ],
                "resources": [],
                "sid": ""
              }
            ],
            "version": "2012-10-17"
          },
          "sensitive_attributes": []
        }
      ]
    },
    {
      "module": "module.networking",
      "mode": "managed",
      "type": "aws_cloudwatch_log_group",
      "name": "flow_logs",
      "provider": "provider[\"registry.terraform.io/hashicorp/aws\"]",
      "instances": [
        {
          "schema_version": 0,
          "attributes": {
            "arn": "arn:aws:logs:us-east-1:962765734677:log-group:/aws/vpc/eks-gitops-platform/flow-logs",
            "id": "/aws/vpc/eks-gitops-platform/flow-logs",
            "kms_key_id": "",
            "log_group_class": "STANDARD",
            "name": "/aws/vpc/eks-gitops-platform/flow-logs",
            "name_prefix": "",
            "retention_in_days": 30,
            "skip_destroy": false,
            "tags": {},
            "tags_all": {
              "Environment": "prod",
              "ManagedBy": "terraform",
              "Mission": "Retail-Order-Processor",
              "Owner": "Patricio-Lumbenlengo",
              "Project": "eks-gitops-platform"
            }
          },
          "sensitive_attributes": [],
          "private": "bnVsbA=="
        }
      ]
    },
    {
      "module": "module.networking",
      "mode": "managed",
      "type": "aws_eip",
      "name": "nat",
      "provider": "provider[\"registry.terraform.io/hashicorp/aws\"]",
      "instances": [
        {
          "index_key": 0,
          "schema_version": 0,
          "attributes": {
            "address": null,
            "allocation_id": "eipalloc-0e2cc7c3e81c5856d",
            "arn": "arn:aws:ec2:us-east-1:962765734677:elastic-ip/eipalloc-0e2cc7c3e81c5856d",
            "associate_with_private_ip": null,
            "association_id": "eipassoc-0f7c17b57e64c9177",
            "carrier_ip": "",
            "customer_owned_ip": "",
            "customer_owned_ipv4_pool": "",
            "domain": "vpc",
            "id": "eipalloc-0e2cc7c3e81c5856d",
            "instance": "",
            "ipam_pool_id": null,
            "network_border_group": "us-east-1",
            "network_interface": "eni-0a68cf7fec3e1e3d3",
            "private_dns": "ip-10-0-1-160.ec2.internal",
            "private_ip": "10.0.1.160",
            "ptr_record": "",
            "public_dns": "ec2-35-169-127-88.compute-1.amazonaws.com",
            "public_ip": "35.169.127.88",
            "public_ipv4_pool": "amazon",
            "tags": {
              "Name": "eks-gitops-platform-nat-eip-us-east-1a"
            },
            "tags_all": {
              "Environment": "prod",
              "ManagedBy": "terraform",
              "Mission": "Retail-Order-Processor",
              "Name": "eks-gitops-platform-nat-eip-us-east-1a",
              "Owner": "Patricio-Lumbenlengo",
              "Project": "eks-gitops-platform"
            },
            "timeouts": null,
            "vpc": true
          },
          "sensitive_attributes": [],
          "private": "eyJlMmJmYjczMC1lY2FhLTExZTYtOGY4OC0zNDM2M2JjN2M0YzAiOnsiZGVsZXRlIjoxODAwMDAwMDAwMDAsInJlYWQiOjkwMDAwMDAwMDAwMCwidXBkYXRlIjozMDAwMDAwMDAwMDB9fQ==",
          "dependencies": [
            "data.aws_availability_zones.available",
            "module.networking.aws_internet_gateway.this",
            "module.networking.aws_vpc.this"
          ]
        }
      ]
    },
    {
      "module": "module.networking",
      "mode": "managed",
      "type": "aws_flow_log",
      "name": "this",
      "provider": "provider[\"registry.terraform.io/hashicorp/aws\"]",
      "instances": [
        {
          "schema_version": 0,
          "attributes": {
            "arn": "arn:aws:ec2:us-east-1:962765734677:vpc-flow-log/fl-0bdb80d01efe8e623",
            "deliver_cross_account_role": "",
            "destination_options": [],
            "eni_id": null,
            "iam_role_arn": "arn:aws:iam::962765734677:role/eks-gitops-platform-vpc-flow-logs",
            "id": "fl-0bdb80d01efe8e623",
            "log_destination": "arn:aws:logs:us-east-1:962765734677:log-group:/aws/vpc/eks-gitops-platform/flow-logs",
            "log_destination_type": "cloud-watch-logs",
            "log_format": "${version} ${account-id} ${interface-id} ${srcaddr} ${dstaddr} ${srcport} ${dstport} ${protocol} ${packets} ${bytes} ${start} ${end} ${action} ${log-status}",
            "log_group_name": "/aws/vpc/eks-gitops-platform/flow-logs",
            "max_aggregation_interval": 600,
            "subnet_id": null,
            "tags": {
              "Name": "eks-gitops-platform-vpc-flow-logs"
            },
            "tags_all": {
              "Environment": "prod",
              "ManagedBy": "terraform",
              "Mission": "Retail-Order-Processor",
              "Name": "eks-gitops-platform-vpc-flow-logs",
              "Owner": "Patricio-Lumbenlengo",
              "Project": "eks-gitops-platform"
            },
            "traffic_type": "ALL",
            "transit_gateway_attachment_id": null,
            "transit_gateway_id": null,
            "vpc_id": "vpc-04ac29ba194629fa3"
          },
          "sensitive_attributes": [],
          "private": "bnVsbA==",
          "dependencies": [
            "module.networking.aws_cloudwatch_log_group.flow_logs",
            "module.networking.aws_iam_role.flow_logs",
            "module.networking.aws_vpc.this",
            "module.networking.data.aws_iam_policy_document.flow_logs_assume"
          ]
        }
      ]
    },
    {
      "module": "module.networking",
      "mode": "managed",
      "type": "aws_iam_role",
      "name": "flow_logs",
      "provider": "provider[\"registry.terraform.io/hashicorp/aws\"]",
      "instances": [
        {
          "schema_version": 0,
          "attributes": {
            "arn": "arn:aws:iam::962765734677:role/eks-gitops-platform-vpc-flow-logs",
            "assume_role_policy": "{\"Statement\":[{\"Action\":\"sts:AssumeRole\",\"Effect\":\"Allow\",\"Principal\":{\"Service\":\"vpc-flow-logs.amazonaws.com\"}}],\"Version\":\"2012-10-17\"}",
            "create_date": "2026-05-07T08:48:05Z",
            "description": "",
            "force_detach_policies": false,
            "id": "eks-gitops-platform-vpc-flow-logs",
            "inline_policy": [
              {
                "name": "flow-logs-policy",
                "policy": "{\"Version\":\"2012-10-17\",\"Statement\":[{\"Action\":[\"logs:CreateLogGroup\",\"logs:CreateLogStream\",\"logs:PutLogEvents\",\"logs:DescribeLogGroups\",\"logs:DescribeLogStreams\"],\"Effect\":\"Allow\",\"Resource\":\"*\"}]}"
              }
            ],
            "managed_policy_arns": [],
            "max_session_duration": 3600,
            "name": "eks-gitops-platform-vpc-flow-logs",
            "name_prefix": "",
            "path": "/",
            "permissions_boundary": "",
            "tags": {},
            "tags_all": {
              "Environment": "prod",
              "ManagedBy": "terraform",
              "Mission": "Retail-Order-Processor",
              "Owner": "Patricio-Lumbenlengo",
              "Project": "eks-gitops-platform"
            },
            "unique_id": "AROA6AKKPIMKWZBLCH3G2"
          },
          "sensitive_attributes": [],
          "private": "bnVsbA==",
          "dependencies": [
            "module.networking.data.aws_iam_policy_document.flow_logs_assume"
          ]
        }
      ]
    },
    {
      "module": "module.networking",
      "mode": "managed",
      "type": "aws_iam_role_policy",
      "name": "flow_logs",
      "provider": "provider[\"registry.terraform.io/hashicorp/aws\"]",
      "instances": [
        {
          "schema_version": 0,
          "attributes": {
            "id": "eks-gitops-platform-vpc-flow-logs:flow-logs-policy",
            "name": "flow-logs-policy",
            "name_prefix": "",
            "policy": "{\"Version\":\"2012-10-17\",\"Statement\":[{\"Action\":[\"logs:CreateLogGroup\",\"logs:CreateLogStream\",\"logs:PutLogEvents\",\"logs:DescribeLogGroups\",\"logs:DescribeLogStreams\"],\"Effect\":\"Allow\",\"Resource\":\"*\"}]}",
            "role": "eks-gitops-platform-vpc-flow-logs"
          },
          "sensitive_attributes": [],
          "private": "bnVsbA==",
          "dependencies": [
            "module.networking.aws_iam_role.flow_logs",
            "module.networking.data.aws_iam_policy_document.flow_logs_assume"
          ]
        }
      ]
    },
    {
      "module": "module.networking",
      "mode": "managed",
      "type": "aws_internet_gateway",
      "name": "this",
      "provider": "provider[\"registry.terraform.io/hashicorp/aws\"]",
      "instances": [
        {
          "schema_version": 0,
          "attributes": {
            "arn": "arn:aws:ec2:us-east-1:962765734677:internet-gateway/igw-01cc28c1efe8555ce",
            "id": "igw-01cc28c1efe8555ce",
            "owner_id": "962765734677",
            "tags": {
              "Name": "eks-gitops-platform-igw"
            },
            "tags_all": {
              "Environment": "prod",
              "ManagedBy": "terraform",
              "Mission": "Retail-Order-Processor",
              "Name": "eks-gitops-platform-igw",
              "Owner": "Patricio-Lumbenlengo",
              "Project": "eks-gitops-platform"
            },
            "timeouts": null,
            "vpc_id": "vpc-04ac29ba194629fa3"
          },
          "sensitive_attributes": [],
          "private": "eyJlMmJmYjczMC1lY2FhLTExZTYtOGY4OC0zNDM2M2JjN2M0YzAiOnsiY3JlYXRlIjoxMjAwMDAwMDAwMDAwLCJkZWxldGUiOjEyMDAwMDAwMDAwMDAsInVwZGF0ZSI6MTIwMDAwMDAwMDAwMH19",
          "dependencies": [
            "module.networking.aws_vpc.this"
          ]
        }
      ]
    },
    {
      "module": "module.networking",
      "mode": "managed",
      "type": "aws_nat_gateway",
      "name": "this",
      "provider": "provider[\"registry.terraform.io/hashicorp/aws\"]",
      "instances": [
        {
          "index_key": 0,
          "schema_version": 0,
          "attributes": {
            "allocation_id": "eipalloc-0e2cc7c3e81c5856d",
            "association_id": "eipassoc-0f7c17b57e64c9177",
            "connectivity_type": "public",
            "id": "nat-0d20dbcf13deb04d9",
            "network_interface_id": "eni-0a68cf7fec3e1e3d3",
            "private_ip": "10.0.1.160",
            "public_ip": "35.169.127.88",
            "secondary_allocation_ids": [],
            "secondary_private_ip_address_count": 0,
            "secondary_private_ip_addresses": [],
            "subnet_id": "subnet-03dc9931f39eb678b",
            "tags": {
              "Name": "eks-gitops-platform-nat-us-east-1a"
            },
            "tags_all": {
              "Environment": "prod",
              "ManagedBy": "terraform",
              "Mission": "Retail-Order-Processor",
              "Name": "eks-gitops-platform-nat-us-east-1a",
              "Owner": "Patricio-Lumbenlengo",
              "Project": "eks-gitops-platform"
            },
            "timeouts": null
          },
          "sensitive_attributes": [],
          "private": "eyJlMmJmYjczMC1lY2FhLTExZTYtOGY4OC0zNDM2M2JjN2M0YzAiOnsiY3JlYXRlIjo2MDAwMDAwMDAwMDAsImRlbGV0ZSI6MTgwMDAwMDAwMDAwMCwidXBkYXRlIjo2MDAwMDAwMDAwMDB9fQ==",
          "dependencies": [
            "data.aws_availability_zones.available",
            "module.networking.aws_eip.nat",
            "module.networking.aws_internet_gateway.this",
            "module.networking.aws_subnet.public",
            "module.networking.aws_vpc.this"
          ]
        }
      ]
    },
    {
      "module": "module.networking",
      "mode": "managed",
      "type": "aws_route_table",
      "name": "private",
      "provider": "provider[\"registry.terraform.io/hashicorp/aws\"]",
      "instances": [
        {
          "index_key": 0,
          "schema_version": 0,
          "attributes": {
            "arn": "arn:aws:ec2:us-east-1:962765734677:route-table/rtb-04224d98478825b4d",
            "id": "rtb-04224d98478825b4d",
            "owner_id": "962765734677",
            "propagating_vgws": [],
            "route": [
              {
                "carrier_gateway_id": "",
                "cidr_block": "0.0.0.0/0",
                "core_network_arn": "",
                "destination_prefix_list_id": "",
                "egress_only_gateway_id": "",
                "gateway_id": "",
                "ipv6_cidr_block": "",
                "local_gateway_id": "",
                "nat_gateway_id": "nat-0d20dbcf13deb04d9",
                "network_interface_id": "",
                "transit_gateway_id": "",
                "vpc_endpoint_id": "",
                "vpc_peering_connection_id": ""
              }
            ],
            "tags": {
              "Name": "eks-gitops-platform-private-rt-us-east-1a"
            },
            "tags_all": {
              "Environment": "prod",
              "ManagedBy": "terraform",
              "Mission": "Retail-Order-Processor",
              "Name": "eks-gitops-platform-private-rt-us-east-1a",
              "Owner": "Patricio-Lumbenlengo",
              "Project": "eks-gitops-platform"
            },
            "timeouts": null,
            "vpc_id": "vpc-04ac29ba194629fa3"
          },
          "sensitive_attributes": [],
          "private": "eyJlMmJmYjczMC1lY2FhLTExZTYtOGY4OC0zNDM2M2JjN2M0YzAiOnsiY3JlYXRlIjozMDAwMDAwMDAwMDAsImRlbGV0ZSI6MzAwMDAwMDAwMDAwLCJ1cGRhdGUiOjEyMDAwMDAwMDAwMH19",
          "dependencies": [
            "data.aws_availability_zones.available",
            "module.networking.aws_eip.nat",
            "module.networking.aws_internet_gateway.this",
            "module.networking.aws_nat_gateway.this",
            "module.networking.aws_subnet.public",
            "module.networking.aws_vpc.this"
          ]
        },
        {
          "index_key": 1,
          "schema_version": 0,
          "attributes": {
            "arn": "arn:aws:ec2:us-east-1:962765734677:route-table/rtb-09a8cbad2cd83f1bd",
            "id": "rtb-09a8cbad2cd83f1bd",
            "owner_id": "962765734677",
            "propagating_vgws": [],
            "route": [
              {
                "carrier_gateway_id": "",
                "cidr_block": "0.0.0.0/0",
                "core_network_arn": "",
                "destination_prefix_list_id": "",
                "egress_only_gateway_id": "",
                "gateway_id": "",
                "ipv6_cidr_block": "",
                "local_gateway_id": "",
                "nat_gateway_id": "nat-0d20dbcf13deb04d9",
                "network_interface_id": "",
                "transit_gateway_id": "",
                "vpc_endpoint_id": "",
                "vpc_peering_connection_id": ""
              }
            ],
            "tags": {
              "Name": "eks-gitops-platform-private-rt-us-east-1b"
            },
            "tags_all": {
              "Environment": "prod",
              "ManagedBy": "terraform",
              "Mission": "Retail-Order-Processor",
              "Name": "eks-gitops-platform-private-rt-us-east-1b",
              "Owner": "Patricio-Lumbenlengo",
              "Project": "eks-gitops-platform"
            },
            "timeouts": null,
            "vpc_id": "vpc-04ac29ba194629fa3"
          },
          "sensitive_attributes": [],
          "private": "eyJlMmJmYjczMC1lY2FhLTExZTYtOGY4OC0zNDM2M2JjN2M0YzAiOnsiY3JlYXRlIjozMDAwMDAwMDAwMDAsImRlbGV0ZSI6MzAwMDAwMDAwMDAwLCJ1cGRhdGUiOjEyMDAwMDAwMDAwMH19",
          "dependencies": [
            "data.aws_availability_zones.available",
            "module.networking.aws_eip.nat",
            "module.networking.aws_internet_gateway.this",
            "module.networking.aws_nat_gateway.this",
            "module.networking.aws_subnet.public",
            "module.networking.aws_vpc.this"
          ]
        },
        {
          "index_key": 2,
          "schema_version": 0,
          "attributes": {
            "arn": "arn:aws:ec2:us-east-1:962765734677:route-table/rtb-075e9051e86645073",
            "id": "rtb-075e9051e86645073",
            "owner_id": "962765734677",
            "propagating_vgws": [],
            "route": [
              {
                "carrier_gateway_id": "",
                "cidr_block": "0.0.0.0/0",
                "core_network_arn": "",
                "destination_prefix_list_id": "",
                "egress_only_gateway_id": "",
                "gateway_id": "",
                "ipv6_cidr_block": "",
                "local_gateway_id": "",
                "nat_gateway_id": "nat-0d20dbcf13deb04d9",
                "network_interface_id": "",
                "transit_gateway_id": "",
                "vpc_endpoint_id": "",
                "vpc_peering_connection_id": ""
              }
            ],
            "tags": {
              "Name": "eks-gitops-platform-private-rt-us-east-1c"
            },
            "tags_all": {
              "Environment": "prod",
              "ManagedBy": "terraform",
              "Mission": "Retail-Order-Processor",
              "Name": "eks-gitops-platform-private-rt-us-east-1c",
              "Owner": "Patricio-Lumbenlengo",
              "Project": "eks-gitops-platform"
            },
            "timeouts": null,
            "vpc_id": "vpc-04ac29ba194629fa3"
          },
          "sensitive_attributes": [],
          "private": "eyJlMmJmYjczMC1lY2FhLTExZTYtOGY4OC0zNDM2M2JjN2M0YzAiOnsiY3JlYXRlIjozMDAwMDAwMDAwMDAsImRlbGV0ZSI6MzAwMDAwMDAwMDAwLCJ1cGRhdGUiOjEyMDAwMDAwMDAwMH19",
          "dependencies": [
            "data.aws_availability_zones.available",
            "module.networking.aws_eip.nat",
            "module.networking.aws_internet_gateway.this",
            "module.networking.aws_nat_gateway.this",
            "module.networking.aws_subnet.public",
            "module.networking.aws_vpc.this"
          ]
        }
      ]
    },
    {
      "module": "module.networking",
      "mode": "managed",
      "type": "aws_route_table",
      "name": "public",
      "provider": "provider[\"registry.terraform.io/hashicorp/aws\"]",
      "instances": [
        {
          "schema_version": 0,
          "attributes": {
            "arn": "arn:aws:ec2:us-east-1:962765734677:route-table/rtb-0467936b82caa4549",
            "id": "rtb-0467936b82caa4549",
            "owner_id": "962765734677",
            "propagating_vgws": [],
            "route": [
              {
                "carrier_gateway_id": "",
                "cidr_block": "0.0.0.0/0",
                "core_network_arn": "",
                "destination_prefix_list_id": "",
                "egress_only_gateway_id": "",
                "gateway_id": "igw-01cc28c1efe8555ce",
                "ipv6_cidr_block": "",
                "local_gateway_id": "",
                "nat_gateway_id": "",
                "network_interface_id": "",
                "transit_gateway_id": "",
                "vpc_endpoint_id": "",
                "vpc_peering_connection_id": ""
              }
            ],
            "tags": {
              "Name": "eks-gitops-platform-public-rt"
            },
            "tags_all": {
              "Environment": "prod",
              "ManagedBy": "terraform",
              "Mission": "Retail-Order-Processor",
              "Name": "eks-gitops-platform-public-rt",
              "Owner": "Patricio-Lumbenlengo",
              "Project": "eks-gitops-platform"
            },
            "timeouts": null,
            "vpc_id": "vpc-04ac29ba194629fa3"
          },
          "sensitive_attributes": [],
          "private": "eyJlMmJmYjczMC1lY2FhLTExZTYtOGY4OC0zNDM2M2JjN2M0YzAiOnsiY3JlYXRlIjozMDAwMDAwMDAwMDAsImRlbGV0ZSI6MzAwMDAwMDAwMDAwLCJ1cGRhdGUiOjEyMDAwMDAwMDAwMH19",
          "dependencies": [
            "module.networking.aws_internet_gateway.this",
            "module.networking.aws_vpc.this"
          ]
        }
      ]
    },
    {
      "module": "module.networking",
      "mode": "managed",
      "type": "aws_route_table_association",
      "name": "private",
      "provider": "provider[\"registry.terraform.io/hashicorp/aws\"]",
      "instances": [
        {
          "index_key": 0,
          "schema_version": 0,
          "attributes": {
            "gateway_id": "",
            "id": "rtbassoc-091b4e66aadcb4fbf",
            "route_table_id": "rtb-04224d98478825b4d",
            "subnet_id": "subnet-0bf826c6f391c2d83",
            "timeouts": null
          },
          "sensitive_attributes": [],
          "private": "eyJlMmJmYjczMC1lY2FhLTExZTYtOGY4OC0zNDM2M2JjN2M0YzAiOnsiY3JlYXRlIjozMDAwMDAwMDAwMDAsImRlbGV0ZSI6MzAwMDAwMDAwMDAwLCJ1cGRhdGUiOjEyMDAwMDAwMDAwMH19",
          "dependencies": [
            "data.aws_availability_zones.available",
            "module.networking.aws_eip.nat",
            "module.networking.aws_internet_gateway.this",
            "module.networking.aws_nat_gateway.this",
            "module.networking.aws_route_table.private",
            "module.networking.aws_subnet.private",
            "module.networking.aws_subnet.public",
            "module.networking.aws_vpc.this"
          ]
        },
        {
          "index_key": 1,
          "schema_version": 0,
          "attributes": {
            "gateway_id": "",
            "id": "rtbassoc-07335b1f544af662a",
            "route_table_id": "rtb-09a8cbad2cd83f1bd",
            "subnet_id": "subnet-0ac0ff3b820ea423b",
            "timeouts": null
          },
          "sensitive_attributes": [],
          "private": "eyJlMmJmYjczMC1lY2FhLTExZTYtOGY4OC0zNDM2M2JjN2M0YzAiOnsiY3JlYXRlIjozMDAwMDAwMDAwMDAsImRlbGV0ZSI6MzAwMDAwMDAwMDAwLCJ1cGRhdGUiOjEyMDAwMDAwMDAwMH19",
          "dependencies": [
            "data.aws_availability_zones.available",
            "module.networking.aws_eip.nat",
            "module.networking.aws_internet_gateway.this",
            "module.networking.aws_nat_gateway.this",
            "module.networking.aws_route_table.private",
            "module.networking.aws_subnet.private",
            "module.networking.aws_subnet.public",
            "module.networking.aws_vpc.this"
          ]
        },
        {
          "index_key": 2,
          "schema_version": 0,
          "attributes": {
            "gateway_id": "",
            "id": "rtbassoc-03b8a2d5939a6c61f",
            "route_table_id": "rtb-075e9051e86645073",
            "subnet_id": "subnet-03cce689a7da348f5",
            "timeouts": null
          },
          "sensitive_attributes": [],
          "private": "eyJlMmJmYjczMC1lY2FhLTExZTYtOGY4OC0zNDM2M2JjN2M0YzAiOnsiY3JlYXRlIjozMDAwMDAwMDAwMDAsImRlbGV0ZSI6MzAwMDAwMDAwMDAwLCJ1cGRhdGUiOjEyMDAwMDAwMDAwMH19",
          "dependencies": [
            "data.aws_availability_zones.available",
            "module.networking.aws_eip.nat",
            "module.networking.aws_internet_gateway.this",
            "module.networking.aws_nat_gateway.this",
            "module.networking.aws_route_table.private",
            "module.networking.aws_subnet.private",
            "module.networking.aws_subnet.public",
            "module.networking.aws_vpc.this"
          ]
        }
      ]
    },
    {
      "module": "module.networking",
      "mode": "managed",
      "type": "aws_route_table_association",
      "name": "public",
      "provider": "provider[\"registry.terraform.io/hashicorp/aws\"]",
      "instances": [
        {
          "index_key": 0,
          "schema_version": 0,
          "attributes": {
            "gateway_id": "",
            "id": "rtbassoc-0f5460cf71f945645",
            "route_table_id": "rtb-0467936b82caa4549",
            "subnet_id": "subnet-03dc9931f39eb678b",
            "timeouts": null
          },
          "sensitive_attributes": [],
          "private": "eyJlMmJmYjczMC1lY2FhLTExZTYtOGY4OC0zNDM2M2JjN2M0YzAiOnsiY3JlYXRlIjozMDAwMDAwMDAwMDAsImRlbGV0ZSI6MzAwMDAwMDAwMDAwLCJ1cGRhdGUiOjEyMDAwMDAwMDAwMH19",
          "dependencies": [
            "data.aws_availability_zones.available",
            "module.networking.aws_internet_gateway.this",
            "module.networking.aws_route_table.public",
            "module.networking.aws_subnet.public",
            "module.networking.aws_vpc.this"
          ]
        },
        {
          "index_key": 1,
          "schema_version": 0,
          "attributes": {
            "gateway_id": "",
            "id": "rtbassoc-0ee5e43ecf1ad3d62",
            "route_table_id": "rtb-0467936b82caa4549",
            "subnet_id": "subnet-02296bfc02d7c9d8b",
            "timeouts": null
          },
          "sensitive_attributes": [],
          "private": "eyJlMmJmYjczMC1lY2FhLTExZTYtOGY4OC0zNDM2M2JjN2M0YzAiOnsiY3JlYXRlIjozMDAwMDAwMDAwMDAsImRlbGV0ZSI6MzAwMDAwMDAwMDAwLCJ1cGRhdGUiOjEyMDAwMDAwMDAwMH19",
          "dependencies": [
            "data.aws_availability_zones.available",
            "module.networking.aws_internet_gateway.this",
            "module.networking.aws_route_table.public",
            "module.networking.aws_subnet.public",
            "module.networking.aws_vpc.this"
          ]
        },
        {
          "index_key": 2,
          "schema_version": 0,
          "attributes": {
            "gateway_id": "",
            "id": "rtbassoc-070802d9d0a5c62c5",
            "route_table_id": "rtb-0467936b82caa4549",
            "subnet_id": "subnet-016a206c0cf23b3b4",
            "timeouts": null
          },
          "sensitive_attributes": [],
          "private": "eyJlMmJmYjczMC1lY2FhLTExZTYtOGY4OC0zNDM2M2JjN2M0YzAiOnsiY3JlYXRlIjozMDAwMDAwMDAwMDAsImRlbGV0ZSI6MzAwMDAwMDAwMDAwLCJ1cGRhdGUiOjEyMDAwMDAwMDAwMH19",
          "dependencies": [
            "data.aws_availability_zones.available",
            "module.networking.aws_internet_gateway.this",
            "module.networking.aws_route_table.public",
            "module.networking.aws_subnet.public",
            "module.networking.aws_vpc.this"
          ]
        }
      ]
    },
    {
      "module": "module.networking",
      "mode": "managed",
      "type": "aws_subnet",
      "name": "private",
      "provider": "provider[\"registry.terraform.io/hashicorp/aws\"]",
      "instances": [
        {
          "index_key": 0,
          "schema_version": 1,
          "attributes": {
            "arn": "arn:aws:ec2:us-east-1:962765734677:subnet/subnet-0bf826c6f391c2d83",
            "assign_ipv6_address_on_creation": false,
            "availability_zone": "us-east-1a",
            "availability_zone_id": "use1-az1",
            "cidr_block": "10.0.10.0/24",
            "customer_owned_ipv4_pool": "",
            "enable_dns64": false,
            "enable_lni_at_device_index": 0,
            "enable_resource_name_dns_a_record_on_launch": false,
            "enable_resource_name_dns_aaaa_record_on_launch": false,
            "id": "subnet-0bf826c6f391c2d83",
            "ipv6_cidr_block": "",
            "ipv6_cidr_block_association_id": "",
            "ipv6_native": false,
            "map_customer_owned_ip_on_launch": false,
            "map_public_ip_on_launch": false,
            "outpost_arn": "",
            "owner_id": "962765734677",
            "private_dns_hostname_type_on_launch": "ip-name",
            "tags": {
              "Name": "eks-gitops-platform-private-us-east-1a",
              "kubernetes.io/cluster/eks-gitops-platform": "shared",
              "kubernetes.io/role/internal-elb": "1"
            },
            "tags_all": {
              "Environment": "prod",
              "ManagedBy": "terraform",
              "Mission": "Retail-Order-Processor",
              "Name": "eks-gitops-platform-private-us-east-1a",
              "Owner": "Patricio-Lumbenlengo",
              "Project": "eks-gitops-platform",
              "kubernetes.io/cluster/eks-gitops-platform": "shared",
              "kubernetes.io/role/internal-elb": "1"
            },
            "timeouts": null,
            "vpc_id": "vpc-04ac29ba194629fa3"
          },
          "sensitive_attributes": [],
          "private": "eyJlMmJmYjczMC1lY2FhLTExZTYtOGY4OC0zNDM2M2JjN2M0YzAiOnsiY3JlYXRlIjo2MDAwMDAwMDAwMDAsImRlbGV0ZSI6MTIwMDAwMDAwMDAwMH0sInNjaGVtYV92ZXJzaW9uIjoiMSJ9",
          "dependencies": [
            "data.aws_availability_zones.available",
            "module.networking.aws_vpc.this"
          ]
        },
        {
          "index_key": 1,
          "schema_version": 1,
          "attributes": {
            "arn": "arn:aws:ec2:us-east-1:962765734677:subnet/subnet-0ac0ff3b820ea423b",
            "assign_ipv6_address_on_creation": false,
            "availability_zone": "us-east-1b",
            "availability_zone_id": "use1-az2",
            "cidr_block": "10.0.11.0/24",
            "customer_owned_ipv4_pool": "",
            "enable_dns64": false,
            "enable_lni_at_device_index": 0,
            "enable_resource_name_dns_a_record_on_launch": false,
            "enable_resource_name_dns_aaaa_record_on_launch": false,
            "id": "subnet-0ac0ff3b820ea423b",
            "ipv6_cidr_block": "",
            "ipv6_cidr_block_association_id": "",
            "ipv6_native": false,
            "map_customer_owned_ip_on_launch": false,
            "map_public_ip_on_launch": false,
            "outpost_arn": "",
            "owner_id": "962765734677",
            "private_dns_hostname_type_on_launch": "ip-name",
            "tags": {
              "Name": "eks-gitops-platform-private-us-east-1b",
              "kubernetes.io/cluster/eks-gitops-platform": "shared",
              "kubernetes.io/role/internal-elb": "1"
            },
            "tags_all": {
              "Environment": "prod",
              "ManagedBy": "terraform",
              "Mission": "Retail-Order-Processor",
              "Name": "eks-gitops-platform-private-us-east-1b",
              "Owner": "Patricio-Lumbenlengo",
              "Project": "eks-gitops-platform",
              "kubernetes.io/cluster/eks-gitops-platform": "shared",
              "kubernetes.io/role/internal-elb": "1"
            },
            "timeouts": null,
            "vpc_id": "vpc-04ac29ba194629fa3"
          },
          "sensitive_attributes": [],
          "private": "eyJlMmJmYjczMC1lY2FhLTExZTYtOGY4OC0zNDM2M2JjN2M0YzAiOnsiY3JlYXRlIjo2MDAwMDAwMDAwMDAsImRlbGV0ZSI6MTIwMDAwMDAwMDAwMH0sInNjaGVtYV92ZXJzaW9uIjoiMSJ9",
          "dependencies": [
            "data.aws_availability_zones.available",
            "module.networking.aws_vpc.this"
          ]
        },
        {
          "index_key": 2,
          "schema_version": 1,
          "attributes": {
            "arn": "arn:aws:ec2:us-east-1:962765734677:subnet/subnet-03cce689a7da348f5",
            "assign_ipv6_address_on_creation": false,
            "availability_zone": "us-east-1c",
            "availability_zone_id": "use1-az4",
            "cidr_block": "10.0.12.0/24",
            "customer_owned_ipv4_pool": "",
            "enable_dns64": false,
            "enable_lni_at_device_index": 0,
            "enable_resource_name_dns_a_record_on_launch": false,
            "enable_resource_name_dns_aaaa_record_on_launch": false,
            "id": "subnet-03cce689a7da348f5",
            "ipv6_cidr_block": "",
            "ipv6_cidr_block_association_id": "",
            "ipv6_native": false,
            "map_customer_owned_ip_on_launch": false,
            "map_public_ip_on_launch": false,
            "outpost_arn": "",
            "owner_id": "962765734677",
            "private_dns_hostname_type_on_launch": "ip-name",
            "tags": {
              "Name": "eks-gitops-platform-private-us-east-1c",
              "kubernetes.io/cluster/eks-gitops-platform": "shared",
              "kubernetes.io/role/internal-elb": "1"
            },
            "tags_all": {
              "Environment": "prod",
              "ManagedBy": "terraform",
              "Mission": "Retail-Order-Processor",
              "Name": "eks-gitops-platform-private-us-east-1c",
              "Owner": "Patricio-Lumbenlengo",
              "Project": "eks-gitops-platform",
              "kubernetes.io/cluster/eks-gitops-platform": "shared",
              "kubernetes.io/role/internal-elb": "1"
            },
            "timeouts": null,
            "vpc_id": "vpc-04ac29ba194629fa3"
          },
          "sensitive_attributes": [],
          "private": "eyJlMmJmYjczMC1lY2FhLTExZTYtOGY4OC0zNDM2M2JjN2M0YzAiOnsiY3JlYXRlIjo2MDAwMDAwMDAwMDAsImRlbGV0ZSI6MTIwMDAwMDAwMDAwMH0sInNjaGVtYV92ZXJzaW9uIjoiMSJ9",
          "dependencies": [
            "data.aws_availability_zones.available",
            "module.networking.aws_vpc.this"
          ]
        }
      ]
    },
    {
      "module": "module.networking",
      "mode": "managed",
      "type": "aws_subnet",
      "name": "public",
      "provider": "provider[\"registry.terraform.io/hashicorp/aws\"]",
      "instances": [
        {
          "index_key": 0,
          "schema_version": 1,
          "attributes": {
            "arn": "arn:aws:ec2:us-east-1:962765734677:subnet/subnet-03dc9931f39eb678b",
            "assign_ipv6_address_on_creation": false,
            "availability_zone": "us-east-1a",
            "availability_zone_id": "use1-az1",
            "cidr_block": "10.0.1.0/24",
            "customer_owned_ipv4_pool": "",
            "enable_dns64": false,
            "enable_lni_at_device_index": 0,
            "enable_resource_name_dns_a_record_on_launch": false,
            "enable_resource_name_dns_aaaa_record_on_launch": false,
            "id": "subnet-03dc9931f39eb678b",
            "ipv6_cidr_block": "",
            "ipv6_cidr_block_association_id": "",
            "ipv6_native": false,
            "map_customer_owned_ip_on_launch": false,
            "map_public_ip_on_launch": true,
            "outpost_arn": "",
            "owner_id": "962765734677",
            "private_dns_hostname_type_on_launch": "ip-name",
            "tags": {
              "Name": "eks-gitops-platform-public-us-east-1a",
              "kubernetes.io/cluster/eks-gitops-platform": "shared",
              "kubernetes.io/role/elb": "1"
            },
            "tags_all": {
              "Environment": "prod",
              "ManagedBy": "terraform",
              "Mission": "Retail-Order-Processor",
              "Name": "eks-gitops-platform-public-us-east-1a",
              "Owner": "Patricio-Lumbenlengo",
              "Project": "eks-gitops-platform",
              "kubernetes.io/cluster/eks-gitops-platform": "shared",
              "kubernetes.io/role/elb": "1"
            },
            "timeouts": null,
            "vpc_id": "vpc-04ac29ba194629fa3"
          },
          "sensitive_attributes": [],
          "private": "eyJlMmJmYjczMC1lY2FhLTExZTYtOGY4OC0zNDM2M2JjN2M0YzAiOnsiY3JlYXRlIjo2MDAwMDAwMDAwMDAsImRlbGV0ZSI6MTIwMDAwMDAwMDAwMH0sInNjaGVtYV92ZXJzaW9uIjoiMSJ9",
          "dependencies": [
            "data.aws_availability_zones.available",
            "module.networking.aws_vpc.this"
          ]
        },
        {
          "index_key": 1,
          "schema_version": 1,
          "attributes": {
            "arn": "arn:aws:ec2:us-east-1:962765734677:subnet/subnet-02296bfc02d7c9d8b",
            "assign_ipv6_address_on_creation": false,
            "availability_zone": "us-east-1b",
            "availability_zone_id": "use1-az2",
            "cidr_block": "10.0.2.0/24",
            "customer_owned_ipv4_pool": "",
            "enable_dns64": false,
            "enable_lni_at_device_index": 0,
            "enable_resource_name_dns_a_record_on_launch": false,
            "enable_resource_name_dns_aaaa_record_on_launch": false,
            "id": "subnet-02296bfc02d7c9d8b",
            "ipv6_cidr_block": "",
            "ipv6_cidr_block_association_id": "",
            "ipv6_native": false,
            "map_customer_owned_ip_on_launch": false,
            "map_public_ip_on_launch": true,
            "outpost_arn": "",
            "owner_id": "962765734677",
            "private_dns_hostname_type_on_launch": "ip-name",
            "tags": {
              "Name": "eks-gitops-platform-public-us-east-1b",
              "kubernetes.io/cluster/eks-gitops-platform": "shared",
              "kubernetes.io/role/elb": "1"
            },
            "tags_all": {
              "Environment": "prod",
              "ManagedBy": "terraform",
              "Mission": "Retail-Order-Processor",
              "Name": "eks-gitops-platform-public-us-east-1b",
              "Owner": "Patricio-Lumbenlengo",
              "Project": "eks-gitops-platform",
              "kubernetes.io/cluster/eks-gitops-platform": "shared",
              "kubernetes.io/role/elb": "1"
            },
            "timeouts": null,
            "vpc_id": "vpc-04ac29ba194629fa3"
          },
          "sensitive_attributes": [],
          "private": "eyJlMmJmYjczMC1lY2FhLTExZTYtOGY4OC0zNDM2M2JjN2M0YzAiOnsiY3JlYXRlIjo2MDAwMDAwMDAwMDAsImRlbGV0ZSI6MTIwMDAwMDAwMDAwMH0sInNjaGVtYV92ZXJzaW9uIjoiMSJ9",
          "dependencies": [
            "data.aws_availability_zones.available",
            "module.networking.aws_vpc.this"
          ]
        },
        {
          "index_key": 2,
          "schema_version": 1,
          "attributes": {
            "arn": "arn:aws:ec2:us-east-1:962765734677:subnet/subnet-016a206c0cf23b3b4",
            "assign_ipv6_address_on_creation": false,
            "availability_zone": "us-east-1c",
            "availability_zone_id": "use1-az4",
            "cidr_block": "10.0.3.0/24",
            "customer_owned_ipv4_pool": "",
            "enable_dns64": false,
            "enable_lni_at_device_index": 0,
            "enable_resource_name_dns_a_record_on_launch": false,
            "enable_resource_name_dns_aaaa_record_on_launch": false,
            "id": "subnet-016a206c0cf23b3b4",
            "ipv6_cidr_block": "",
            "ipv6_cidr_block_association_id": "",
            "ipv6_native": false,
            "map_customer_owned_ip_on_launch": false,
            "map_public_ip_on_launch": true,
            "outpost_arn": "",
            "owner_id": "962765734677",
            "private_dns_hostname_type_on_launch": "ip-name",
            "tags": {
              "Name": "eks-gitops-platform-public-us-east-1c",
              "kubernetes.io/cluster/eks-gitops-platform": "shared",
              "kubernetes.io/role/elb": "1"
            },
            "tags_all": {
              "Environment": "prod",
              "ManagedBy": "terraform",
              "Mission": "Retail-Order-Processor",
              "Name": "eks-gitops-platform-public-us-east-1c",
              "Owner": "Patricio-Lumbenlengo",
              "Project": "eks-gitops-platform",
              "kubernetes.io/cluster/eks-gitops-platform": "shared",
              "kubernetes.io/role/elb": "1"
            },
            "timeouts": null,
            "vpc_id": "vpc-04ac29ba194629fa3"
          },
          "sensitive_attributes": [],
          "private": "eyJlMmJmYjczMC1lY2FhLTExZTYtOGY4OC0zNDM2M2JjN2M0YzAiOnsiY3JlYXRlIjo2MDAwMDAwMDAwMDAsImRlbGV0ZSI6MTIwMDAwMDAwMDAwMH0sInNjaGVtYV92ZXJzaW9uIjoiMSJ9",
          "dependencies": [
            "data.aws_availability_zones.available",
            "module.networking.aws_vpc.this"
          ]
        }
      ]
    },
    {
      "module": "module.networking",
      "mode": "managed",
      "type": "aws_vpc",
      "name": "this",
      "provider": "provider[\"registry.terraform.io/hashicorp/aws\"]",
      "instances": [
        {
          "schema_version": 1,
          "attributes": {
            "arn": "arn:aws:ec2:us-east-1:962765734677:vpc/vpc-04ac29ba194629fa3",
            "assign_generated_ipv6_cidr_block": false,
            "cidr_block": "10.0.0.0/16",
            "default_network_acl_id": "acl-033f37fef8842541b",
            "default_route_table_id": "rtb-0f4e49d37aa00f49d",
            "default_security_group_id": "sg-0bc7ba379fdcfe4cf",
            "dhcp_options_id": "dopt-0b6dfd3ac9c91f6b6",
            "enable_dns_hostnames": true,
            "enable_dns_support": true,
            "enable_network_address_usage_metrics": false,
            "id": "vpc-04ac29ba194629fa3",
            "instance_tenancy": "default",
            "ipv4_ipam_pool_id": null,
            "ipv4_netmask_length": null,
            "ipv6_association_id": "",
            "ipv6_cidr_block": "",
            "ipv6_cidr_block_network_border_group": "",
            "ipv6_ipam_pool_id": "",
            "ipv6_netmask_length": 0,
            "main_route_table_id": "rtb-0f4e49d37aa00f49d",
            "owner_id": "962765734677",
            "tags": {
              "Name": "eks-gitops-platform-vpc",
              "kubernetes.io/cluster/eks-gitops-platform": "shared"
            },
            "tags_all": {
              "Environment": "prod",
              "ManagedBy": "terraform",
              "Mission": "Retail-Order-Processor",
              "Name": "eks-gitops-platform-vpc",
              "Owner": "Patricio-Lumbenlengo",
              "Project": "eks-gitops-platform",
              "kubernetes.io/cluster/eks-gitops-platform": "shared"
            }
          },
          "sensitive_attributes": [],
          "private": "eyJzY2hlbWFfdmVyc2lvbiI6IjEifQ=="
        }
      ]
    }
  ],
  "check_results": null
}
